// !$*UTF8*$!
{
	archiveVersion = 1;
	classes = {
	};
	objectVersion = 50;
	objects = {

/* Begin PBXBuildFile section */
		CE9FEBB224F2439B0029E036 /* Assets.xcassets in Resources */ = {isa = PBXBuildFile; fileRef = CE9FEBAE24F2439B0029E036 /* Assets.xcassets */; };
		CE9FEBB324F2439B0029E036 /* LaunchScreen.storyboard in Resources */ = {isa = PBXBuildFile; fileRef = CE9FEBAF24F2439B0029E036 /* LaunchScreen.storyboard */; };
		CE9FEBB424F2439B0029E036 /* main.m in Sources */ = {isa = PBXBuildFile; fileRef = CE9FEBB024F2439B0029E036 /* main.m */; };
		CED2DDEF25879D7D00810596 /* nref.cpp in Sources */ = {isa = PBXBuildFile; fileRef = CED2DD9E25879D7D00810596 /* nref.cpp */; };
		CED2DDF025879D7D00810596 /* nwidget.cpp in Sources */ = {isa = PBXBuildFile; fileRef = CED2DDA025879D7D00810596 /* nwidget.cpp */; };
		CED2DDF325879D7D00810596 /* nlaunch.c in Sources */ = {isa = PBXBuildFile; fileRef = CED2DDAE25879D7D00810596 /* nlaunch.c */; };
		CED2DDF825879D7D00810596 /* NIOSViewController.m in Sources */ = {isa = PBXBuildFile; fileRef = CED2DDBB25879D7D00810596 /* NIOSViewController.m */; };
		CED2DDF925879D7D00810596 /* NIOSAppDelegate.m in Sources */ = {isa = PBXBuildFile; fileRef = CED2DDBC25879D7D00810596 /* NIOSAppDelegate.m */; };
		CED2DDFC25879D7D00810596 /* launch.cpp in Sources */ = {isa = PBXBuildFile; fileRef = CED2DDCB25879D7D00810596 /* launch.cpp */; };
		CED2DDFD25879D7D00810596 /* nnumber.c in Sources */ = {isa = PBXBuildFile; fileRef = CED2DDCE25879D7D00810596 /* nnumber.c */; };
		CED2DDFE25879D7D00810596 /* niterator.c in Sources */ = {isa = PBXBuildFile; fileRef = CED2DDCF25879D7D00810596 /* niterator.c */; };
		CED2DDFF25879D7D00810596 /* nstring.c in Sources */ = {isa = PBXBuildFile; fileRef = CED2DDD325879D7D00810596 /* nstring.c */; };
		CED2DE0025879D7D00810596 /* ntable.c in Sources */ = {isa = PBXBuildFile; fileRef = CED2DDD425879D7D00810596 /* ntable.c */; };
		CED2DE0125879D7D00810596 /* nio.c in Sources */ = {isa = PBXBuildFile; fileRef = CED2DDD725879D7D00810596 /* nio.c */; };
		CED2DE0225879D7D00810596 /* narray.c in Sources */ = {isa = PBXBuildFile; fileRef = CED2DDD825879D7D00810596 /* narray.c */; };
		CED2DE0325879D7D00810596 /* nunicode.c in Sources */ = {isa = PBXBuildFile; fileRef = CED2DDDA25879D7D00810596 /* nunicode.c */; };
		CED2DE0425879D7D00810596 /* nmemory.c in Sources */ = {isa = PBXBuildFile; fileRef = CED2DDDB25879D7D00810596 /* nmemory.c */; };
		CED2DE0525879D7D00810596 /* naction.c in Sources */ = {isa = PBXBuildFile; fileRef = CED2DDDF25879D7D00810596 /* naction.c */; };
		CED2DE0625879D7D00810596 /* nenviron.c in Sources */ = {isa = PBXBuildFile; fileRef = CED2DDE025879D7D00810596 /* nenviron.c */; };
		CED2DE0725879D7D00810596 /* ntypes.c in Sources */ = {isa = PBXBuildFile; fileRef = CED2DDE125879D7D00810596 /* ntypes.c */; };
		CED2DE0825879D7D00810596 /* ndata.c in Sources */ = {isa = PBXBuildFile; fileRef = CED2DDE525879D7D00810596 /* ndata.c */; };
		CED2DE0925879D7D00810596 /* nlock.c in Sources */ = {isa = PBXBuildFile; fileRef = CED2DDE725879D7D00810596 /* nlock.c */; };
		CED2DE0A25879D7D00810596 /* nfuncs.cpp in Sources */ = {isa = PBXBuildFile; fileRef = CED2DDEE25879D7D00810596 /* nfuncs.cpp */; };
/* End PBXBuildFile section */

/* Begin PBXFileReference section */
		CE9FEB9124F243360029E036 /* xnative.app */ = {isa = PBXFileReference; explicitFileType = wrapper.application; includeInIndex = 0; path = xnative.app; sourceTree = BUILT_PRODUCTS_DIR; };
		CE9FEBAD24F2439B0029E036 /* Info.plist */ = {isa = PBXFileReference; fileEncoding = 4; lastKnownFileType = text.plist.xml; path = Info.plist; sourceTree = "<group>"; };
		CE9FEBAE24F2439B0029E036 /* Assets.xcassets */ = {isa = PBXFileReference; lastKnownFileType = folder.assetcatalog; path = Assets.xcassets; sourceTree = "<group>"; };
		CE9FEBAF24F2439B0029E036 /* LaunchScreen.storyboard */ = {isa = PBXFileReference; fileEncoding = 4; lastKnownFileType = file.storyboard; path = LaunchScreen.storyboard; sourceTree = "<group>"; };
		CE9FEBB024F2439B0029E036 /* main.m */ = {isa = PBXFileReference; fileEncoding = 4; lastKnownFileType = sourcecode.c.objc; path = main.m; sourceTree = "<group>"; };
		CED2DD9D25879D7D00810596 /* cplus.h */ = {isa = PBXFileReference; fileEncoding = 4; lastKnownFileType = sourcecode.c.h; path = cplus.h; sourceTree = "<group>"; };
		CED2DD9E25879D7D00810596 /* nref.cpp */ = {isa = PBXFileReference; fileEncoding = 4; lastKnownFileType = sourcecode.cpp.cpp; path = nref.cpp; sourceTree = "<group>"; };
		CED2DD9F25879D7D00810596 /* nwidget.h */ = {isa = PBXFileReference; fileEncoding = 4; lastKnownFileType = sourcecode.c.h; path = nwidget.h; sourceTree = "<group>"; };
		CED2DDA025879D7D00810596 /* nwidget.cpp */ = {isa = PBXFileReference; fileEncoding = 4; lastKnownFileType = sourcecode.cpp.cpp; path = nwidget.cpp; sourceTree = "<group>"; };
		CED2DDA125879D7D00810596 /* nref.h */ = {isa = PBXFileReference; fileEncoding = 4; lastKnownFileType = sourcecode.c.h; path = nref.h; sourceTree = "<group>"; };
		CED2DDAD25879D7D00810596 /* uidev.h */ = {isa = PBXFileReference; fileEncoding = 4; lastKnownFileType = sourcecode.c.h; path = uidev.h; sourceTree = "<group>"; };
		CED2DDAE25879D7D00810596 /* nlaunch.c */ = {isa = PBXFileReference; fileEncoding = 4; lastKnownFileType = sourcecode.c.c; path = nlaunch.c; sourceTree = "<group>"; };
		CED2DDAF25879D7D00810596 /* nlaunch.h */ = {isa = PBXFileReference; fileEncoding = 4; lastKnownFileType = sourcecode.c.h; path = nlaunch.h; sourceTree = "<group>"; };
		CED2DDBB25879D7D00810596 /* NIOSViewController.m */ = {isa = PBXFileReference; fileEncoding = 4; lastKnownFileType = sourcecode.c.objc; path = NIOSViewController.m; sourceTree = "<group>"; };
		CED2DDBC25879D7D00810596 /* NIOSAppDelegate.m */ = {isa = PBXFileReference; fileEncoding = 4; lastKnownFileType = sourcecode.c.objc; path = NIOSAppDelegate.m; sourceTree = "<group>"; };
		CED2DDBD25879D7D00810596 /* NIOSViewController.h */ = {isa = PBXFileReference; fileEncoding = 4; lastKnownFileType = sourcecode.c.h; path = NIOSViewController.h; sourceTree = "<group>"; };
		CED2DDBE25879D7D00810596 /* NIOSAppDelegate.h */ = {isa = PBXFileReference; fileEncoding = 4; lastKnownFileType = sourcecode.c.h; path = NIOSAppDelegate.h; sourceTree = "<group>"; };
		CED2DDCB25879D7D00810596 /* launch.cpp */ = {isa = PBXFileReference; fileEncoding = 4; lastKnownFileType = sourcecode.cpp.cpp; path = launch.cpp; sourceTree = "<group>"; };
		CED2DDCE25879D7D00810596 /* nnumber.c */ = {isa = PBXFileReference; fileEncoding = 4; lastKnownFileType = sourcecode.c.c; path = nnumber.c; sourceTree = "<group>"; };
		CED2DDCF25879D7D00810596 /* niterator.c */ = {isa = PBXFileReference; fileEncoding = 4; lastKnownFileType = sourcecode.c.c; path = niterator.c; sourceTree = "<group>"; };
		CED2DDD025879D7D00810596 /* basis.h */ = {isa = PBXFileReference; fileEncoding = 4; lastKnownFileType = sourcecode.c.h; path = basis.h; sourceTree = "<group>"; };
		CED2DDD125879D7D00810596 /* naction.h */ = {isa = PBXFileReference; fileEncoding = 4; lastKnownFileType = sourcecode.c.h; path = naction.h; sourceTree = "<group>"; };
		CED2DDD225879D7D00810596 /* nenviron.h */ = {isa = PBXFileReference; fileEncoding = 4; lastKnownFileType = sourcecode.c.h; path = nenviron.h; sourceTree = "<group>"; };
		CED2DDD325879D7D00810596 /* nstring.c */ = {isa = PBXFileReference; fileEncoding = 4; lastKnownFileType = sourcecode.c.c; path = nstring.c; sourceTree = "<group>"; };
		CED2DDD425879D7D00810596 /* ntable.c */ = {isa = PBXFileReference; fileEncoding = 4; lastKnownFileType = sourcecode.c.c; path = ntable.c; sourceTree = "<group>"; };
		CED2DDD525879D7D00810596 /* nlock.h */ = {isa = PBXFileReference; fileEncoding = 4; lastKnownFileType = sourcecode.c.h; path = nlock.h; sourceTree = "<group>"; };
		CED2DDD625879D7D00810596 /* ndata.h */ = {isa = PBXFileReference; fileEncoding = 4; lastKnownFileType = sourcecode.c.h; path = ndata.h; sourceTree = "<group>"; };
		CED2DDD725879D7D00810596 /* nio.c */ = {isa = PBXFileReference; fileEncoding = 4; lastKnownFileType = sourcecode.c.c; path = nio.c; sourceTree = "<group>"; };
		CED2DDD825879D7D00810596 /* narray.c */ = {isa = PBXFileReference; fileEncoding = 4; lastKnownFileType = sourcecode.c.c; path = narray.c; sourceTree = "<group>"; };
		CED2DDD925879D7D00810596 /* ntypes.h */ = {isa = PBXFileReference; fileEncoding = 4; lastKnownFileType = sourcecode.c.h; path = ntypes.h; sourceTree = "<group>"; };
		CED2DDDA25879D7D00810596 /* nunicode.c */ = {isa = PBXFileReference; fileEncoding = 4; lastKnownFileType = sourcecode.c.c; path = nunicode.c; sourceTree = "<group>"; };
		CED2DDDB25879D7D00810596 /* nmemory.c */ = {isa = PBXFileReference; fileEncoding = 4; lastKnownFileType = sourcecode.c.c; path = nmemory.c; sourceTree = "<group>"; };
		CED2DDDC25879D7D00810596 /* niterator.h */ = {isa = PBXFileReference; fileEncoding = 4; lastKnownFileType = sourcecode.c.h; path = niterator.h; sourceTree = "<group>"; };
		CED2DDDD25879D7D00810596 /* nnumber.h */ = {isa = PBXFileReference; fileEncoding = 4; lastKnownFileType = sourcecode.c.h; path = nnumber.h; sourceTree = "<group>"; };
		CED2DDDE25879D7D00810596 /* nstring.h */ = {isa = PBXFileReference; fileEncoding = 4; lastKnownFileType = sourcecode.c.h; path = nstring.h; sourceTree = "<group>"; };
		CED2DDDF25879D7D00810596 /* naction.c */ = {isa = PBXFileReference; fileEncoding = 4; lastKnownFileType = sourcecode.c.c; path = naction.c; sourceTree = "<group>"; };
		CED2DDE025879D7D00810596 /* nenviron.c */ = {isa = PBXFileReference; fileEncoding = 4; lastKnownFileType = sourcecode.c.c; path = nenviron.c; sourceTree = "<group>"; };
		CED2DDE125879D7D00810596 /* ntypes.c */ = {isa = PBXFileReference; fileEncoding = 4; lastKnownFileType = sourcecode.c.c; path = ntypes.c; sourceTree = "<group>"; };
		CED2DDE225879D7D00810596 /* nunicode.h */ = {isa = PBXFileReference; fileEncoding = 4; lastKnownFileType = sourcecode.c.h; path = nunicode.h; sourceTree = "<group>"; };
		CED2DDE325879D7D00810596 /* nio.h */ = {isa = PBXFileReference; fileEncoding = 4; lastKnownFileType = sourcecode.c.h; path = nio.h; sourceTree = "<group>"; };
		CED2DDE425879D7D00810596 /* narray.h */ = {isa = PBXFileReference; fileEncoding = 4; lastKnownFileType = sourcecode.c.h; path = narray.h; sourceTree = "<group>"; };
		CED2DDE525879D7D00810596 /* ndata.c */ = {isa = PBXFileReference; fileEncoding = 4; lastKnownFileType = sourcecode.c.c; path = ndata.c; sourceTree = "<group>"; };
		CED2DDE625879D7D00810596 /* ntable.h */ = {isa = PBXFileReference; fileEncoding = 4; lastKnownFileType = sourcecode.c.h; path = ntable.h; sourceTree = "<group>"; };
		CED2DDE725879D7D00810596 /* nlock.c */ = {isa = PBXFileReference; fileEncoding = 4; lastKnownFileType = sourcecode.c.c; path = nlock.c; sourceTree = "<group>"; };
		CED2DDE825879D7D00810596 /* nmemory.h */ = {isa = PBXFileReference; fileEncoding = 4; lastKnownFileType = sourcecode.c.h; path = nmemory.h; sourceTree = "<group>"; };
		CED2DDEB25879D7D00810596 /* cmeta.h */ = {isa = PBXFileReference; fileEncoding = 4; lastKnownFileType = sourcecode.c.h; path = cmeta.h; sourceTree = "<group>"; };
		CED2DDEC25879D7D00810596 /* NEXPORT.h */ = {isa = PBXFileReference; fileEncoding = 4; lastKnownFileType = sourcecode.c.h; path = NEXPORT.h; sourceTree = "<group>"; };
		CED2DDED25879D7D00810596 /* nfuncs.h */ = {isa = PBXFileReference; fileEncoding = 4; lastKnownFileType = sourcecode.c.h; path = nfuncs.h; sourceTree = "<group>"; };
		CED2DDEE25879D7D00810596 /* nfuncs.cpp */ = {isa = PBXFileReference; fileEncoding = 4; lastKnownFileType = sourcecode.cpp.cpp; path = nfuncs.cpp; sourceTree = "<group>"; };
/* End PBXFileReference section */

/* Begin PBXFrameworksBuildPhase section */
		CE9FEB8E24F243360029E036 /* Frameworks */ = {
			isa = PBXFrameworksBuildPhase;
			buildActionMask = 2147483647;
			files = (
			);
			runOnlyForDeploymentPostprocessing = 0;
		};
/* End PBXFrameworksBuildPhase section */

/* Begin PBXGroup section */
		CE9FEB8824F243360029E036 = {
			isa = PBXGroup;
			children = (
				CED2DD9A25879D7D00810596 /* appsrc */,
				CE9FEB9324F243360029E036 /* program */,
				CE9FEB9224F243360029E036 /* products */,
			);
			sourceTree = "<group>";
		};
		CE9FEB9224F243360029E036 /* products */ = {
			isa = PBXGroup;
			children = (
				CE9FEB9124F243360029E036 /* xnative.app */,
			);
			name = products;
			sourceTree = "<group>";
		};
		CE9FEB9324F243360029E036 /* program */ = {
			isa = PBXGroup;
			children = (
				CE9FEBAE24F2439B0029E036 /* Assets.xcassets */,
				CE9FEBAD24F2439B0029E036 /* Info.plist */,
				CE9FEBAF24F2439B0029E036 /* LaunchScreen.storyboard */,
				CE9FEBB024F2439B0029E036 /* main.m */,
			);
			path = program;
			sourceTree = "<group>";
		};
		CED2DD9A25879D7D00810596 /* appsrc */ = {
			isa = PBXGroup;
			children = (
				CED2DDCC25879D7D00810596 /* basis */,
				CED2DDE925879D7D00810596 /* cmeta */,
				CED2DD9B25879D7D00810596 /* cplus */,
				CED2DDC925879D7D00810596 /* main */,
				CED2DDA225879D7D00810596 /* uidev */,
			);
			name = appsrc;
			path = ../appsrc;
			sourceTree = "<group>";
		};
		CED2DD9B25879D7D00810596 /* cplus */ = {
			isa = PBXGroup;
			children = (
				CED2DD9C25879D7D00810596 /* cplus */,
			);
			path = cplus;
			sourceTree = "<group>";
		};
		CED2DD9C25879D7D00810596 /* cplus */ = {
			isa = PBXGroup;
			children = (
				CED2DD9D25879D7D00810596 /* cplus.h */,
				CED2DD9E25879D7D00810596 /* nref.cpp */,
				CED2DDA125879D7D00810596 /* nref.h */,
				CED2DDA025879D7D00810596 /* nwidget.cpp */,
				CED2DD9F25879D7D00810596 /* nwidget.h */,
			);
			path = cplus;
			sourceTree = "<group>";
		};
		CED2DDA225879D7D00810596 /* uidev */ = {
			isa = PBXGroup;
			children = (
				CED2DDAC25879D7D00810596 /* uidev */,
				CED2DDBA25879D7D00810596 /* uidev_ios */,
			);
			path = uidev;
			sourceTree = "<group>";
		};
		CED2DDAC25879D7D00810596 /* uidev */ = {
			isa = PBXGroup;
			children = (
				CED2DDAE25879D7D00810596 /* nlaunch.c */,
				CED2DDAF25879D7D00810596 /* nlaunch.h */,
				CED2DDAD25879D7D00810596 /* uidev.h */,
			);
			path = uidev;
			sourceTree = "<group>";
		};
		CED2DDBA25879D7D00810596 /* uidev_ios */ = {
			isa = PBXGroup;
			children = (
				CED2DDBE25879D7D00810596 /* NIOSAppDelegate.h */,
				CED2DDBC25879D7D00810596 /* NIOSAppDelegate.m */,
				CED2DDBD25879D7D00810596 /* NIOSViewController.h */,
				CED2DDBB25879D7D00810596 /* NIOSViewController.m */,
			);
			path = uidev_ios;
			sourceTree = "<group>";
		};
		CED2DDC925879D7D00810596 /* main */ = {
			isa = PBXGroup;
			children = (
				CED2DDCA25879D7D00810596 /* main */,
			);
			path = main;
			sourceTree = "<group>";
		};
		CED2DDCA25879D7D00810596 /* main */ = {
			isa = PBXGroup;
			children = (
				CED2DDCB25879D7D00810596 /* launch.cpp */,
			);
			path = main;
			sourceTree = "<group>";
		};
		CED2DDCC25879D7D00810596 /* basis */ = {
			isa = PBXGroup;
			children = (
				CED2DDCD25879D7D00810596 /* basis */,
			);
			path = basis;
			sourceTree = "<group>";
		};
		CED2DDCD25879D7D00810596 /* basis */ = {
			isa = PBXGroup;
			children = (
				CED2DDD025879D7D00810596 /* basis.h */,
				CED2DDDF25879D7D00810596 /* naction.c */,
				CED2DDD125879D7D00810596 /* naction.h */,
				CED2DDD825879D7D00810596 /* narray.c */,
				CED2DDE425879D7D00810596 /* narray.h */,
				CED2DDE525879D7D00810596 /* ndata.c */,
				CED2DDD625879D7D00810596 /* ndata.h */,
				CED2DDE025879D7D00810596 /* nenviron.c */,
				CED2DDD225879D7D00810596 /* nenviron.h */,
				CED2DDD725879D7D00810596 /* nio.c */,
				CED2DDE325879D7D00810596 /* nio.h */,
				CED2DDCF25879D7D00810596 /* niterator.c */,
				CED2DDDC25879D7D00810596 /* niterator.h */,
				CED2DDE725879D7D00810596 /* nlock.c */,
				CED2DDD525879D7D00810596 /* nlock.h */,
				CED2DDDB25879D7D00810596 /* nmemory.c */,
				CED2DDE825879D7D00810596 /* nmemory.h */,
				CED2DDCE25879D7D00810596 /* nnumber.c */,
				CED2DDDD25879D7D00810596 /* nnumber.h */,
				CED2DDD325879D7D00810596 /* nstring.c */,
				CED2DDDE25879D7D00810596 /* nstring.h */,
				CED2DDD425879D7D00810596 /* ntable.c */,
				CED2DDE625879D7D00810596 /* ntable.h */,
				CED2DDE125879D7D00810596 /* ntypes.c */,
				CED2DDD925879D7D00810596 /* ntypes.h */,
				CED2DDDA25879D7D00810596 /* nunicode.c */,
				CED2DDE225879D7D00810596 /* nunicode.h */,
			);
			path = basis;
			sourceTree = "<group>";
		};
		CED2DDE925879D7D00810596 /* cmeta */ = {
			isa = PBXGroup;
			children = (
				CED2DDEA25879D7D00810596 /* cmeta */,
			);
			path = cmeta;
			sourceTree = "<group>";
		};
		CED2DDEA25879D7D00810596 /* cmeta */ = {
			isa = PBXGroup;
			children = (
				CED2DDEB25879D7D00810596 /* cmeta.h */,
				CED2DDEC25879D7D00810596 /* NEXPORT.h */,
				CED2DDEE25879D7D00810596 /* nfuncs.cpp */,
				CED2DDED25879D7D00810596 /* nfuncs.h */,
			);
			path = cmeta;
			sourceTree = "<group>";
		};
/* End PBXGroup section */

/* Begin PBXNativeTarget section */
		CE9FEB9024F243360029E036 /* program */ = {
			isa = PBXNativeTarget;
			buildConfigurationList = CE9FEBAA24F243360029E036 /* Build configuration list for PBXNativeTarget "program" */;
			buildPhases = (
				CE9FEB8D24F243360029E036 /* Sources */,
				CE9FEB8E24F243360029E036 /* Frameworks */,
				CE9FEB8F24F243360029E036 /* Resources */,
			);
			buildRules = (
			);
			dependencies = (
			);
			name = program;
			productName = program;
			productReference = CE9FEB9124F243360029E036 /* xnative.app */;
			productType = "com.apple.product-type.application";
		};
/* End PBXNativeTarget section */

/* Begin PBXProject section */
		CE9FEB8924F243360029E036 /* Project object */ = {
			isa = PBXProject;
			attributes = {
				LastUpgradeCheck = 1200;
				ORGANIZATIONNAME = wzsayiie;
				TargetAttributes = {
					CE9FEB9024F243360029E036 = {
						CreatedOnToolsVersion = 11.6;
					};
				};
			};
			buildConfigurationList = CE9FEB8C24F243360029E036 /* Build configuration list for PBXProject "program_ios" */;
			compatibilityVersion = "Xcode 9.3";
			developmentRegion = en;
			hasScannedForEncodings = 0;
			knownRegions = (
				en,
				Base,
			);
			mainGroup = CE9FEB8824F243360029E036;
			productRefGroup = CE9FEB9224F243360029E036 /* products */;
			projectDirPath = "";
			projectRoot = "";
			targets = (
				CE9FEB9024F243360029E036 /* program */,
			);
		};
/* End PBXProject section */

/* Begin PBXResourcesBuildPhase section */
		CE9FEB8F24F243360029E036 /* Resources */ = {
			isa = PBXResourcesBuildPhase;
			buildActionMask = 2147483647;
			files = (
				CE9FEBB324F2439B0029E036 /* LaunchScreen.storyboard in Resources */,
				CE9FEBB224F2439B0029E036 /* Assets.xcassets in Resources */,
			);
			runOnlyForDeploymentPostprocessing = 0;
		};
/* End PBXResourcesBuildPhase section */

/* Begin PBXSourcesBuildPhase section */
		CE9FEB8D24F243360029E036 /* Sources */ = {
			isa = PBXSourcesBuildPhase;
			buildActionMask = 2147483647;
			files = (
				CED2DE0125879D7D00810596 /* nio.c in Sources */,
				CED2DDFD25879D7D00810596 /* nnumber.c in Sources */,
				CED2DE0325879D7D00810596 /* nunicode.c in Sources */,
				CED2DE0625879D7D00810596 /* nenviron.c in Sources */,
				CED2DDF925879D7D00810596 /* NIOSAppDelegate.m in Sources */,
				CED2DE0525879D7D00810596 /* naction.c in Sources */,
				CED2DDF025879D7D00810596 /* nwidget.cpp in Sources */,
				CED2DE0025879D7D00810596 /* ntable.c in Sources */,
				CED2DDFC25879D7D00810596 /* launch.cpp in Sources */,
				CED2DE0A25879D7D00810596 /* nfuncs.cpp in Sources */,
				CED2DDEF25879D7D00810596 /* nref.cpp in Sources */,
				CED2DDFF25879D7D00810596 /* nstring.c in Sources */,
				CED2DE0925879D7D00810596 /* nlock.c in Sources */,
				CED2DDF325879D7D00810596 /* nlaunch.c in Sources */,
				CED2DE0725879D7D00810596 /* ntypes.c in Sources */,
				CE9FEBB424F2439B0029E036 /* main.m in Sources */,
				CED2DE0825879D7D00810596 /* ndata.c in Sources */,
				CED2DE0425879D7D00810596 /* nmemory.c in Sources */,
				CED2DDF825879D7D00810596 /* NIOSViewController.m in Sources */,
				CED2DE0225879D7D00810596 /* narray.c in Sources */,
				CED2DDFE25879D7D00810596 /* niterator.c in Sources */,
			);
			runOnlyForDeploymentPostprocessing = 0;
		};
/* End PBXSourcesBuildPhase section */

/* Begin XCBuildConfiguration section */
		CE9FEBA824F243360029E036 /* Debug */ = {
			isa = XCBuildConfiguration;
			buildSettings = {
				ALWAYS_SEARCH_USER_PATHS = NO;
				CLANG_ANALYZER_NONNULL = YES;
				CLANG_ANALYZER_NUMBER_OBJECT_CONVERSION = YES_AGGRESSIVE;
				CLANG_CXX_LANGUAGE_STANDARD = "gnu++14";
				CLANG_CXX_LIBRARY = "libc++";
				CLANG_ENABLE_MODULES = YES;
				CLANG_ENABLE_OBJC_ARC = YES;
				CLANG_ENABLE_OBJC_WEAK = YES;
				CLANG_WARN_BLOCK_CAPTURE_AUTORELEASING = YES;
				CLANG_WARN_BOOL_CONVERSION = YES;
				CLANG_WARN_COMMA = YES;
				CLANG_WARN_CONSTANT_CONVERSION = YES;
				CLANG_WARN_DEPRECATED_OBJC_IMPLEMENTATIONS = YES;
				CLANG_WARN_DIRECT_OBJC_ISA_USAGE = YES_ERROR;
				CLANG_WARN_DOCUMENTATION_COMMENTS = YES;
				CLANG_WARN_EMPTY_BODY = YES;
				CLANG_WARN_ENUM_CONVERSION = YES;
				CLANG_WARN_INFINITE_RECURSION = YES;
				CLANG_WARN_INT_CONVERSION = YES;
				CLANG_WARN_NON_LITERAL_NULL_CONVERSION = YES;
				CLANG_WARN_OBJC_IMPLICIT_RETAIN_SELF = YES;
				CLANG_WARN_OBJC_LITERAL_CONVERSION = YES;
				CLANG_WARN_OBJC_ROOT_CLASS = YES_ERROR;
				CLANG_WARN_QUOTED_INCLUDE_IN_FRAMEWORK_HEADER = YES;
				CLANG_WARN_RANGE_LOOP_ANALYSIS = YES;
				CLANG_WARN_STRICT_PROTOTYPES = YES;
				CLANG_WARN_SUSPICIOUS_MOVE = YES;
				CLANG_WARN_UNGUARDED_AVAILABILITY = YES_AGGRESSIVE;
				CLANG_WARN_UNREACHABLE_CODE = YES;
				CLANG_WARN__DUPLICATE_METHOD_MATCH = YES;
				COPY_PHASE_STRIP = NO;
				DEBUG_INFORMATION_FORMAT = dwarf;
				DEVELOPMENT_TEAM = C7Z95JWD4Y;
				ENABLE_STRICT_OBJC_MSGSEND = YES;
				ENABLE_TESTABILITY = YES;
				GCC_C_LANGUAGE_STANDARD = gnu11;
				GCC_DYNAMIC_NO_PIC = NO;
				GCC_NO_COMMON_BLOCKS = YES;
				GCC_OPTIMIZATION_LEVEL = 0;
				GCC_PREPROCESSOR_DEFINITIONS = (
					"DEBUG=1",
					"$(inherited)",
				);
				GCC_WARN_64_TO_32_BIT_CONVERSION = YES;
				GCC_WARN_ABOUT_RETURN_TYPE = YES_ERROR;
				GCC_WARN_UNDECLARED_SELECTOR = YES;
				GCC_WARN_UNINITIALIZED_AUTOS = YES_AGGRESSIVE;
				GCC_WARN_UNUSED_FUNCTION = YES;
				GCC_WARN_UNUSED_VARIABLE = YES;
				IPHONEOS_DEPLOYMENT_TARGET = 14.0;
				MTL_ENABLE_DEBUG_INFO = INCLUDE_SOURCE;
				MTL_FAST_MATH = YES;
				ONLY_ACTIVE_ARCH = YES;
				SDKROOT = iphoneos;
			};
			name = Debug;
		};
		CE9FEBA924F243360029E036 /* Release */ = {
			isa = XCBuildConfiguration;
			buildSettings = {
				ALWAYS_SEARCH_USER_PATHS = NO;
				CLANG_ANALYZER_NONNULL = YES;
				CLANG_ANALYZER_NUMBER_OBJECT_CONVERSION = YES_AGGRESSIVE;
				CLANG_CXX_LANGUAGE_STANDARD = "gnu++14";
				CLANG_CXX_LIBRARY = "libc++";
				CLANG_ENABLE_MODULES = YES;
				CLANG_ENABLE_OBJC_ARC = YES;
				CLANG_ENABLE_OBJC_WEAK = YES;
				CLANG_WARN_BLOCK_CAPTURE_AUTORELEASING = YES;
				CLANG_WARN_BOOL_CONVERSION = YES;
				CLANG_WARN_COMMA = YES;
				CLANG_WARN_CONSTANT_CONVERSION = YES;
				CLANG_WARN_DEPRECATED_OBJC_IMPLEMENTATIONS = YES;
				CLANG_WARN_DIRECT_OBJC_ISA_USAGE = YES_ERROR;
				CLANG_WARN_DOCUMENTATION_COMMENTS = YES;
				CLANG_WARN_EMPTY_BODY = YES;
				CLANG_WARN_ENUM_CONVERSION = YES;
				CLANG_WARN_INFINITE_RECURSION = YES;
				CLANG_WARN_INT_CONVERSION = YES;
				CLANG_WARN_NON_LITERAL_NULL_CONVERSION = YES;
				CLANG_WARN_OBJC_IMPLICIT_RETAIN_SELF = YES;
				CLANG_WARN_OBJC_LITERAL_CONVERSION = YES;
				CLANG_WARN_OBJC_ROOT_CLASS = YES_ERROR;
				CLANG_WARN_QUOTED_INCLUDE_IN_FRAMEWORK_HEADER = YES;
				CLANG_WARN_RANGE_LOOP_ANALYSIS = YES;
				CLANG_WARN_STRICT_PROTOTYPES = YES;
				CLANG_WARN_SUSPICIOUS_MOVE = YES;
				CLANG_WARN_UNGUARDED_AVAILABILITY = YES_AGGRESSIVE;
				CLANG_WARN_UNREACHABLE_CODE = YES;
				CLANG_WARN__DUPLICATE_METHOD_MATCH = YES;
				COPY_PHASE_STRIP = NO;
				DEBUG_INFORMATION_FORMAT = "dwarf-with-dsym";
				DEVELOPMENT_TEAM = C7Z95JWD4Y;
				ENABLE_NS_ASSERTIONS = NO;
				ENABLE_STRICT_OBJC_MSGSEND = YES;
				GCC_C_LANGUAGE_STANDARD = gnu11;
				GCC_NO_COMMON_BLOCKS = YES;
				GCC_WARN_64_TO_32_BIT_CONVERSION = YES;
				GCC_WARN_ABOUT_RETURN_TYPE = YES_ERROR;
				GCC_WARN_UNDECLARED_SELECTOR = YES;
				GCC_WARN_UNINITIALIZED_AUTOS = YES_AGGRESSIVE;
				GCC_WARN_UNUSED_FUNCTION = YES;
				GCC_WARN_UNUSED_VARIABLE = YES;
				IPHONEOS_DEPLOYMENT_TARGET = 14.0;
				MTL_ENABLE_DEBUG_INFO = NO;
				MTL_FAST_MATH = YES;
				SDKROOT = iphoneos;
				VALIDATE_PRODUCT = YES;
			};
			name = Release;
		};
		CE9FEBAB24F243360029E036 /* Debug */ = {
			isa = XCBuildConfiguration;
			buildSettings = {
				ASSETCATALOG_COMPILER_APPICON_NAME = AppIcon;
				CODE_SIGN_STYLE = Automatic;
				HEADER_SEARCH_PATHS = "$(SRCROOT)/../HEADERS";
				INFOPLIST_FILE = program/Info.plist;
				LD_RUNPATH_SEARCH_PATHS = (
					"$(inherited)",
					"@executable_path/Frameworks",
				);
				PRODUCT_BUNDLE_IDENTIFIER = me.wzsayiie.app.ios;
				PRODUCT_NAME = xnative;
				TARGETED_DEVICE_FAMILY = "1,2";
			};
			name = Debug;
		};
		CE9FEBAC24F243360029E036 /* Release */ = {
			isa = XCBuildConfiguration;
			buildSettings = {
				ASSETCATALOG_COMPILER_APPICON_NAME = AppIcon;
				CODE_SIGN_STYLE = Automatic;
				HEADER_SEARCH_PATHS = "$(SRCROOT)/../HEADERS";
				INFOPLIST_FILE = program/Info.plist;
				LD_RUNPATH_SEARCH_PATHS = (
					"$(inherited)",
					"@executable_path/Frameworks",
				);
				PRODUCT_BUNDLE_IDENTIFIER = me.wzsayiie.app.ios;
				PRODUCT_NAME = xnative;
				TARGETED_DEVICE_FAMILY = "1,2";
			};
			name = Release;
		};
/* End XCBuildConfiguration section */

/* Begin XCConfigurationList section */
		CE9FEB8C24F243360029E036 /* Build configuration list for PBXProject "program_ios" */ = {
			isa = XCConfigurationList;
			buildConfigurations = (
				CE9FEBA824F243360029E036 /* Debug */,
				CE9FEBA924F243360029E036 /* Release */,
			);
			defaultConfigurationIsVisible = 0;
			defaultConfigurationName = Release;
		};
		CE9FEBAA24F243360029E036 /* Build configuration list for PBXNativeTarget "program" */ = {
			isa = XCConfigurationList;
			buildConfigurations = (
				CE9FEBAB24F243360029E036 /* Debug */,
				CE9FEBAC24F243360029E036 /* Release */,
			);
			defaultConfigurationIsVisible = 0;
			defaultConfigurationName = Release;
		};
/* End XCConfigurationList section */
	};
	rootObject = CE9FEB8924F243360029E036 /* Project object */;
}
