// !$*UTF8*$!
{
	archiveVersion = 1;
	classes = {
	};
	objectVersion = 50;
	objects = {

/* Begin PBXBuildFile section */
		CE037A0324F2444C0047FE7E /* craise.c in Sources */ = {isa = PBXBuildFile; fileRef = CE0379EA24F2444C0047FE7E /* craise.c */; };
		CE037A0624F2444C0047FE7E /* uidev.c in Sources */ = {isa = PBXBuildFile; fileRef = CE0379F724F2444C0047FE7E /* uidev.c */; };
		CE037A0824F2444C0047FE7E /* UDIAppDelegate.m in Sources */ = {isa = PBXBuildFile; fileRef = CE0379FC24F2444C0047FE7E /* UDIAppDelegate.m */; };
		CE037A0924F2444C0047FE7E /* UDIViewController.m in Sources */ = {isa = PBXBuildFile; fileRef = CE0379FD24F2444C0047FE7E /* UDIViewController.m */; };
		CE037A0A24F2444C0047FE7E /* main.c in Sources */ = {isa = PBXBuildFile; fileRef = CE037A0224F2444C0047FE7E /* main.c */; };
		CE0C68622514F08B00E2EF31 /* cobj.c in Sources */ = {isa = PBXBuildFile; fileRef = CE0C68602514F08A00E2EF31 /* cobj.c */; };
		CE0DE6E82526F4E900C02BE9 /* cval.c in Sources */ = {isa = PBXBuildFile; fileRef = CE0DE6E62526F4E900C02BE9 /* cval.c */; };
		CE5883942520D7560020A436 /* imap.c in Sources */ = {isa = PBXBuildFile; fileRef = CE5883822520D7550020A436 /* imap.c */; };
		CE5883952520D7560020A436 /* cont.c in Sources */ = {isa = PBXBuildFile; fileRef = CE5883832520D7550020A436 /* cont.c */; };
		CE5883962520D7560020A436 /* rbtree.c in Sources */ = {isa = PBXBuildFile; fileRef = CE5883882520D7550020A436 /* rbtree.c */; };
		CE5883972520D7560020A436 /* hashmap.c in Sources */ = {isa = PBXBuildFile; fileRef = CE5883892520D7550020A436 /* hashmap.c */; };
		CE5883982520D7560020A436 /* dearray.c in Sources */ = {isa = PBXBuildFile; fileRef = CE58838A2520D7550020A436 /* dearray.c */; };
		CE5883992520D7560020A436 /* smap.c in Sources */ = {isa = PBXBuildFile; fileRef = CE58838D2520D7550020A436 /* smap.c */; };
		CE58839A2520D7560020A436 /* clist.c in Sources */ = {isa = PBXBuildFile; fileRef = CE58838F2520D7560020A436 /* clist.c */; };
		CE58839B2520D7560020A436 /* pod.c in Sources */ = {isa = PBXBuildFile; fileRef = CE5883912520D7560020A436 /* pod.c */; };
		CE58839C2520D7560020A436 /* cstr.c in Sources */ = {isa = PBXBuildFile; fileRef = CE5883932520D7560020A436 /* cstr.c */; };
		CE9FEBB224F2439B0029E036 /* Assets.xcassets in Resources */ = {isa = PBXBuildFile; fileRef = CE9FEBAE24F2439B0029E036 /* Assets.xcassets */; };
		CE9FEBB324F2439B0029E036 /* LaunchScreen.storyboard in Resources */ = {isa = PBXBuildFile; fileRef = CE9FEBAF24F2439B0029E036 /* LaunchScreen.storyboard */; };
		CE9FEBB424F2439B0029E036 /* main.m in Sources */ = {isa = PBXBuildFile; fileRef = CE9FEBB024F2439B0029E036 /* main.m */; };
		CED576F724FB762000278C95 /* macro.c in Sources */ = {isa = PBXBuildFile; fileRef = CED576F224FB761F00278C95 /* macro.c */; };
		CED576FC24FB763300278C95 /* wnd.c in Sources */ = {isa = PBXBuildFile; fileRef = CED576F824FB763300278C95 /* wnd.c */; };
		CED576FD24FB763300278C95 /* entry.c in Sources */ = {isa = PBXBuildFile; fileRef = CED576F924FB763300278C95 /* entry.c */; };
		CEF9F67724FB9B8B0058E8D1 /* io.c in Sources */ = {isa = PBXBuildFile; fileRef = CEF9F67524FB9B8B0058E8D1 /* io.c */; };
/* End PBXBuildFile section */

/* Begin PBXFileReference section */
		CE0379E924F2444C0047FE7E /* craise.h */ = {isa = PBXFileReference; fileEncoding = 4; lastKnownFileType = sourcecode.c.h; path = craise.h; sourceTree = "<group>"; };
		CE0379EA24F2444C0047FE7E /* craise.c */ = {isa = PBXFileReference; fileEncoding = 4; lastKnownFileType = sourcecode.c.c; path = craise.c; sourceTree = "<group>"; };
		CE0379F624F2444C0047FE7E /* uidev.h */ = {isa = PBXFileReference; fileEncoding = 4; lastKnownFileType = sourcecode.c.h; path = uidev.h; sourceTree = "<group>"; };
		CE0379F724F2444C0047FE7E /* uidev.c */ = {isa = PBXFileReference; fileEncoding = 4; lastKnownFileType = sourcecode.c.c; path = uidev.c; sourceTree = "<group>"; };
		CE0379FC24F2444C0047FE7E /* UDIAppDelegate.m */ = {isa = PBXFileReference; fileEncoding = 4; lastKnownFileType = sourcecode.c.objc; path = UDIAppDelegate.m; sourceTree = "<group>"; };
		CE0379FD24F2444C0047FE7E /* UDIViewController.m */ = {isa = PBXFileReference; fileEncoding = 4; lastKnownFileType = sourcecode.c.objc; path = UDIViewController.m; sourceTree = "<group>"; };
		CE0379FE24F2444C0047FE7E /* UDIViewController.h */ = {isa = PBXFileReference; fileEncoding = 4; lastKnownFileType = sourcecode.c.h; path = UDIViewController.h; sourceTree = "<group>"; };
		CE0379FF24F2444C0047FE7E /* UDIAppDelegate.h */ = {isa = PBXFileReference; fileEncoding = 4; lastKnownFileType = sourcecode.c.h; path = UDIAppDelegate.h; sourceTree = "<group>"; };
		CE037A0224F2444C0047FE7E /* main.c */ = {isa = PBXFileReference; fileEncoding = 4; lastKnownFileType = sourcecode.c.c; path = main.c; sourceTree = "<group>"; };
		CE0C68602514F08A00E2EF31 /* cobj.c */ = {isa = PBXFileReference; fileEncoding = 4; lastKnownFileType = sourcecode.c.c; path = cobj.c; sourceTree = "<group>"; };
		CE0C68612514F08A00E2EF31 /* cobj.h */ = {isa = PBXFileReference; fileEncoding = 4; lastKnownFileType = sourcecode.c.h; path = cobj.h; sourceTree = "<group>"; };
		CE0DE6E62526F4E900C02BE9 /* cval.c */ = {isa = PBXFileReference; fileEncoding = 4; lastKnownFileType = sourcecode.c.c; path = cval.c; sourceTree = "<group>"; };
		CE0DE6E72526F4E900C02BE9 /* cval.h */ = {isa = PBXFileReference; fileEncoding = 4; lastKnownFileType = sourcecode.c.h; path = cval.h; sourceTree = "<group>"; };
		CE5883822520D7550020A436 /* imap.c */ = {isa = PBXFileReference; fileEncoding = 4; lastKnownFileType = sourcecode.c.c; path = imap.c; sourceTree = "<group>"; };
		CE5883832520D7550020A436 /* cont.c */ = {isa = PBXFileReference; fileEncoding = 4; lastKnownFileType = sourcecode.c.c; path = cont.c; sourceTree = "<group>"; };
		CE5883842520D7550020A436 /* clist.h */ = {isa = PBXFileReference; fileEncoding = 4; lastKnownFileType = sourcecode.c.h; path = clist.h; sourceTree = "<group>"; };
		CE5883852520D7550020A436 /* smap.h */ = {isa = PBXFileReference; fileEncoding = 4; lastKnownFileType = sourcecode.c.h; path = smap.h; sourceTree = "<group>"; };
		CE5883862520D7550020A436 /* imap.h */ = {isa = PBXFileReference; fileEncoding = 4; lastKnownFileType = sourcecode.c.h; path = imap.h; sourceTree = "<group>"; };
		CE5883872520D7550020A436 /* dearray.h */ = {isa = PBXFileReference; fileEncoding = 4; lastKnownFileType = sourcecode.c.h; path = dearray.h; sourceTree = "<group>"; };
		CE5883882520D7550020A436 /* rbtree.c */ = {isa = PBXFileReference; fileEncoding = 4; lastKnownFileType = sourcecode.c.c; path = rbtree.c; sourceTree = "<group>"; };
		CE5883892520D7550020A436 /* hashmap.c */ = {isa = PBXFileReference; fileEncoding = 4; lastKnownFileType = sourcecode.c.c; path = hashmap.c; sourceTree = "<group>"; };
		CE58838A2520D7550020A436 /* dearray.c */ = {isa = PBXFileReference; fileEncoding = 4; lastKnownFileType = sourcecode.c.c; path = dearray.c; sourceTree = "<group>"; };
		CE58838B2520D7550020A436 /* cont.h */ = {isa = PBXFileReference; fileEncoding = 4; lastKnownFileType = sourcecode.c.h; path = cont.h; sourceTree = "<group>"; };
		CE58838C2520D7550020A436 /* cstr.h */ = {isa = PBXFileReference; fileEncoding = 4; lastKnownFileType = sourcecode.c.h; path = cstr.h; sourceTree = "<group>"; };
		CE58838D2520D7550020A436 /* smap.c */ = {isa = PBXFileReference; fileEncoding = 4; lastKnownFileType = sourcecode.c.c; path = smap.c; sourceTree = "<group>"; };
		CE58838E2520D7560020A436 /* hashmap.h */ = {isa = PBXFileReference; fileEncoding = 4; lastKnownFileType = sourcecode.c.h; path = hashmap.h; sourceTree = "<group>"; };
		CE58838F2520D7560020A436 /* clist.c */ = {isa = PBXFileReference; fileEncoding = 4; lastKnownFileType = sourcecode.c.c; path = clist.c; sourceTree = "<group>"; };
		CE5883902520D7560020A436 /* rbtree.h */ = {isa = PBXFileReference; fileEncoding = 4; lastKnownFileType = sourcecode.c.h; path = rbtree.h; sourceTree = "<group>"; };
		CE5883912520D7560020A436 /* pod.c */ = {isa = PBXFileReference; fileEncoding = 4; lastKnownFileType = sourcecode.c.c; path = pod.c; sourceTree = "<group>"; };
		CE5883922520D7560020A436 /* pod.h */ = {isa = PBXFileReference; fileEncoding = 4; lastKnownFileType = sourcecode.c.h; path = pod.h; sourceTree = "<group>"; };
		CE5883932520D7560020A436 /* cstr.c */ = {isa = PBXFileReference; fileEncoding = 4; lastKnownFileType = sourcecode.c.c; path = cstr.c; sourceTree = "<group>"; };
		CE9FEB9124F243360029E036 /* xnative.app */ = {isa = PBXFileReference; explicitFileType = wrapper.application; includeInIndex = 0; path = xnative.app; sourceTree = BUILT_PRODUCTS_DIR; };
		CE9FEBAD24F2439B0029E036 /* Info.plist */ = {isa = PBXFileReference; fileEncoding = 4; lastKnownFileType = text.plist.xml; path = Info.plist; sourceTree = "<group>"; };
		CE9FEBAE24F2439B0029E036 /* Assets.xcassets */ = {isa = PBXFileReference; lastKnownFileType = folder.assetcatalog; path = Assets.xcassets; sourceTree = "<group>"; };
		CE9FEBAF24F2439B0029E036 /* LaunchScreen.storyboard */ = {isa = PBXFileReference; fileEncoding = 4; lastKnownFileType = file.storyboard; path = LaunchScreen.storyboard; sourceTree = "<group>"; };
		CE9FEBB024F2439B0029E036 /* main.m */ = {isa = PBXFileReference; fileEncoding = 4; lastKnownFileType = sourcecode.c.objc; path = main.m; sourceTree = "<group>"; };
		CED576F024FB761F00278C95 /* macro.h */ = {isa = PBXFileReference; fileEncoding = 4; lastKnownFileType = sourcecode.c.h; path = macro.h; sourceTree = "<group>"; };
		CED576F224FB761F00278C95 /* macro.c */ = {isa = PBXFileReference; fileEncoding = 4; lastKnownFileType = sourcecode.c.c; path = macro.c; sourceTree = "<group>"; };
		CED576F824FB763300278C95 /* wnd.c */ = {isa = PBXFileReference; fileEncoding = 4; lastKnownFileType = sourcecode.c.c; path = wnd.c; sourceTree = "<group>"; };
		CED576F924FB763300278C95 /* entry.c */ = {isa = PBXFileReference; fileEncoding = 4; lastKnownFileType = sourcecode.c.c; path = entry.c; sourceTree = "<group>"; };
		CED576FA24FB763300278C95 /* wnd.h */ = {isa = PBXFileReference; fileEncoding = 4; lastKnownFileType = sourcecode.c.h; path = wnd.h; sourceTree = "<group>"; };
		CED576FB24FB763300278C95 /* entry.h */ = {isa = PBXFileReference; fileEncoding = 4; lastKnownFileType = sourcecode.c.h; path = entry.h; sourceTree = "<group>"; };
		CEF9F67524FB9B8B0058E8D1 /* io.c */ = {isa = PBXFileReference; fileEncoding = 4; lastKnownFileType = sourcecode.c.c; path = io.c; sourceTree = "<group>"; };
		CEF9F67624FB9B8B0058E8D1 /* io.h */ = {isa = PBXFileReference; fileEncoding = 4; lastKnownFileType = sourcecode.c.h; path = io.h; sourceTree = "<group>"; };
/* End PBXFileReference section */

/* Begin PBXFrameworksBuildPhase section */
		CE9FEB8E24F243360029E036 /* Frameworks */ = {
			isa = PBXFrameworksBuildPhase;
			buildActionMask = 2147483647;
			files = (
			);
			runOnlyForDeploymentPostprocessing = 0;
		};
/* End PBXFrameworksBuildPhase section */

/* Begin PBXGroup section */
		CE0379E624F2444C0047FE7E /* mainsrc */ = {
			isa = PBXGroup;
			children = (
				CE0379E724F2444C0047FE7E /* craise */,
				CE037A0024F2444C0047FE7E /* main */,
				CE0379EB24F2444C0047FE7E /* uidev */,
			);
			name = mainsrc;
			path = ../mainsrc;
			sourceTree = "<group>";
		};
		CE0379E724F2444C0047FE7E /* craise */ = {
			isa = PBXGroup;
			children = (
				CE0379E824F2444C0047FE7E /* craise */,
			);
			path = craise;
			sourceTree = "<group>";
		};
		CE0379E824F2444C0047FE7E /* craise */ = {
			isa = PBXGroup;
			children = (
				CE58838F2520D7560020A436 /* clist.c */,
				CE5883842520D7550020A436 /* clist.h */,
				CE0C68602514F08A00E2EF31 /* cobj.c */,
				CE0C68612514F08A00E2EF31 /* cobj.h */,
				CE5883832520D7550020A436 /* cont.c */,
				CE58838B2520D7550020A436 /* cont.h */,
				CE0379EA24F2444C0047FE7E /* craise.c */,
				CE0379E924F2444C0047FE7E /* craise.h */,
				CE5883932520D7560020A436 /* cstr.c */,
				CE58838C2520D7550020A436 /* cstr.h */,
				CE0DE6E62526F4E900C02BE9 /* cval.c */,
				CE0DE6E72526F4E900C02BE9 /* cval.h */,
				CE58838A2520D7550020A436 /* dearray.c */,
				CE5883872520D7550020A436 /* dearray.h */,
				CE5883892520D7550020A436 /* hashmap.c */,
				CE58838E2520D7560020A436 /* hashmap.h */,
				CE5883822520D7550020A436 /* imap.c */,
				CE5883862520D7550020A436 /* imap.h */,
				CEF9F67524FB9B8B0058E8D1 /* io.c */,
				CEF9F67624FB9B8B0058E8D1 /* io.h */,
				CED576F224FB761F00278C95 /* macro.c */,
				CED576F024FB761F00278C95 /* macro.h */,
				CE5883912520D7560020A436 /* pod.c */,
				CE5883922520D7560020A436 /* pod.h */,
				CE5883882520D7550020A436 /* rbtree.c */,
				CE5883902520D7560020A436 /* rbtree.h */,
				CE58838D2520D7550020A436 /* smap.c */,
				CE5883852520D7550020A436 /* smap.h */,
			);
			path = craise;
			sourceTree = "<group>";
		};
		CE0379EB24F2444C0047FE7E /* uidev */ = {
			isa = PBXGroup;
			children = (
				CE0379F524F2444C0047FE7E /* uidev */,
				CE0379FB24F2444C0047FE7E /* uidev_ios */,
			);
			path = uidev;
			sourceTree = "<group>";
		};
		CE0379F524F2444C0047FE7E /* uidev */ = {
			isa = PBXGroup;
			children = (
				CED576F924FB763300278C95 /* entry.c */,
				CED576FB24FB763300278C95 /* entry.h */,
				CE0379F724F2444C0047FE7E /* uidev.c */,
				CE0379F624F2444C0047FE7E /* uidev.h */,
				CED576F824FB763300278C95 /* wnd.c */,
				CED576FA24FB763300278C95 /* wnd.h */,
			);
			path = uidev;
			sourceTree = "<group>";
		};
		CE0379FB24F2444C0047FE7E /* uidev_ios */ = {
			isa = PBXGroup;
			children = (
				CE0379FF24F2444C0047FE7E /* UDIAppDelegate.h */,
				CE0379FC24F2444C0047FE7E /* UDIAppDelegate.m */,
				CE0379FE24F2444C0047FE7E /* UDIViewController.h */,
				CE0379FD24F2444C0047FE7E /* UDIViewController.m */,
			);
			path = uidev_ios;
			sourceTree = "<group>";
		};
		CE037A0024F2444C0047FE7E /* main */ = {
			isa = PBXGroup;
			children = (
				CE037A0124F2444C0047FE7E /* main */,
			);
			path = main;
			sourceTree = "<group>";
		};
		CE037A0124F2444C0047FE7E /* main */ = {
			isa = PBXGroup;
			children = (
				CE037A0224F2444C0047FE7E /* main.c */,
			);
			path = main;
			sourceTree = "<group>";
		};
		CE9FEB8824F243360029E036 = {
			isa = PBXGroup;
			children = (
				CE0379E624F2444C0047FE7E /* mainsrc */,
				CE9FEB9324F243360029E036 /* program */,
				CE9FEB9224F243360029E036 /* products */,
			);
			sourceTree = "<group>";
		};
		CE9FEB9224F243360029E036 /* products */ = {
			isa = PBXGroup;
			children = (
				CE9FEB9124F243360029E036 /* xnative.app */,
			);
			name = products;
			sourceTree = "<group>";
		};
		CE9FEB9324F243360029E036 /* program */ = {
			isa = PBXGroup;
			children = (
				CE9FEBAE24F2439B0029E036 /* Assets.xcassets */,
				CE9FEBAD24F2439B0029E036 /* Info.plist */,
				CE9FEBAF24F2439B0029E036 /* LaunchScreen.storyboard */,
				CE9FEBB024F2439B0029E036 /* main.m */,
			);
			path = program;
			sourceTree = "<group>";
		};
/* End PBXGroup section */

/* Begin PBXNativeTarget section */
		CE9FEB9024F243360029E036 /* program */ = {
			isa = PBXNativeTarget;
			buildConfigurationList = CE9FEBAA24F243360029E036 /* Build configuration list for PBXNativeTarget "program" */;
			buildPhases = (
				CE9FEB8D24F243360029E036 /* Sources */,
				CE9FEB8E24F243360029E036 /* Frameworks */,
				CE9FEB8F24F243360029E036 /* Resources */,
			);
			buildRules = (
			);
			dependencies = (
			);
			name = program;
			productName = program;
			productReference = CE9FEB9124F243360029E036 /* xnative.app */;
			productType = "com.apple.product-type.application";
		};
/* End PBXNativeTarget section */

/* Begin PBXProject section */
		CE9FEB8924F243360029E036 /* Project object */ = {
			isa = PBXProject;
			attributes = {
				LastUpgradeCheck = 1200;
				ORGANIZATIONNAME = wzsayiie;
				TargetAttributes = {
					CE9FEB9024F243360029E036 = {
						CreatedOnToolsVersion = 11.6;
					};
				};
			};
			buildConfigurationList = CE9FEB8C24F243360029E036 /* Build configuration list for PBXProject "program_ios" */;
			compatibilityVersion = "Xcode 9.3";
			developmentRegion = en;
			hasScannedForEncodings = 0;
			knownRegions = (
				en,
				Base,
			);
			mainGroup = CE9FEB8824F243360029E036;
			productRefGroup = CE9FEB9224F243360029E036 /* products */;
			projectDirPath = "";
			projectRoot = "";
			targets = (
				CE9FEB9024F243360029E036 /* program */,
			);
		};
/* End PBXProject section */

/* Begin PBXResourcesBuildPhase section */
		CE9FEB8F24F243360029E036 /* Resources */ = {
			isa = PBXResourcesBuildPhase;
			buildActionMask = 2147483647;
			files = (
				CE9FEBB324F2439B0029E036 /* LaunchScreen.storyboard in Resources */,
				CE9FEBB224F2439B0029E036 /* Assets.xcassets in Resources */,
			);
			runOnlyForDeploymentPostprocessing = 0;
		};
/* End PBXResourcesBuildPhase section */

/* Begin PBXSourcesBuildPhase section */
		CE9FEB8D24F243360029E036 /* Sources */ = {
			isa = PBXSourcesBuildPhase;
			buildActionMask = 2147483647;
			files = (
				CE5883952520D7560020A436 /* cont.c in Sources */,
				CE5883962520D7560020A436 /* rbtree.c in Sources */,
				CE5883982520D7560020A436 /* dearray.c in Sources */,
				CED576FC24FB763300278C95 /* wnd.c in Sources */,
				CE037A0324F2444C0047FE7E /* craise.c in Sources */,
				CE037A0624F2444C0047FE7E /* uidev.c in Sources */,
				CE5883972520D7560020A436 /* hashmap.c in Sources */,
				CE037A0824F2444C0047FE7E /* UDIAppDelegate.m in Sources */,
				CE0C68622514F08B00E2EF31 /* cobj.c in Sources */,
				CE58839A2520D7560020A436 /* clist.c in Sources */,
				CED576F724FB762000278C95 /* macro.c in Sources */,
				CE5883992520D7560020A436 /* smap.c in Sources */,
				CE5883942520D7560020A436 /* imap.c in Sources */,
				CED576FD24FB763300278C95 /* entry.c in Sources */,
				CE037A0A24F2444C0047FE7E /* main.c in Sources */,
				CE58839C2520D7560020A436 /* cstr.c in Sources */,
				CE0DE6E82526F4E900C02BE9 /* cval.c in Sources */,
				CE037A0924F2444C0047FE7E /* UDIViewController.m in Sources */,
				CE9FEBB424F2439B0029E036 /* main.m in Sources */,
				CEF9F67724FB9B8B0058E8D1 /* io.c in Sources */,
				CE58839B2520D7560020A436 /* pod.c in Sources */,
			);
			runOnlyForDeploymentPostprocessing = 0;
		};
/* End PBXSourcesBuildPhase section */

/* Begin XCBuildConfiguration section */
		CE9FEBA824F243360029E036 /* Debug */ = {
			isa = XCBuildConfiguration;
			buildSettings = {
				ALWAYS_SEARCH_USER_PATHS = NO;
				CLANG_ANALYZER_NONNULL = YES;
				CLANG_ANALYZER_NUMBER_OBJECT_CONVERSION = YES_AGGRESSIVE;
				CLANG_CXX_LANGUAGE_STANDARD = "gnu++14";
				CLANG_CXX_LIBRARY = "libc++";
				CLANG_ENABLE_MODULES = YES;
				CLANG_ENABLE_OBJC_ARC = YES;
				CLANG_ENABLE_OBJC_WEAK = YES;
				CLANG_WARN_BLOCK_CAPTURE_AUTORELEASING = YES;
				CLANG_WARN_BOOL_CONVERSION = YES;
				CLANG_WARN_COMMA = YES;
				CLANG_WARN_CONSTANT_CONVERSION = YES;
				CLANG_WARN_DEPRECATED_OBJC_IMPLEMENTATIONS = YES;
				CLANG_WARN_DIRECT_OBJC_ISA_USAGE = YES_ERROR;
				CLANG_WARN_DOCUMENTATION_COMMENTS = YES;
				CLANG_WARN_EMPTY_BODY = YES;
				CLANG_WARN_ENUM_CONVERSION = YES;
				CLANG_WARN_INFINITE_RECURSION = YES;
				CLANG_WARN_INT_CONVERSION = YES;
				CLANG_WARN_NON_LITERAL_NULL_CONVERSION = YES;
				CLANG_WARN_OBJC_IMPLICIT_RETAIN_SELF = YES;
				CLANG_WARN_OBJC_LITERAL_CONVERSION = YES;
				CLANG_WARN_OBJC_ROOT_CLASS = YES_ERROR;
				CLANG_WARN_QUOTED_INCLUDE_IN_FRAMEWORK_HEADER = YES;
				CLANG_WARN_RANGE_LOOP_ANALYSIS = YES;
				CLANG_WARN_STRICT_PROTOTYPES = YES;
				CLANG_WARN_SUSPICIOUS_MOVE = YES;
				CLANG_WARN_UNGUARDED_AVAILABILITY = YES_AGGRESSIVE;
				CLANG_WARN_UNREACHABLE_CODE = YES;
				CLANG_WARN__DUPLICATE_METHOD_MATCH = YES;
				COPY_PHASE_STRIP = NO;
				DEBUG_INFORMATION_FORMAT = dwarf;
				DEVELOPMENT_TEAM = C7Z95JWD4Y;
				ENABLE_STRICT_OBJC_MSGSEND = YES;
				ENABLE_TESTABILITY = YES;
				GCC_C_LANGUAGE_STANDARD = gnu11;
				GCC_DYNAMIC_NO_PIC = NO;
				GCC_NO_COMMON_BLOCKS = YES;
				GCC_OPTIMIZATION_LEVEL = 0;
				GCC_PREPROCESSOR_DEFINITIONS = (
					"DEBUG=1",
					"$(inherited)",
				);
				GCC_WARN_64_TO_32_BIT_CONVERSION = YES;
				GCC_WARN_ABOUT_RETURN_TYPE = YES_ERROR;
				GCC_WARN_UNDECLARED_SELECTOR = YES;
				GCC_WARN_UNINITIALIZED_AUTOS = YES_AGGRESSIVE;
				GCC_WARN_UNUSED_FUNCTION = YES;
				GCC_WARN_UNUSED_VARIABLE = YES;
				IPHONEOS_DEPLOYMENT_TARGET = 14.0;
				MTL_ENABLE_DEBUG_INFO = INCLUDE_SOURCE;
				MTL_FAST_MATH = YES;
				ONLY_ACTIVE_ARCH = YES;
				SDKROOT = iphoneos;
			};
			name = Debug;
		};
		CE9FEBA924F243360029E036 /* Release */ = {
			isa = XCBuildConfiguration;
			buildSettings = {
				ALWAYS_SEARCH_USER_PATHS = NO;
				CLANG_ANALYZER_NONNULL = YES;
				CLANG_ANALYZER_NUMBER_OBJECT_CONVERSION = YES_AGGRESSIVE;
				CLANG_CXX_LANGUAGE_STANDARD = "gnu++14";
				CLANG_CXX_LIBRARY = "libc++";
				CLANG_ENABLE_MODULES = YES;
				CLANG_ENABLE_OBJC_ARC = YES;
				CLANG_ENABLE_OBJC_WEAK = YES;
				CLANG_WARN_BLOCK_CAPTURE_AUTORELEASING = YES;
				CLANG_WARN_BOOL_CONVERSION = YES;
				CLANG_WARN_COMMA = YES;
				CLANG_WARN_CONSTANT_CONVERSION = YES;
				CLANG_WARN_DEPRECATED_OBJC_IMPLEMENTATIONS = YES;
				CLANG_WARN_DIRECT_OBJC_ISA_USAGE = YES_ERROR;
				CLANG_WARN_DOCUMENTATION_COMMENTS = YES;
				CLANG_WARN_EMPTY_BODY = YES;
				CLANG_WARN_ENUM_CONVERSION = YES;
				CLANG_WARN_INFINITE_RECURSION = YES;
				CLANG_WARN_INT_CONVERSION = YES;
				CLANG_WARN_NON_LITERAL_NULL_CONVERSION = YES;
				CLANG_WARN_OBJC_IMPLICIT_RETAIN_SELF = YES;
				CLANG_WARN_OBJC_LITERAL_CONVERSION = YES;
				CLANG_WARN_OBJC_ROOT_CLASS = YES_ERROR;
				CLANG_WARN_QUOTED_INCLUDE_IN_FRAMEWORK_HEADER = YES;
				CLANG_WARN_RANGE_LOOP_ANALYSIS = YES;
				CLANG_WARN_STRICT_PROTOTYPES = YES;
				CLANG_WARN_SUSPICIOUS_MOVE = YES;
				CLANG_WARN_UNGUARDED_AVAILABILITY = YES_AGGRESSIVE;
				CLANG_WARN_UNREACHABLE_CODE = YES;
				CLANG_WARN__DUPLICATE_METHOD_MATCH = YES;
				COPY_PHASE_STRIP = NO;
				DEBUG_INFORMATION_FORMAT = "dwarf-with-dsym";
				DEVELOPMENT_TEAM = C7Z95JWD4Y;
				ENABLE_NS_ASSERTIONS = NO;
				ENABLE_STRICT_OBJC_MSGSEND = YES;
				GCC_C_LANGUAGE_STANDARD = gnu11;
				GCC_NO_COMMON_BLOCKS = YES;
				GCC_WARN_64_TO_32_BIT_CONVERSION = YES;
				GCC_WARN_ABOUT_RETURN_TYPE = YES_ERROR;
				GCC_WARN_UNDECLARED_SELECTOR = YES;
				GCC_WARN_UNINITIALIZED_AUTOS = YES_AGGRESSIVE;
				GCC_WARN_UNUSED_FUNCTION = YES;
				GCC_WARN_UNUSED_VARIABLE = YES;
				IPHONEOS_DEPLOYMENT_TARGET = 14.0;
				MTL_ENABLE_DEBUG_INFO = NO;
				MTL_FAST_MATH = YES;
				SDKROOT = iphoneos;
				VALIDATE_PRODUCT = YES;
			};
			name = Release;
		};
		CE9FEBAB24F243360029E036 /* Debug */ = {
			isa = XCBuildConfiguration;
			buildSettings = {
				ASSETCATALOG_COMPILER_APPICON_NAME = AppIcon;
				CODE_SIGN_STYLE = Automatic;
				HEADER_SEARCH_PATHS = "$(SRCROOT)/../GHEADERS";
				INFOPLIST_FILE = program/Info.plist;
				LD_RUNPATH_SEARCH_PATHS = (
					"$(inherited)",
					"@executable_path/Frameworks",
				);
				PRODUCT_BUNDLE_IDENTIFIER = me.wzsayiie.app.ios;
				PRODUCT_NAME = xnative;
				TARGETED_DEVICE_FAMILY = "1,2";
			};
			name = Debug;
		};
		CE9FEBAC24F243360029E036 /* Release */ = {
			isa = XCBuildConfiguration;
			buildSettings = {
				ASSETCATALOG_COMPILER_APPICON_NAME = AppIcon;
				CODE_SIGN_STYLE = Automatic;
				HEADER_SEARCH_PATHS = "$(SRCROOT)/../GHEADERS";
				INFOPLIST_FILE = program/Info.plist;
				LD_RUNPATH_SEARCH_PATHS = (
					"$(inherited)",
					"@executable_path/Frameworks",
				);
				PRODUCT_BUNDLE_IDENTIFIER = me.wzsayiie.app.ios;
				PRODUCT_NAME = xnative;
				TARGETED_DEVICE_FAMILY = "1,2";
			};
			name = Release;
		};
/* End XCBuildConfiguration section */

/* Begin XCConfigurationList section */
		CE9FEB8C24F243360029E036 /* Build configuration list for PBXProject "program_ios" */ = {
			isa = XCConfigurationList;
			buildConfigurations = (
				CE9FEBA824F243360029E036 /* Debug */,
				CE9FEBA924F243360029E036 /* Release */,
			);
			defaultConfigurationIsVisible = 0;
			defaultConfigurationName = Release;
		};
		CE9FEBAA24F243360029E036 /* Build configuration list for PBXNativeTarget "program" */ = {
			isa = XCConfigurationList;
			buildConfigurations = (
				CE9FEBAB24F243360029E036 /* Debug */,
				CE9FEBAC24F243360029E036 /* Release */,
			);
			defaultConfigurationIsVisible = 0;
			defaultConfigurationName = Release;
		};
/* End XCConfigurationList section */
	};
	rootObject = CE9FEB8924F243360029E036 /* Project object */;
}
