// !$*UTF8*$!
{
	archiveVersion = 1;
	classes = {
	};
	objectVersion = 50;
	objects = {

/* Begin PBXBuildFile section */
		CE1A1C2B26077B0B00ECF9A7 /* nlambda.c in Sources */ = {isa = PBXBuildFile; fileRef = CE1A1C2A26077B0B00ECF9A7 /* nlambda.c */; };
		CE2468E625DFF34000ED25DE /* ncpprefs.cpp in Sources */ = {isa = PBXBuildFile; fileRef = CE2468E025DFF34000ED25DE /* ncpprefs.cpp */; };
		CE2468E725DFF34000ED25DE /* nobjectref.cpp in Sources */ = {isa = PBXBuildFile; fileRef = CE2468E325DFF34000ED25DE /* nobjectref.cpp */; };
		CE37F62425D0352E00C8302C /* nsocket_posix.c in Sources */ = {isa = PBXBuildFile; fileRef = CE37F59A25D0352E00C8302C /* nsocket_posix.c */; };
		CE37F62525D0352E00C8302C /* nsocket.c in Sources */ = {isa = PBXBuildFile; fileRef = CE37F59D25D0352E00C8302C /* nsocket.c */; };
		CE37F62725D0352E00C8302C /* nsocket_win32.c in Sources */ = {isa = PBXBuildFile; fileRef = CE37F5A025D0352E00C8302C /* nsocket_win32.c */; };
		CE37F62F25D0352E00C8302C /* osbind.c in Sources */ = {isa = PBXBuildFile; fileRef = CE37F5B325D0352E00C8302C /* osbind.c */; };
		CE37F63025D0352E00C8302C /* NOBJCBind.c in Sources */ = {isa = PBXBuildFile; fileRef = CE37F5B525D0352E00C8302C /* NOBJCBind.c */; };
		CE37F63725D0352E00C8302C /* NIOSViewController.m in Sources */ = {isa = PBXBuildFile; fileRef = CE37F5CD25D0352E00C8302C /* NIOSViewController.m */; };
		CE37F63825D0352E00C8302C /* NIOSAppDelegate.m in Sources */ = {isa = PBXBuildFile; fileRef = CE37F5CE25D0352E00C8302C /* NIOSAppDelegate.m */; };
		CE37F64725D0352E00C8302C /* osplat.c in Sources */ = {isa = PBXBuildFile; fileRef = CE37F5EB25D0352E00C8302C /* osplat.c */; };
		CE37F64825D0352E00C8302C /* nnumber.c in Sources */ = {isa = PBXBuildFile; fileRef = CE37F5F325D0352E00C8302C /* nnumber.c */; };
		CE37F64925D0352E00C8302C /* niterator.c in Sources */ = {isa = PBXBuildFile; fileRef = CE37F5F425D0352E00C8302C /* niterator.c */; };
		CE37F64A25D0352E00C8302C /* nstring.c in Sources */ = {isa = PBXBuildFile; fileRef = CE37F5F925D0352E00C8302C /* nstring.c */; };
		CE37F64B25D0352E00C8302C /* ntable.c in Sources */ = {isa = PBXBuildFile; fileRef = CE37F5FA25D0352E00C8302C /* ntable.c */; };
		CE37F64C25D0352E00C8302C /* nio.c in Sources */ = {isa = PBXBuildFile; fileRef = CE37F5FD25D0352E00C8302C /* nio.c */; };
		CE37F64D25D0352E00C8302C /* narray.c in Sources */ = {isa = PBXBuildFile; fileRef = CE37F5FE25D0352E00C8302C /* narray.c */; };
		CE37F64E25D0352E00C8302C /* nunicode.c in Sources */ = {isa = PBXBuildFile; fileRef = CE37F5FF25D0352E00C8302C /* nunicode.c */; };
		CE37F64F25D0352E00C8302C /* binlist.c in Sources */ = {isa = PBXBuildFile; fileRef = CE37F60125D0352E00C8302C /* binlist.c */; };
		CE37F65025D0352E00C8302C /* scalist.c in Sources */ = {isa = PBXBuildFile; fileRef = CE37F60225D0352E00C8302C /* scalist.c */; };
		CE37F65125D0352E00C8302C /* def.c in Sources */ = {isa = PBXBuildFile; fileRef = CE37F60325D0352E00C8302C /* def.c */; };
		CE37F65225D0352E00C8302C /* avltree.c in Sources */ = {isa = PBXBuildFile; fileRef = CE37F60425D0352E00C8302C /* avltree.c */; };
		CE37F65325D0352E00C8302C /* cstr.c in Sources */ = {isa = PBXBuildFile; fileRef = CE37F60525D0352E00C8302C /* cstr.c */; };
		CE37F65425D0352E00C8302C /* cerpool.c in Sources */ = {isa = PBXBuildFile; fileRef = CE37F60A25D0352E00C8302C /* cerpool.c */; };
		CE37F65525D0352E00C8302C /* nmemory.c in Sources */ = {isa = PBXBuildFile; fileRef = CE37F60D25D0352E00C8302C /* nmemory.c */; };
		CE37F65625D0352E00C8302C /* npod.c in Sources */ = {isa = PBXBuildFile; fileRef = CE37F60F25D0352E00C8302C /* npod.c */; };
		CE37F65825D0352E00C8302C /* ndata.c in Sources */ = {isa = PBXBuildFile; fileRef = CE37F61625D0352E00C8302C /* ndata.c */; };
		CE37F65925D0352E00C8302C /* nlock.c in Sources */ = {isa = PBXBuildFile; fileRef = CE37F61825D0352E00C8302C /* nlock.c */; };
		CE474A5D263AC6D400E3F49F /* nlayout.c in Sources */ = {isa = PBXBuildFile; fileRef = CE474A49263AC6D400E3F49F /* nlayout.c */; };
		CE474A5E263AC6D400E3F49F /* ntextfield.c in Sources */ = {isa = PBXBuildFile; fileRef = CE474A4D263AC6D400E3F49F /* ntextfield.c */; };
		CE474A5F263AC6D400E3F49F /* nlabel.c in Sources */ = {isa = PBXBuildFile; fileRef = CE474A4E263AC6D400E3F49F /* nlabel.c */; };
		CE474A60263AC6D400E3F49F /* nbrush.c in Sources */ = {isa = PBXBuildFile; fileRef = CE474A4F263AC6D400E3F49F /* nbrush.c */; };
		CE474A61263AC6D400E3F49F /* nimageview.c in Sources */ = {isa = PBXBuildFile; fileRef = CE474A50263AC6D400E3F49F /* nimageview.c */; };
		CE474A62263AC6D400E3F49F /* nwindow.c in Sources */ = {isa = PBXBuildFile; fileRef = CE474A55263AC6D400E3F49F /* nwindow.c */; };
		CE474A63263AC6D400E3F49F /* nbutton.c in Sources */ = {isa = PBXBuildFile; fileRef = CE474A56263AC6D400E3F49F /* nbutton.c */; };
		CE474A64263AC6D400E3F49F /* nkey.c in Sources */ = {isa = PBXBuildFile; fileRef = CE474A57263AC6D400E3F49F /* nkey.c */; };
		CE474A65263AC6D400E3F49F /* nview.c in Sources */ = {isa = PBXBuildFile; fileRef = CE474A5A263AC6D400E3F49F /* nview.c */; };
		CE474A66263AC6D400E3F49F /* ncolor.c in Sources */ = {isa = PBXBuildFile; fileRef = CE474A5B263AC6D400E3F49F /* ncolor.c */; };
		CE60F858260631FF0077AE18 /* nfuncmeta_p.cpp in Sources */ = {isa = PBXBuildFile; fileRef = CE60F84C260631FF0077AE18 /* nfuncmeta_p.cpp */; };
		CE60F859260631FF0077AE18 /* ntypes.cpp in Sources */ = {isa = PBXBuildFile; fileRef = CE60F851260631FF0077AE18 /* ntypes.cpp */; };
		CE60F85A260631FF0077AE18 /* nfuncs.cpp in Sources */ = {isa = PBXBuildFile; fileRef = CE60F852260631FF0077AE18 /* nfuncs.cpp */; };
		CE60F85B260631FF0077AE18 /* NGEN.cpp in Sources */ = {isa = PBXBuildFile; fileRef = CE60F853260631FF0077AE18 /* NGEN.cpp */; };
		CE60F85C260631FF0077AE18 /* ntypemeta_p.cpp in Sources */ = {isa = PBXBuildFile; fileRef = CE60F855260631FF0077AE18 /* ntypemeta_p.cpp */; };
		CE60F85D260631FF0077AE18 /* nfunccall_p.cpp in Sources */ = {isa = PBXBuildFile; fileRef = CE60F857260631FF0077AE18 /* nfunccall_p.cpp */; };
		CE9FEBB224F2439B0029E036 /* Assets.xcassets in Resources */ = {isa = PBXBuildFile; fileRef = CE9FEBAE24F2439B0029E036 /* Assets.xcassets */; };
		CE9FEBB324F2439B0029E036 /* LaunchScreen.storyboard in Resources */ = {isa = PBXBuildFile; fileRef = CE9FEBAF24F2439B0029E036 /* LaunchScreen.storyboard */; };
		CE9FEBB424F2439B0029E036 /* main.m in Sources */ = {isa = PBXBuildFile; fileRef = CE9FEBB024F2439B0029E036 /* main.m */; };
		CEA0182725FF882D000064C2 /* osjs.c in Sources */ = {isa = PBXBuildFile; fileRef = CEA0181725FF882D000064C2 /* osjs.c */; };
		CEA0182C25FF882D000064C2 /* NMACJavaScriptCore.m in Sources */ = {isa = PBXBuildFile; fileRef = CEA0182625FF882D000064C2 /* NMACJavaScriptCore.m */; };
		CEDBDEF725FE172500659AD2 /* NMACBundle.m in Sources */ = {isa = PBXBuildFile; fileRef = CEDBDEF325FE172500659AD2 /* NMACBundle.m */; };
		CEDBDEF825FE172500659AD2 /* NMACRunloop.m in Sources */ = {isa = PBXBuildFile; fileRef = CEDBDEF425FE172500659AD2 /* NMACRunloop.m */; };
		CEDBDEF925FE172500659AD2 /* NMACFiles.m in Sources */ = {isa = PBXBuildFile; fileRef = CEDBDEF525FE172500659AD2 /* NMACFiles.m */; };
		CEDBDEFA25FE172500659AD2 /* NMACThread.m in Sources */ = {isa = PBXBuildFile; fileRef = CEDBDEF625FE172500659AD2 /* NMACThread.m */; };
		CEEA24A4263852E5004A2A1E /* nlambdaref.cpp in Sources */ = {isa = PBXBuildFile; fileRef = CEEA24A3263852E5004A2A1E /* nlambdaref.cpp */; };
		CEF62B5625F10D3E0050F57C /* launch.c in Sources */ = {isa = PBXBuildFile; fileRef = CEF62B4F25F10D3D0050F57C /* launch.c */; };
		CEF62B5725F10D3E0050F57C /* claunch.cpp in Sources */ = {isa = PBXBuildFile; fileRef = CEF62B5225F10D3D0050F57C /* claunch.cpp */; };
		CEF62B5825F10D3E0050F57C /* jslaunch.c in Sources */ = {isa = PBXBuildFile; fileRef = CEF62B5525F10D3D0050F57C /* jslaunch.c */; };
/* End PBXBuildFile section */

/* Begin PBXFileReference section */
		CE1A1C2926077B0B00ECF9A7 /* nlambda.h */ = {isa = PBXFileReference; fileEncoding = 4; lastKnownFileType = sourcecode.c.h; path = nlambda.h; sourceTree = "<group>"; };
		CE1A1C2A26077B0B00ECF9A7 /* nlambda.c */ = {isa = PBXFileReference; fileEncoding = 4; lastKnownFileType = sourcecode.c.c; path = nlambda.c; sourceTree = "<group>"; };
		CE2468E025DFF34000ED25DE /* ncpprefs.cpp */ = {isa = PBXFileReference; fileEncoding = 4; lastKnownFileType = sourcecode.cpp.cpp; path = ncpprefs.cpp; sourceTree = "<group>"; };
		CE2468E125DFF34000ED25DE /* nobjectref.h */ = {isa = PBXFileReference; fileEncoding = 4; lastKnownFileType = sourcecode.c.h; path = nobjectref.h; sourceTree = "<group>"; };
		CE2468E325DFF34000ED25DE /* nobjectref.cpp */ = {isa = PBXFileReference; fileEncoding = 4; lastKnownFileType = sourcecode.cpp.cpp; path = nobjectref.cpp; sourceTree = "<group>"; };
		CE2468E525DFF34000ED25DE /* ncpprefs.h */ = {isa = PBXFileReference; fileEncoding = 4; lastKnownFileType = sourcecode.c.h; path = ncpprefs.h; sourceTree = "<group>"; };
		CE37F59A25D0352E00C8302C /* nsocket_posix.c */ = {isa = PBXFileReference; fileEncoding = 4; lastKnownFileType = sourcecode.c.c; path = nsocket_posix.c; sourceTree = "<group>"; };
		CE37F59C25D0352E00C8302C /* net.h */ = {isa = PBXFileReference; fileEncoding = 4; lastKnownFileType = sourcecode.c.h; path = net.h; sourceTree = "<group>"; };
		CE37F59D25D0352E00C8302C /* nsocket.c */ = {isa = PBXFileReference; fileEncoding = 4; lastKnownFileType = sourcecode.c.c; path = nsocket.c; sourceTree = "<group>"; };
		CE37F59E25D0352E00C8302C /* nsocket.h */ = {isa = PBXFileReference; fileEncoding = 4; lastKnownFileType = sourcecode.c.h; path = nsocket.h; sourceTree = "<group>"; };
		CE37F5A025D0352E00C8302C /* nsocket_win32.c */ = {isa = PBXFileReference; fileEncoding = 4; lastKnownFileType = sourcecode.c.c; path = nsocket_win32.c; sourceTree = "<group>"; };
		CE37F5B225D0352E00C8302C /* osbind.h */ = {isa = PBXFileReference; fileEncoding = 4; lastKnownFileType = sourcecode.c.h; path = osbind.h; sourceTree = "<group>"; };
		CE37F5B325D0352E00C8302C /* osbind.c */ = {isa = PBXFileReference; fileEncoding = 4; lastKnownFileType = sourcecode.c.c; path = osbind.c; sourceTree = "<group>"; };
		CE37F5B525D0352E00C8302C /* NOBJCBind.c */ = {isa = PBXFileReference; fileEncoding = 4; lastKnownFileType = sourcecode.c.c; path = NOBJCBind.c; sourceTree = "<group>"; };
		CE37F5B625D0352E00C8302C /* NOBJCBind.h */ = {isa = PBXFileReference; fileEncoding = 4; lastKnownFileType = sourcecode.c.h; path = NOBJCBind.h; sourceTree = "<group>"; };
		CE37F5C325D0352E00C8302C /* nlaunch.h */ = {isa = PBXFileReference; fileEncoding = 4; lastKnownFileType = sourcecode.c.h; path = nlaunch.h; sourceTree = "<group>"; };
		CE37F5C425D0352E00C8302C /* osui.h */ = {isa = PBXFileReference; fileEncoding = 4; lastKnownFileType = sourcecode.c.h; path = osui.h; sourceTree = "<group>"; };
		CE37F5CD25D0352E00C8302C /* NIOSViewController.m */ = {isa = PBXFileReference; fileEncoding = 4; lastKnownFileType = sourcecode.c.objc; path = NIOSViewController.m; sourceTree = "<group>"; };
		CE37F5CE25D0352E00C8302C /* NIOSAppDelegate.m */ = {isa = PBXFileReference; fileEncoding = 4; lastKnownFileType = sourcecode.c.objc; path = NIOSAppDelegate.m; sourceTree = "<group>"; };
		CE37F5CF25D0352E00C8302C /* NIOSViewController.h */ = {isa = PBXFileReference; fileEncoding = 4; lastKnownFileType = sourcecode.c.h; path = NIOSViewController.h; sourceTree = "<group>"; };
		CE37F5D025D0352E00C8302C /* NIOSAppDelegate.h */ = {isa = PBXFileReference; fileEncoding = 4; lastKnownFileType = sourcecode.c.h; path = NIOSAppDelegate.h; sourceTree = "<group>"; };
		CE37F5D425D0352E00C8302C /* cplus.h */ = {isa = PBXFileReference; fileEncoding = 4; lastKnownFileType = sourcecode.c.h; path = cplus.h; sourceTree = "<group>"; };
		CE37F5EB25D0352E00C8302C /* osplat.c */ = {isa = PBXFileReference; fileEncoding = 4; lastKnownFileType = sourcecode.c.c; path = osplat.c; sourceTree = "<group>"; };
		CE37F5EC25D0352E00C8302C /* nbundle.h */ = {isa = PBXFileReference; fileEncoding = 4; lastKnownFileType = sourcecode.c.h; path = nbundle.h; sourceTree = "<group>"; };
		CE37F5ED25D0352E00C8302C /* nrunloop.h */ = {isa = PBXFileReference; fileEncoding = 4; lastKnownFileType = sourcecode.c.h; path = nrunloop.h; sourceTree = "<group>"; };
		CE37F5EE25D0352E00C8302C /* osplat.h */ = {isa = PBXFileReference; fileEncoding = 4; lastKnownFileType = sourcecode.c.h; path = osplat.h; sourceTree = "<group>"; };
		CE37F5EF25D0352E00C8302C /* nfiles.h */ = {isa = PBXFileReference; fileEncoding = 4; lastKnownFileType = sourcecode.c.h; path = nfiles.h; sourceTree = "<group>"; };
		CE37F5F025D0352E00C8302C /* nthread.h */ = {isa = PBXFileReference; fileEncoding = 4; lastKnownFileType = sourcecode.c.h; path = nthread.h; sourceTree = "<group>"; };
		CE37F5F325D0352E00C8302C /* nnumber.c */ = {isa = PBXFileReference; fileEncoding = 4; lastKnownFileType = sourcecode.c.c; path = nnumber.c; sourceTree = "<group>"; };
		CE37F5F425D0352E00C8302C /* niterator.c */ = {isa = PBXFileReference; fileEncoding = 4; lastKnownFileType = sourcecode.c.c; path = niterator.c; sourceTree = "<group>"; };
		CE37F5F525D0352E00C8302C /* npod.h */ = {isa = PBXFileReference; fileEncoding = 4; lastKnownFileType = sourcecode.c.h; path = npod.h; sourceTree = "<group>"; };
		CE37F5F625D0352E00C8302C /* basis.h */ = {isa = PBXFileReference; fileEncoding = 4; lastKnownFileType = sourcecode.c.h; path = basis.h; sourceTree = "<group>"; };
		CE37F5F825D0352E00C8302C /* nenviron.h */ = {isa = PBXFileReference; fileEncoding = 4; lastKnownFileType = sourcecode.c.h; path = nenviron.h; sourceTree = "<group>"; };
		CE37F5F925D0352E00C8302C /* nstring.c */ = {isa = PBXFileReference; fileEncoding = 4; lastKnownFileType = sourcecode.c.c; path = nstring.c; sourceTree = "<group>"; };
		CE37F5FA25D0352E00C8302C /* ntable.c */ = {isa = PBXFileReference; fileEncoding = 4; lastKnownFileType = sourcecode.c.c; path = ntable.c; sourceTree = "<group>"; };
		CE37F5FB25D0352E00C8302C /* nlock.h */ = {isa = PBXFileReference; fileEncoding = 4; lastKnownFileType = sourcecode.c.h; path = nlock.h; sourceTree = "<group>"; };
		CE37F5FC25D0352E00C8302C /* ndata.h */ = {isa = PBXFileReference; fileEncoding = 4; lastKnownFileType = sourcecode.c.h; path = ndata.h; sourceTree = "<group>"; };
		CE37F5FD25D0352E00C8302C /* nio.c */ = {isa = PBXFileReference; fileEncoding = 4; lastKnownFileType = sourcecode.c.c; path = nio.c; sourceTree = "<group>"; };
		CE37F5FE25D0352E00C8302C /* narray.c */ = {isa = PBXFileReference; fileEncoding = 4; lastKnownFileType = sourcecode.c.c; path = narray.c; sourceTree = "<group>"; };
		CE37F5FF25D0352E00C8302C /* nunicode.c */ = {isa = PBXFileReference; fileEncoding = 4; lastKnownFileType = sourcecode.c.c; path = nunicode.c; sourceTree = "<group>"; };
		CE37F60125D0352E00C8302C /* binlist.c */ = {isa = PBXFileReference; fileEncoding = 4; lastKnownFileType = sourcecode.c.c; path = binlist.c; sourceTree = "<group>"; };
		CE37F60225D0352E00C8302C /* scalist.c */ = {isa = PBXFileReference; fileEncoding = 4; lastKnownFileType = sourcecode.c.c; path = scalist.c; sourceTree = "<group>"; };
		CE37F60325D0352E00C8302C /* def.c */ = {isa = PBXFileReference; fileEncoding = 4; lastKnownFileType = sourcecode.c.c; path = def.c; sourceTree = "<group>"; };
		CE37F60425D0352E00C8302C /* avltree.c */ = {isa = PBXFileReference; fileEncoding = 4; lastKnownFileType = sourcecode.c.c; path = avltree.c; sourceTree = "<group>"; };
		CE37F60525D0352E00C8302C /* cstr.c */ = {isa = PBXFileReference; fileEncoding = 4; lastKnownFileType = sourcecode.c.c; path = cstr.c; sourceTree = "<group>"; };
		CE37F60625D0352E00C8302C /* cerpool.h */ = {isa = PBXFileReference; fileEncoding = 4; lastKnownFileType = sourcecode.c.h; path = cerpool.h; sourceTree = "<group>"; };
		CE37F60725D0352E00C8302C /* binlist.h */ = {isa = PBXFileReference; fileEncoding = 4; lastKnownFileType = sourcecode.c.h; path = binlist.h; sourceTree = "<group>"; };
		CE37F60825D0352E00C8302C /* scalist.h */ = {isa = PBXFileReference; fileEncoding = 4; lastKnownFileType = sourcecode.c.h; path = scalist.h; sourceTree = "<group>"; };
		CE37F60925D0352E00C8302C /* def.h */ = {isa = PBXFileReference; fileEncoding = 4; lastKnownFileType = sourcecode.c.h; path = def.h; sourceTree = "<group>"; };
		CE37F60A25D0352E00C8302C /* cerpool.c */ = {isa = PBXFileReference; fileEncoding = 4; lastKnownFileType = sourcecode.c.c; path = cerpool.c; sourceTree = "<group>"; };
		CE37F60B25D0352E00C8302C /* cstr.h */ = {isa = PBXFileReference; fileEncoding = 4; lastKnownFileType = sourcecode.c.h; path = cstr.h; sourceTree = "<group>"; };
		CE37F60C25D0352E00C8302C /* avltree.h */ = {isa = PBXFileReference; fileEncoding = 4; lastKnownFileType = sourcecode.c.h; path = avltree.h; sourceTree = "<group>"; };
		CE37F60D25D0352E00C8302C /* nmemory.c */ = {isa = PBXFileReference; fileEncoding = 4; lastKnownFileType = sourcecode.c.c; path = nmemory.c; sourceTree = "<group>"; };
		CE37F60E25D0352E00C8302C /* niterator.h */ = {isa = PBXFileReference; fileEncoding = 4; lastKnownFileType = sourcecode.c.h; path = niterator.h; sourceTree = "<group>"; };
		CE37F60F25D0352E00C8302C /* npod.c */ = {isa = PBXFileReference; fileEncoding = 4; lastKnownFileType = sourcecode.c.c; path = npod.c; sourceTree = "<group>"; };
		CE37F61025D0352E00C8302C /* nnumber.h */ = {isa = PBXFileReference; fileEncoding = 4; lastKnownFileType = sourcecode.c.h; path = nnumber.h; sourceTree = "<group>"; };
		CE37F61125D0352E00C8302C /* nstring.h */ = {isa = PBXFileReference; fileEncoding = 4; lastKnownFileType = sourcecode.c.h; path = nstring.h; sourceTree = "<group>"; };
		CE37F61325D0352E00C8302C /* nunicode.h */ = {isa = PBXFileReference; fileEncoding = 4; lastKnownFileType = sourcecode.c.h; path = nunicode.h; sourceTree = "<group>"; };
		CE37F61425D0352E00C8302C /* nio.h */ = {isa = PBXFileReference; fileEncoding = 4; lastKnownFileType = sourcecode.c.h; path = nio.h; sourceTree = "<group>"; };
		CE37F61525D0352E00C8302C /* narray.h */ = {isa = PBXFileReference; fileEncoding = 4; lastKnownFileType = sourcecode.c.h; path = narray.h; sourceTree = "<group>"; };
		CE37F61625D0352E00C8302C /* ndata.c */ = {isa = PBXFileReference; fileEncoding = 4; lastKnownFileType = sourcecode.c.c; path = ndata.c; sourceTree = "<group>"; };
		CE37F61725D0352E00C8302C /* ntable.h */ = {isa = PBXFileReference; fileEncoding = 4; lastKnownFileType = sourcecode.c.h; path = ntable.h; sourceTree = "<group>"; };
		CE37F61825D0352E00C8302C /* nlock.c */ = {isa = PBXFileReference; fileEncoding = 4; lastKnownFileType = sourcecode.c.c; path = nlock.c; sourceTree = "<group>"; };
		CE37F61925D0352E00C8302C /* nmemory.h */ = {isa = PBXFileReference; fileEncoding = 4; lastKnownFileType = sourcecode.c.h; path = nmemory.h; sourceTree = "<group>"; };
		CE474A49263AC6D400E3F49F /* nlayout.c */ = {isa = PBXFileReference; fileEncoding = 4; lastKnownFileType = sourcecode.c.c; path = nlayout.c; sourceTree = "<group>"; };
		CE474A4A263AC6D400E3F49F /* nbutton.h */ = {isa = PBXFileReference; fileEncoding = 4; lastKnownFileType = sourcecode.c.h; path = nbutton.h; sourceTree = "<group>"; };
		CE474A4B263AC6D400E3F49F /* nbrush.h */ = {isa = PBXFileReference; fileEncoding = 4; lastKnownFileType = sourcecode.c.h; path = nbrush.h; sourceTree = "<group>"; };
		CE474A4C263AC6D400E3F49F /* nwindow.h */ = {isa = PBXFileReference; fileEncoding = 4; lastKnownFileType = sourcecode.c.h; path = nwindow.h; sourceTree = "<group>"; };
		CE474A4D263AC6D400E3F49F /* ntextfield.c */ = {isa = PBXFileReference; fileEncoding = 4; lastKnownFileType = sourcecode.c.c; path = ntextfield.c; sourceTree = "<group>"; };
		CE474A4E263AC6D400E3F49F /* nlabel.c */ = {isa = PBXFileReference; fileEncoding = 4; lastKnownFileType = sourcecode.c.c; path = nlabel.c; sourceTree = "<group>"; };
		CE474A4F263AC6D400E3F49F /* nbrush.c */ = {isa = PBXFileReference; fileEncoding = 4; lastKnownFileType = sourcecode.c.c; path = nbrush.c; sourceTree = "<group>"; };
		CE474A50263AC6D400E3F49F /* nimageview.c */ = {isa = PBXFileReference; fileEncoding = 4; lastKnownFileType = sourcecode.c.c; path = nimageview.c; sourceTree = "<group>"; };
		CE474A51263AC6D400E3F49F /* ncolor.h */ = {isa = PBXFileReference; fileEncoding = 4; lastKnownFileType = sourcecode.c.h; path = ncolor.h; sourceTree = "<group>"; };
		CE474A52263AC6D400E3F49F /* ntextfield.h */ = {isa = PBXFileReference; fileEncoding = 4; lastKnownFileType = sourcecode.c.h; path = ntextfield.h; sourceTree = "<group>"; };
		CE474A53263AC6D400E3F49F /* nlabel.h */ = {isa = PBXFileReference; fileEncoding = 4; lastKnownFileType = sourcecode.c.h; path = nlabel.h; sourceTree = "<group>"; };
		CE474A54263AC6D400E3F49F /* nkey.h */ = {isa = PBXFileReference; fileEncoding = 4; lastKnownFileType = sourcecode.c.h; path = nkey.h; sourceTree = "<group>"; };
		CE474A55263AC6D400E3F49F /* nwindow.c */ = {isa = PBXFileReference; fileEncoding = 4; lastKnownFileType = sourcecode.c.c; path = nwindow.c; sourceTree = "<group>"; };
		CE474A56263AC6D400E3F49F /* nbutton.c */ = {isa = PBXFileReference; fileEncoding = 4; lastKnownFileType = sourcecode.c.c; path = nbutton.c; sourceTree = "<group>"; };
		CE474A57263AC6D400E3F49F /* nkey.c */ = {isa = PBXFileReference; fileEncoding = 4; lastKnownFileType = sourcecode.c.c; path = nkey.c; sourceTree = "<group>"; };
		CE474A58263AC6D400E3F49F /* nimageview.h */ = {isa = PBXFileReference; fileEncoding = 4; lastKnownFileType = sourcecode.c.h; path = nimageview.h; sourceTree = "<group>"; };
		CE474A59263AC6D400E3F49F /* nlayout.h */ = {isa = PBXFileReference; fileEncoding = 4; lastKnownFileType = sourcecode.c.h; path = nlayout.h; sourceTree = "<group>"; };
		CE474A5A263AC6D400E3F49F /* nview.c */ = {isa = PBXFileReference; fileEncoding = 4; lastKnownFileType = sourcecode.c.c; path = nview.c; sourceTree = "<group>"; };
		CE474A5B263AC6D400E3F49F /* ncolor.c */ = {isa = PBXFileReference; fileEncoding = 4; lastKnownFileType = sourcecode.c.c; path = ncolor.c; sourceTree = "<group>"; };
		CE474A5C263AC6D400E3F49F /* nview.h */ = {isa = PBXFileReference; fileEncoding = 4; lastKnownFileType = sourcecode.c.h; path = nview.h; sourceTree = "<group>"; };
		CE60F84A260631FF0077AE18 /* NGEN.h */ = {isa = PBXFileReference; fileEncoding = 4; lastKnownFileType = sourcecode.c.h; path = NGEN.h; sourceTree = "<group>"; };
		CE60F84B260631FF0077AE18 /* ntrait_p.h */ = {isa = PBXFileReference; fileEncoding = 4; lastKnownFileType = sourcecode.c.h; path = ntrait_p.h; sourceTree = "<group>"; };
		CE60F84C260631FF0077AE18 /* nfuncmeta_p.cpp */ = {isa = PBXFileReference; fileEncoding = 4; lastKnownFileType = sourcecode.cpp.cpp; path = nfuncmeta_p.cpp; sourceTree = "<group>"; };
		CE60F84D260631FF0077AE18 /* nfuncmeta_p.h */ = {isa = PBXFileReference; fileEncoding = 4; lastKnownFileType = sourcecode.c.h; path = nfuncmeta_p.h; sourceTree = "<group>"; };
		CE60F84E260631FF0077AE18 /* nfunccall_p.h */ = {isa = PBXFileReference; fileEncoding = 4; lastKnownFileType = sourcecode.c.h; path = nfunccall_p.h; sourceTree = "<group>"; };
		CE60F84F260631FF0077AE18 /* cmeta.h */ = {isa = PBXFileReference; fileEncoding = 4; lastKnownFileType = sourcecode.c.h; path = cmeta.h; sourceTree = "<group>"; };
		CE60F850260631FF0077AE18 /* nfuncs.h */ = {isa = PBXFileReference; fileEncoding = 4; lastKnownFileType = sourcecode.c.h; path = nfuncs.h; sourceTree = "<group>"; };
		CE60F851260631FF0077AE18 /* ntypes.cpp */ = {isa = PBXFileReference; fileEncoding = 4; lastKnownFileType = sourcecode.cpp.cpp; path = ntypes.cpp; sourceTree = "<group>"; };
		CE60F852260631FF0077AE18 /* nfuncs.cpp */ = {isa = PBXFileReference; fileEncoding = 4; lastKnownFileType = sourcecode.cpp.cpp; path = nfuncs.cpp; sourceTree = "<group>"; };
		CE60F853260631FF0077AE18 /* NGEN.cpp */ = {isa = PBXFileReference; fileEncoding = 4; lastKnownFileType = sourcecode.cpp.cpp; path = NGEN.cpp; sourceTree = "<group>"; };
		CE60F854260631FF0077AE18 /* ntypes.h */ = {isa = PBXFileReference; fileEncoding = 4; lastKnownFileType = sourcecode.c.h; path = ntypes.h; sourceTree = "<group>"; };
		CE60F855260631FF0077AE18 /* ntypemeta_p.cpp */ = {isa = PBXFileReference; fileEncoding = 4; lastKnownFileType = sourcecode.cpp.cpp; path = ntypemeta_p.cpp; sourceTree = "<group>"; };
		CE60F856260631FF0077AE18 /* ntypemeta_p.h */ = {isa = PBXFileReference; fileEncoding = 4; lastKnownFileType = sourcecode.c.h; path = ntypemeta_p.h; sourceTree = "<group>"; };
		CE60F857260631FF0077AE18 /* nfunccall_p.cpp */ = {isa = PBXFileReference; fileEncoding = 4; lastKnownFileType = sourcecode.cpp.cpp; path = nfunccall_p.cpp; sourceTree = "<group>"; };
		CE9FEB9124F243360029E036 /* xnative.app */ = {isa = PBXFileReference; explicitFileType = wrapper.application; includeInIndex = 0; path = xnative.app; sourceTree = BUILT_PRODUCTS_DIR; };
		CE9FEBAD24F2439B0029E036 /* Info.plist */ = {isa = PBXFileReference; fileEncoding = 4; lastKnownFileType = text.plist.xml; path = Info.plist; sourceTree = "<group>"; };
		CE9FEBAE24F2439B0029E036 /* Assets.xcassets */ = {isa = PBXFileReference; lastKnownFileType = folder.assetcatalog; path = Assets.xcassets; sourceTree = "<group>"; };
		CE9FEBAF24F2439B0029E036 /* LaunchScreen.storyboard */ = {isa = PBXFileReference; fileEncoding = 4; lastKnownFileType = file.storyboard; path = LaunchScreen.storyboard; sourceTree = "<group>"; };
		CE9FEBB024F2439B0029E036 /* main.m */ = {isa = PBXFileReference; fileEncoding = 4; lastKnownFileType = sourcecode.c.objc; path = main.m; sourceTree = "<group>"; };
		CEA0181725FF882D000064C2 /* osjs.c */ = {isa = PBXFileReference; fileEncoding = 4; lastKnownFileType = sourcecode.c.c; path = osjs.c; sourceTree = "<group>"; };
		CEA0181825FF882D000064C2 /* osjs.h */ = {isa = PBXFileReference; fileEncoding = 4; lastKnownFileType = sourcecode.c.h; path = osjs.h; sourceTree = "<group>"; };
		CEA0182625FF882D000064C2 /* NMACJavaScriptCore.m */ = {isa = PBXFileReference; fileEncoding = 4; lastKnownFileType = sourcecode.c.objc; path = NMACJavaScriptCore.m; sourceTree = "<group>"; };
		CEDBDEF325FE172500659AD2 /* NMACBundle.m */ = {isa = PBXFileReference; fileEncoding = 4; lastKnownFileType = sourcecode.c.objc; path = NMACBundle.m; sourceTree = "<group>"; };
		CEDBDEF425FE172500659AD2 /* NMACRunloop.m */ = {isa = PBXFileReference; fileEncoding = 4; lastKnownFileType = sourcecode.c.objc; path = NMACRunloop.m; sourceTree = "<group>"; };
		CEDBDEF525FE172500659AD2 /* NMACFiles.m */ = {isa = PBXFileReference; fileEncoding = 4; lastKnownFileType = sourcecode.c.objc; path = NMACFiles.m; sourceTree = "<group>"; };
		CEDBDEF625FE172500659AD2 /* NMACThread.m */ = {isa = PBXFileReference; fileEncoding = 4; lastKnownFileType = sourcecode.c.objc; path = NMACThread.m; sourceTree = "<group>"; };
		CEEA24A2263852E5004A2A1E /* nlambdaref.h */ = {isa = PBXFileReference; fileEncoding = 4; lastKnownFileType = sourcecode.c.h; path = nlambdaref.h; sourceTree = "<group>"; };
		CEEA24A3263852E5004A2A1E /* nlambdaref.cpp */ = {isa = PBXFileReference; fileEncoding = 4; lastKnownFileType = sourcecode.cpp.cpp; path = nlambdaref.cpp; sourceTree = "<group>"; };
		CEF62B4F25F10D3D0050F57C /* launch.c */ = {isa = PBXFileReference; fileEncoding = 4; lastKnownFileType = sourcecode.c.c; path = launch.c; sourceTree = "<group>"; };
		CEF62B5225F10D3D0050F57C /* claunch.cpp */ = {isa = PBXFileReference; fileEncoding = 4; lastKnownFileType = sourcecode.cpp.cpp; path = claunch.cpp; sourceTree = "<group>"; };
		CEF62B5525F10D3D0050F57C /* jslaunch.c */ = {isa = PBXFileReference; fileEncoding = 4; lastKnownFileType = sourcecode.c.c; path = jslaunch.c; sourceTree = "<group>"; };
/* End PBXFileReference section */

/* Begin PBXFrameworksBuildPhase section */
		CE9FEB8E24F243360029E036 /* Frameworks */ = {
			isa = PBXFrameworksBuildPhase;
			buildActionMask = 2147483647;
			files = (
			);
			runOnlyForDeploymentPostprocessing = 0;
		};
/* End PBXFrameworksBuildPhase section */

/* Begin PBXGroup section */
		CE37F59125D0351400C8302C /* appsrc */ = {
			isa = PBXGroup;
			children = (
				CEF62B5025F10D3D0050F57C /* cmain */,
				CEF62B5325F10D3D0050F57C /* jsmain */,
				CEF62B4D25F10D3D0050F57C /* main */,
			);
			name = appsrc;
			path = ../appsrc;
			sourceTree = "<group>";
		};
		CE37F59725D0352E00C8302C /* sharedsrc */ = {
			isa = PBXGroup;
			children = (
				CE37F5F125D0352E00C8302C /* basis */,
				CE37F61A25D0352E00C8302C /* cmeta */,
				CE37F5D125D0352E00C8302C /* cplus */,
				CE37F59825D0352E00C8302C /* net */,
				CE37F5A125D0352E00C8302C /* osbind */,
				CEA0181525FF882D000064C2 /* osjs */,
				CE37F5D825D0352E00C8302C /* osplat */,
				CE37F5B725D0352E00C8302C /* osui */,
			);
			name = sharedsrc;
			path = ../sharedsrc;
			sourceTree = "<group>";
		};
		CE37F59825D0352E00C8302C /* net */ = {
			isa = PBXGroup;
			children = (
				CE37F59925D0352E00C8302C /* net */,
			);
			path = net;
			sourceTree = "<group>";
		};
		CE37F59925D0352E00C8302C /* net */ = {
			isa = PBXGroup;
			children = (
				CE37F59C25D0352E00C8302C /* net.h */,
				CE37F59A25D0352E00C8302C /* nsocket_posix.c */,
				CE37F5A025D0352E00C8302C /* nsocket_win32.c */,
				CE37F59D25D0352E00C8302C /* nsocket.c */,
				CE37F59E25D0352E00C8302C /* nsocket.h */,
			);
			path = net;
			sourceTree = "<group>";
		};
		CE37F5A125D0352E00C8302C /* osbind */ = {
			isa = PBXGroup;
			children = (
				CE37F5B125D0352E00C8302C /* osbind */,
				CE37F5B425D0352E00C8302C /* osbind_mac */,
			);
			path = osbind;
			sourceTree = "<group>";
		};
		CE37F5B125D0352E00C8302C /* osbind */ = {
			isa = PBXGroup;
			children = (
				CE37F5B325D0352E00C8302C /* osbind.c */,
				CE37F5B225D0352E00C8302C /* osbind.h */,
			);
			path = osbind;
			sourceTree = "<group>";
		};
		CE37F5B425D0352E00C8302C /* osbind_mac */ = {
			isa = PBXGroup;
			children = (
				CE37F5B525D0352E00C8302C /* NOBJCBind.c */,
				CE37F5B625D0352E00C8302C /* NOBJCBind.h */,
			);
			path = osbind_mac;
			sourceTree = "<group>";
		};
		CE37F5B725D0352E00C8302C /* osui */ = {
			isa = PBXGroup;
			children = (
				CE37F5C125D0352E00C8302C /* osui */,
				CE37F5CC25D0352E00C8302C /* osui_ios */,
			);
			path = osui;
			sourceTree = "<group>";
		};
		CE37F5C125D0352E00C8302C /* osui */ = {
			isa = PBXGroup;
			children = (
				CE474A4F263AC6D400E3F49F /* nbrush.c */,
				CE474A4B263AC6D400E3F49F /* nbrush.h */,
				CE474A56263AC6D400E3F49F /* nbutton.c */,
				CE474A4A263AC6D400E3F49F /* nbutton.h */,
				CE474A5B263AC6D400E3F49F /* ncolor.c */,
				CE474A51263AC6D400E3F49F /* ncolor.h */,
				CE474A50263AC6D400E3F49F /* nimageview.c */,
				CE474A58263AC6D400E3F49F /* nimageview.h */,
				CE474A57263AC6D400E3F49F /* nkey.c */,
				CE474A54263AC6D400E3F49F /* nkey.h */,
				CE474A4E263AC6D400E3F49F /* nlabel.c */,
				CE474A53263AC6D400E3F49F /* nlabel.h */,
				CE37F5C325D0352E00C8302C /* nlaunch.h */,
				CE474A49263AC6D400E3F49F /* nlayout.c */,
				CE474A59263AC6D400E3F49F /* nlayout.h */,
				CE474A4D263AC6D400E3F49F /* ntextfield.c */,
				CE474A52263AC6D400E3F49F /* ntextfield.h */,
				CE474A5A263AC6D400E3F49F /* nview.c */,
				CE474A5C263AC6D400E3F49F /* nview.h */,
				CE474A55263AC6D400E3F49F /* nwindow.c */,
				CE474A4C263AC6D400E3F49F /* nwindow.h */,
				CE37F5C425D0352E00C8302C /* osui.h */,
			);
			path = osui;
			sourceTree = "<group>";
		};
		CE37F5CC25D0352E00C8302C /* osui_ios */ = {
			isa = PBXGroup;
			children = (
				CE37F5D025D0352E00C8302C /* NIOSAppDelegate.h */,
				CE37F5CE25D0352E00C8302C /* NIOSAppDelegate.m */,
				CE37F5CF25D0352E00C8302C /* NIOSViewController.h */,
				CE37F5CD25D0352E00C8302C /* NIOSViewController.m */,
			);
			path = osui_ios;
			sourceTree = "<group>";
		};
		CE37F5D125D0352E00C8302C /* cplus */ = {
			isa = PBXGroup;
			children = (
				CE37F5D225D0352E00C8302C /* cplus */,
			);
			path = cplus;
			sourceTree = "<group>";
		};
		CE37F5D225D0352E00C8302C /* cplus */ = {
			isa = PBXGroup;
			children = (
				CE37F5D425D0352E00C8302C /* cplus.h */,
				CE2468E025DFF34000ED25DE /* ncpprefs.cpp */,
				CE2468E525DFF34000ED25DE /* ncpprefs.h */,
				CEEA24A3263852E5004A2A1E /* nlambdaref.cpp */,
				CEEA24A2263852E5004A2A1E /* nlambdaref.h */,
				CE2468E325DFF34000ED25DE /* nobjectref.cpp */,
				CE2468E125DFF34000ED25DE /* nobjectref.h */,
			);
			path = cplus;
			sourceTree = "<group>";
		};
		CE37F5D825D0352E00C8302C /* osplat */ = {
			isa = PBXGroup;
			children = (
				CE37F5EA25D0352E00C8302C /* osplat */,
				CE37F5D925D0352E00C8302C /* osplat_mac */,
			);
			path = osplat;
			sourceTree = "<group>";
		};
		CE37F5D925D0352E00C8302C /* osplat_mac */ = {
			isa = PBXGroup;
			children = (
				CEDBDEF325FE172500659AD2 /* NMACBundle.m */,
				CEDBDEF525FE172500659AD2 /* NMACFiles.m */,
				CEDBDEF425FE172500659AD2 /* NMACRunloop.m */,
				CEDBDEF625FE172500659AD2 /* NMACThread.m */,
			);
			path = osplat_mac;
			sourceTree = "<group>";
		};
		CE37F5EA25D0352E00C8302C /* osplat */ = {
			isa = PBXGroup;
			children = (
				CE37F5EC25D0352E00C8302C /* nbundle.h */,
				CE37F5EF25D0352E00C8302C /* nfiles.h */,
				CE37F5ED25D0352E00C8302C /* nrunloop.h */,
				CE37F5F025D0352E00C8302C /* nthread.h */,
				CE37F5EB25D0352E00C8302C /* osplat.c */,
				CE37F5EE25D0352E00C8302C /* osplat.h */,
			);
			path = osplat;
			sourceTree = "<group>";
		};
		CE37F5F125D0352E00C8302C /* basis */ = {
			isa = PBXGroup;
			children = (
				CE37F5F225D0352E00C8302C /* basis */,
			);
			path = basis;
			sourceTree = "<group>";
		};
		CE37F5F225D0352E00C8302C /* basis */ = {
			isa = PBXGroup;
			children = (
				CE37F60025D0352E00C8302C /* algorithm */,
				CE37F5F625D0352E00C8302C /* basis.h */,
				CE37F5FE25D0352E00C8302C /* narray.c */,
				CE37F61525D0352E00C8302C /* narray.h */,
				CE37F61625D0352E00C8302C /* ndata.c */,
				CE37F5FC25D0352E00C8302C /* ndata.h */,
				CE37F5F825D0352E00C8302C /* nenviron.h */,
				CE37F5FD25D0352E00C8302C /* nio.c */,
				CE37F61425D0352E00C8302C /* nio.h */,
				CE37F5F425D0352E00C8302C /* niterator.c */,
				CE37F60E25D0352E00C8302C /* niterator.h */,
				CE1A1C2A26077B0B00ECF9A7 /* nlambda.c */,
				CE1A1C2926077B0B00ECF9A7 /* nlambda.h */,
				CE37F61825D0352E00C8302C /* nlock.c */,
				CE37F5FB25D0352E00C8302C /* nlock.h */,
				CE37F60D25D0352E00C8302C /* nmemory.c */,
				CE37F61925D0352E00C8302C /* nmemory.h */,
				CE37F5F325D0352E00C8302C /* nnumber.c */,
				CE37F61025D0352E00C8302C /* nnumber.h */,
				CE37F60F25D0352E00C8302C /* npod.c */,
				CE37F5F525D0352E00C8302C /* npod.h */,
				CE37F5F925D0352E00C8302C /* nstring.c */,
				CE37F61125D0352E00C8302C /* nstring.h */,
				CE37F5FA25D0352E00C8302C /* ntable.c */,
				CE37F61725D0352E00C8302C /* ntable.h */,
				CE37F5FF25D0352E00C8302C /* nunicode.c */,
				CE37F61325D0352E00C8302C /* nunicode.h */,
			);
			path = basis;
			sourceTree = "<group>";
		};
		CE37F60025D0352E00C8302C /* algorithm */ = {
			isa = PBXGroup;
			children = (
				CE37F60425D0352E00C8302C /* avltree.c */,
				CE37F60C25D0352E00C8302C /* avltree.h */,
				CE37F60125D0352E00C8302C /* binlist.c */,
				CE37F60725D0352E00C8302C /* binlist.h */,
				CE37F60A25D0352E00C8302C /* cerpool.c */,
				CE37F60625D0352E00C8302C /* cerpool.h */,
				CE37F60525D0352E00C8302C /* cstr.c */,
				CE37F60B25D0352E00C8302C /* cstr.h */,
				CE37F60325D0352E00C8302C /* def.c */,
				CE37F60925D0352E00C8302C /* def.h */,
				CE37F60225D0352E00C8302C /* scalist.c */,
				CE37F60825D0352E00C8302C /* scalist.h */,
			);
			path = algorithm;
			sourceTree = "<group>";
		};
		CE37F61A25D0352E00C8302C /* cmeta */ = {
			isa = PBXGroup;
			children = (
				CE37F61B25D0352E00C8302C /* cmeta */,
			);
			path = cmeta;
			sourceTree = "<group>";
		};
		CE37F61B25D0352E00C8302C /* cmeta */ = {
			isa = PBXGroup;
			children = (
				CE60F84F260631FF0077AE18 /* cmeta.h */,
				CE60F857260631FF0077AE18 /* nfunccall_p.cpp */,
				CE60F84E260631FF0077AE18 /* nfunccall_p.h */,
				CE60F84C260631FF0077AE18 /* nfuncmeta_p.cpp */,
				CE60F84D260631FF0077AE18 /* nfuncmeta_p.h */,
				CE60F852260631FF0077AE18 /* nfuncs.cpp */,
				CE60F850260631FF0077AE18 /* nfuncs.h */,
				CE60F853260631FF0077AE18 /* NGEN.cpp */,
				CE60F84A260631FF0077AE18 /* NGEN.h */,
				CE60F84B260631FF0077AE18 /* ntrait_p.h */,
				CE60F855260631FF0077AE18 /* ntypemeta_p.cpp */,
				CE60F856260631FF0077AE18 /* ntypemeta_p.h */,
				CE60F851260631FF0077AE18 /* ntypes.cpp */,
				CE60F854260631FF0077AE18 /* ntypes.h */,
			);
			path = cmeta;
			sourceTree = "<group>";
		};
		CE9FEB8824F243360029E036 = {
			isa = PBXGroup;
			children = (
				CE37F59125D0351400C8302C /* appsrc */,
				CE37F59725D0352E00C8302C /* sharedsrc */,
				CE9FEB9324F243360029E036 /* program */,
				CE9FEB9224F243360029E036 /* products */,
			);
			sourceTree = "<group>";
		};
		CE9FEB9224F243360029E036 /* products */ = {
			isa = PBXGroup;
			children = (
				CE9FEB9124F243360029E036 /* xnative.app */,
			);
			name = products;
			sourceTree = "<group>";
		};
		CE9FEB9324F243360029E036 /* program */ = {
			isa = PBXGroup;
			children = (
				CE9FEBAE24F2439B0029E036 /* Assets.xcassets */,
				CE9FEBAD24F2439B0029E036 /* Info.plist */,
				CE9FEBAF24F2439B0029E036 /* LaunchScreen.storyboard */,
				CE9FEBB024F2439B0029E036 /* main.m */,
			);
			path = program;
			sourceTree = "<group>";
		};
		CEA0181525FF882D000064C2 /* osjs */ = {
			isa = PBXGroup;
			children = (
				CEA0181625FF882D000064C2 /* osjs */,
				CEA0182525FF882D000064C2 /* osjs_mac */,
			);
			path = osjs;
			sourceTree = "<group>";
		};
		CEA0181625FF882D000064C2 /* osjs */ = {
			isa = PBXGroup;
			children = (
				CEA0181725FF882D000064C2 /* osjs.c */,
				CEA0181825FF882D000064C2 /* osjs.h */,
			);
			path = osjs;
			sourceTree = "<group>";
		};
		CEA0182525FF882D000064C2 /* osjs_mac */ = {
			isa = PBXGroup;
			children = (
				CEA0182625FF882D000064C2 /* NMACJavaScriptCore.m */,
			);
			path = osjs_mac;
			sourceTree = "<group>";
		};
		CEF62B4D25F10D3D0050F57C /* main */ = {
			isa = PBXGroup;
			children = (
				CEF62B4E25F10D3D0050F57C /* main */,
			);
			path = main;
			sourceTree = "<group>";
		};
		CEF62B4E25F10D3D0050F57C /* main */ = {
			isa = PBXGroup;
			children = (
				CEF62B4F25F10D3D0050F57C /* launch.c */,
			);
			path = main;
			sourceTree = "<group>";
		};
		CEF62B5025F10D3D0050F57C /* cmain */ = {
			isa = PBXGroup;
			children = (
				CEF62B5125F10D3D0050F57C /* cmain */,
			);
			path = cmain;
			sourceTree = "<group>";
		};
		CEF62B5125F10D3D0050F57C /* cmain */ = {
			isa = PBXGroup;
			children = (
				CEF62B5225F10D3D0050F57C /* claunch.cpp */,
			);
			path = cmain;
			sourceTree = "<group>";
		};
		CEF62B5325F10D3D0050F57C /* jsmain */ = {
			isa = PBXGroup;
			children = (
				CEF62B5425F10D3D0050F57C /* jsmain */,
			);
			path = jsmain;
			sourceTree = "<group>";
		};
		CEF62B5425F10D3D0050F57C /* jsmain */ = {
			isa = PBXGroup;
			children = (
				CEF62B5525F10D3D0050F57C /* jslaunch.c */,
			);
			path = jsmain;
			sourceTree = "<group>";
		};
/* End PBXGroup section */

/* Begin PBXNativeTarget section */
		CE9FEB9024F243360029E036 /* program */ = {
			isa = PBXNativeTarget;
			buildConfigurationList = CE9FEBAA24F243360029E036 /* Build configuration list for PBXNativeTarget "program" */;
			buildPhases = (
				CE9FEB8D24F243360029E036 /* Sources */,
				CE9FEB8E24F243360029E036 /* Frameworks */,
				CE9FEB8F24F243360029E036 /* Resources */,
			);
			buildRules = (
			);
			dependencies = (
			);
			name = program;
			productName = program;
			productReference = CE9FEB9124F243360029E036 /* xnative.app */;
			productType = "com.apple.product-type.application";
		};
/* End PBXNativeTarget section */

/* Begin PBXProject section */
		CE9FEB8924F243360029E036 /* Project object */ = {
			isa = PBXProject;
			attributes = {
				LastUpgradeCheck = 1200;
				ORGANIZATIONNAME = wzsayiie;
				TargetAttributes = {
					CE9FEB9024F243360029E036 = {
						CreatedOnToolsVersion = 11.6;
					};
				};
			};
			buildConfigurationList = CE9FEB8C24F243360029E036 /* Build configuration list for PBXProject "program_ios" */;
			compatibilityVersion = "Xcode 9.3";
			developmentRegion = en;
			hasScannedForEncodings = 0;
			knownRegions = (
				en,
				Base,
			);
			mainGroup = CE9FEB8824F243360029E036;
			productRefGroup = CE9FEB9224F243360029E036 /* products */;
			projectDirPath = "";
			projectRoot = "";
			targets = (
				CE9FEB9024F243360029E036 /* program */,
			);
		};
/* End PBXProject section */

/* Begin PBXResourcesBuildPhase section */
		CE9FEB8F24F243360029E036 /* Resources */ = {
			isa = PBXResourcesBuildPhase;
			buildActionMask = 2147483647;
			files = (
				CE9FEBB324F2439B0029E036 /* LaunchScreen.storyboard in Resources */,
				CE9FEBB224F2439B0029E036 /* Assets.xcassets in Resources */,
			);
			runOnlyForDeploymentPostprocessing = 0;
		};
/* End PBXResourcesBuildPhase section */

/* Begin PBXSourcesBuildPhase section */
		CE9FEB8D24F243360029E036 /* Sources */ = {
			isa = PBXSourcesBuildPhase;
			buildActionMask = 2147483647;
			files = (
				CE474A62263AC6D400E3F49F /* nwindow.c in Sources */,
				CE474A60263AC6D400E3F49F /* nbrush.c in Sources */,
				CE37F65025D0352E00C8302C /* scalist.c in Sources */,
				CE37F63025D0352E00C8302C /* NOBJCBind.c in Sources */,
				CEDBDEF725FE172500659AD2 /* NMACBundle.m in Sources */,
				CE37F64F25D0352E00C8302C /* binlist.c in Sources */,
				CE37F64725D0352E00C8302C /* osplat.c in Sources */,
				CE2468E725DFF34000ED25DE /* nobjectref.cpp in Sources */,
				CE474A66263AC6D400E3F49F /* ncolor.c in Sources */,
				CE37F64C25D0352E00C8302C /* nio.c in Sources */,
				CE474A5F263AC6D400E3F49F /* nlabel.c in Sources */,
				CEEA24A4263852E5004A2A1E /* nlambdaref.cpp in Sources */,
				CE37F65925D0352E00C8302C /* nlock.c in Sources */,
				CE474A61263AC6D400E3F49F /* nimageview.c in Sources */,
				CE37F64925D0352E00C8302C /* niterator.c in Sources */,
				CE37F63725D0352E00C8302C /* NIOSViewController.m in Sources */,
				CE37F64B25D0352E00C8302C /* ntable.c in Sources */,
				CE60F858260631FF0077AE18 /* nfuncmeta_p.cpp in Sources */,
				CE474A64263AC6D400E3F49F /* nkey.c in Sources */,
				CE37F62F25D0352E00C8302C /* osbind.c in Sources */,
				CE60F85A260631FF0077AE18 /* nfuncs.cpp in Sources */,
				CE60F85C260631FF0077AE18 /* ntypemeta_p.cpp in Sources */,
				CE37F62525D0352E00C8302C /* nsocket.c in Sources */,
				CE60F85B260631FF0077AE18 /* NGEN.cpp in Sources */,
				CE37F65125D0352E00C8302C /* def.c in Sources */,
				CE1A1C2B26077B0B00ECF9A7 /* nlambda.c in Sources */,
				CE474A5D263AC6D400E3F49F /* nlayout.c in Sources */,
				CEDBDEF925FE172500659AD2 /* NMACFiles.m in Sources */,
				CE474A65263AC6D400E3F49F /* nview.c in Sources */,
				CEA0182725FF882D000064C2 /* osjs.c in Sources */,
				CE37F65425D0352E00C8302C /* cerpool.c in Sources */,
				CE37F65825D0352E00C8302C /* ndata.c in Sources */,
				CE37F62425D0352E00C8302C /* nsocket_posix.c in Sources */,
				CE37F65225D0352E00C8302C /* avltree.c in Sources */,
				CE37F64E25D0352E00C8302C /* nunicode.c in Sources */,
				CE37F63825D0352E00C8302C /* NIOSAppDelegate.m in Sources */,
				CE60F859260631FF0077AE18 /* ntypes.cpp in Sources */,
				CEF62B5625F10D3E0050F57C /* launch.c in Sources */,
				CEDBDEF825FE172500659AD2 /* NMACRunloop.m in Sources */,
				CEF62B5825F10D3E0050F57C /* jslaunch.c in Sources */,
				CE37F62725D0352E00C8302C /* nsocket_win32.c in Sources */,
				CEDBDEFA25FE172500659AD2 /* NMACThread.m in Sources */,
				CE9FEBB424F2439B0029E036 /* main.m in Sources */,
				CE37F64D25D0352E00C8302C /* narray.c in Sources */,
				CE37F64825D0352E00C8302C /* nnumber.c in Sources */,
				CE37F65625D0352E00C8302C /* npod.c in Sources */,
				CE60F85D260631FF0077AE18 /* nfunccall_p.cpp in Sources */,
				CEA0182C25FF882D000064C2 /* NMACJavaScriptCore.m in Sources */,
				CE474A5E263AC6D400E3F49F /* ntextfield.c in Sources */,
				CE37F65525D0352E00C8302C /* nmemory.c in Sources */,
				CE37F65325D0352E00C8302C /* cstr.c in Sources */,
				CE474A63263AC6D400E3F49F /* nbutton.c in Sources */,
				CE37F64A25D0352E00C8302C /* nstring.c in Sources */,
				CEF62B5725F10D3E0050F57C /* claunch.cpp in Sources */,
				CE2468E625DFF34000ED25DE /* ncpprefs.cpp in Sources */,
			);
			runOnlyForDeploymentPostprocessing = 0;
		};
/* End PBXSourcesBuildPhase section */

/* Begin XCBuildConfiguration section */
		CE9FEBA824F243360029E036 /* Debug */ = {
			isa = XCBuildConfiguration;
			buildSettings = {
				ALWAYS_SEARCH_USER_PATHS = NO;
				CLANG_ANALYZER_NONNULL = YES;
				CLANG_ANALYZER_NUMBER_OBJECT_CONVERSION = YES_AGGRESSIVE;
				CLANG_CXX_LANGUAGE_STANDARD = "gnu++14";
				CLANG_CXX_LIBRARY = "libc++";
				CLANG_ENABLE_MODULES = YES;
				CLANG_ENABLE_OBJC_ARC = YES;
				CLANG_ENABLE_OBJC_WEAK = YES;
				CLANG_WARN_BLOCK_CAPTURE_AUTORELEASING = YES;
				CLANG_WARN_BOOL_CONVERSION = YES;
				CLANG_WARN_COMMA = YES;
				CLANG_WARN_CONSTANT_CONVERSION = YES;
				CLANG_WARN_DEPRECATED_OBJC_IMPLEMENTATIONS = YES;
				CLANG_WARN_DIRECT_OBJC_ISA_USAGE = YES_ERROR;
				CLANG_WARN_DOCUMENTATION_COMMENTS = YES;
				CLANG_WARN_EMPTY_BODY = YES;
				CLANG_WARN_ENUM_CONVERSION = YES;
				CLANG_WARN_INFINITE_RECURSION = YES;
				CLANG_WARN_INT_CONVERSION = YES;
				CLANG_WARN_NON_LITERAL_NULL_CONVERSION = YES;
				CLANG_WARN_OBJC_IMPLICIT_RETAIN_SELF = YES;
				CLANG_WARN_OBJC_LITERAL_CONVERSION = YES;
				CLANG_WARN_OBJC_ROOT_CLASS = YES_ERROR;
				CLANG_WARN_QUOTED_INCLUDE_IN_FRAMEWORK_HEADER = YES;
				CLANG_WARN_RANGE_LOOP_ANALYSIS = YES;
				CLANG_WARN_STRICT_PROTOTYPES = YES;
				CLANG_WARN_SUSPICIOUS_MOVE = YES;
				CLANG_WARN_UNGUARDED_AVAILABILITY = YES_AGGRESSIVE;
				CLANG_WARN_UNREACHABLE_CODE = YES;
				CLANG_WARN__DUPLICATE_METHOD_MATCH = YES;
				COPY_PHASE_STRIP = NO;
				DEBUG_INFORMATION_FORMAT = dwarf;
				DEVELOPMENT_TEAM = C7Z95JWD4Y;
				ENABLE_STRICT_OBJC_MSGSEND = YES;
				ENABLE_TESTABILITY = YES;
				GCC_C_LANGUAGE_STANDARD = gnu11;
				GCC_DYNAMIC_NO_PIC = NO;
				GCC_NO_COMMON_BLOCKS = YES;
				GCC_OPTIMIZATION_LEVEL = 0;
				GCC_PREPROCESSOR_DEFINITIONS = (
					"DEBUG=1",
					"$(inherited)",
				);
				GCC_WARN_64_TO_32_BIT_CONVERSION = YES;
				GCC_WARN_ABOUT_RETURN_TYPE = YES_ERROR;
				GCC_WARN_UNDECLARED_SELECTOR = YES;
				GCC_WARN_UNINITIALIZED_AUTOS = YES_AGGRESSIVE;
				GCC_WARN_UNUSED_FUNCTION = YES;
				GCC_WARN_UNUSED_VARIABLE = YES;
				IPHONEOS_DEPLOYMENT_TARGET = 14.0;
				MTL_ENABLE_DEBUG_INFO = INCLUDE_SOURCE;
				MTL_FAST_MATH = YES;
				ONLY_ACTIVE_ARCH = YES;
				SDKROOT = iphoneos;
			};
			name = Debug;
		};
		CE9FEBA924F243360029E036 /* Release */ = {
			isa = XCBuildConfiguration;
			buildSettings = {
				ALWAYS_SEARCH_USER_PATHS = NO;
				CLANG_ANALYZER_NONNULL = YES;
				CLANG_ANALYZER_NUMBER_OBJECT_CONVERSION = YES_AGGRESSIVE;
				CLANG_CXX_LANGUAGE_STANDARD = "gnu++14";
				CLANG_CXX_LIBRARY = "libc++";
				CLANG_ENABLE_MODULES = YES;
				CLANG_ENABLE_OBJC_ARC = YES;
				CLANG_ENABLE_OBJC_WEAK = YES;
				CLANG_WARN_BLOCK_CAPTURE_AUTORELEASING = YES;
				CLANG_WARN_BOOL_CONVERSION = YES;
				CLANG_WARN_COMMA = YES;
				CLANG_WARN_CONSTANT_CONVERSION = YES;
				CLANG_WARN_DEPRECATED_OBJC_IMPLEMENTATIONS = YES;
				CLANG_WARN_DIRECT_OBJC_ISA_USAGE = YES_ERROR;
				CLANG_WARN_DOCUMENTATION_COMMENTS = YES;
				CLANG_WARN_EMPTY_BODY = YES;
				CLANG_WARN_ENUM_CONVERSION = YES;
				CLANG_WARN_INFINITE_RECURSION = YES;
				CLANG_WARN_INT_CONVERSION = YES;
				CLANG_WARN_NON_LITERAL_NULL_CONVERSION = YES;
				CLANG_WARN_OBJC_IMPLICIT_RETAIN_SELF = YES;
				CLANG_WARN_OBJC_LITERAL_CONVERSION = YES;
				CLANG_WARN_OBJC_ROOT_CLASS = YES_ERROR;
				CLANG_WARN_QUOTED_INCLUDE_IN_FRAMEWORK_HEADER = YES;
				CLANG_WARN_RANGE_LOOP_ANALYSIS = YES;
				CLANG_WARN_STRICT_PROTOTYPES = YES;
				CLANG_WARN_SUSPICIOUS_MOVE = YES;
				CLANG_WARN_UNGUARDED_AVAILABILITY = YES_AGGRESSIVE;
				CLANG_WARN_UNREACHABLE_CODE = YES;
				CLANG_WARN__DUPLICATE_METHOD_MATCH = YES;
				COPY_PHASE_STRIP = NO;
				DEBUG_INFORMATION_FORMAT = "dwarf-with-dsym";
				DEVELOPMENT_TEAM = C7Z95JWD4Y;
				ENABLE_NS_ASSERTIONS = NO;
				ENABLE_STRICT_OBJC_MSGSEND = YES;
				GCC_C_LANGUAGE_STANDARD = gnu11;
				GCC_NO_COMMON_BLOCKS = YES;
				GCC_WARN_64_TO_32_BIT_CONVERSION = YES;
				GCC_WARN_ABOUT_RETURN_TYPE = YES_ERROR;
				GCC_WARN_UNDECLARED_SELECTOR = YES;
				GCC_WARN_UNINITIALIZED_AUTOS = YES_AGGRESSIVE;
				GCC_WARN_UNUSED_FUNCTION = YES;
				GCC_WARN_UNUSED_VARIABLE = YES;
				IPHONEOS_DEPLOYMENT_TARGET = 14.0;
				MTL_ENABLE_DEBUG_INFO = NO;
				MTL_FAST_MATH = YES;
				SDKROOT = iphoneos;
				VALIDATE_PRODUCT = YES;
			};
			name = Release;
		};
		CE9FEBAB24F243360029E036 /* Debug */ = {
			isa = XCBuildConfiguration;
			buildSettings = {
				ASSETCATALOG_COMPILER_APPICON_NAME = AppIcon;
				CODE_SIGN_STYLE = Automatic;
				HEADER_SEARCH_PATHS = "$(SRCROOT)/../HEADERS";
				INFOPLIST_FILE = program/Info.plist;
				LD_RUNPATH_SEARCH_PATHS = (
					"$(inherited)",
					"@executable_path/Frameworks",
				);
				PRODUCT_BUNDLE_IDENTIFIER = me.wzsayiie.app.ios;
				PRODUCT_NAME = xnative;
				TARGETED_DEVICE_FAMILY = "1,2";
			};
			name = Debug;
		};
		CE9FEBAC24F243360029E036 /* Release */ = {
			isa = XCBuildConfiguration;
			buildSettings = {
				ASSETCATALOG_COMPILER_APPICON_NAME = AppIcon;
				CODE_SIGN_STYLE = Automatic;
				HEADER_SEARCH_PATHS = "$(SRCROOT)/../HEADERS";
				INFOPLIST_FILE = program/Info.plist;
				LD_RUNPATH_SEARCH_PATHS = (
					"$(inherited)",
					"@executable_path/Frameworks",
				);
				PRODUCT_BUNDLE_IDENTIFIER = me.wzsayiie.app.ios;
				PRODUCT_NAME = xnative;
				TARGETED_DEVICE_FAMILY = "1,2";
			};
			name = Release;
		};
/* End XCBuildConfiguration section */

/* Begin XCConfigurationList section */
		CE9FEB8C24F243360029E036 /* Build configuration list for PBXProject "program_ios" */ = {
			isa = XCConfigurationList;
			buildConfigurations = (
				CE9FEBA824F243360029E036 /* Debug */,
				CE9FEBA924F243360029E036 /* Release */,
			);
			defaultConfigurationIsVisible = 0;
			defaultConfigurationName = Release;
		};
		CE9FEBAA24F243360029E036 /* Build configuration list for PBXNativeTarget "program" */ = {
			isa = XCConfigurationList;
			buildConfigurations = (
				CE9FEBAB24F243360029E036 /* Debug */,
				CE9FEBAC24F243360029E036 /* Release */,
			);
			defaultConfigurationIsVisible = 0;
			defaultConfigurationName = Release;
		};
/* End XCConfigurationList section */
	};
	rootObject = CE9FEB8924F243360029E036 /* Project object */;
}
