// !$*UTF8*$!
{
	archiveVersion = 1;
	classes = {
	};
	objectVersion = 50;
	objects = {

/* Begin PBXBuildFile section */
		CE0B3EFC24F2AF360038E58A /* uidev.c in Sources */ = {isa = PBXBuildFile; fileRef = CE0B3EE624F2AF360038E58A /* uidev.c */; };
		CE0B3EFD24F2AF360038E58A /* NMAppDelegate.m in Sources */ = {isa = PBXBuildFile; fileRef = CE0B3EE824F2AF360038E58A /* NMAppDelegate.m */; };
		CE0B3EFE24F2AF360038E58A /* NMViewController.m in Sources */ = {isa = PBXBuildFile; fileRef = CE0B3EE924F2AF360038E58A /* NMViewController.m */; };
		CE0B3EFF24F2AF360038E58A /* NMWindowController.m in Sources */ = {isa = PBXBuildFile; fileRef = CE0B3EEA24F2AF360038E58A /* NMWindowController.m */; };
		CE0FE385254085F20005F381 /* launch.cpp in Sources */ = {isa = PBXBuildFile; fileRef = CE0FE384254085F20005F381 /* launch.cpp */; };
		CE0FE389254085FC0005F381 /* nlaunch.c in Sources */ = {isa = PBXBuildFile; fileRef = CE0FE387254085FC0005F381 /* nlaunch.c */; };
		CECB6487253AE8C1002B766D /* ndef.c in Sources */ = {isa = PBXBuildFile; fileRef = CECB6479253AE8C1002B766D /* ndef.c */; };
		CECB6488253AE8C1002B766D /* nmemory.c in Sources */ = {isa = PBXBuildFile; fileRef = CECB647C253AE8C1002B766D /* nmemory.c */; };
		CECB6489253AE8C1002B766D /* nobject.c in Sources */ = {isa = PBXBuildFile; fileRef = CECB647D253AE8C1002B766D /* nobject.c */; };
		CECB648B253AE8C1002B766D /* basis.c in Sources */ = {isa = PBXBuildFile; fileRef = CECB6482253AE8C1002B766D /* basis.c */; };
		CECB648C253AE8C1002B766D /* nstring.c in Sources */ = {isa = PBXBuildFile; fileRef = CECB6486253AE8C1002B766D /* nstring.c */; };
		CECB6493253B1BC8002B766D /* nio.c in Sources */ = {isa = PBXBuildFile; fileRef = CECB6492253B1BC8002B766D /* nio.c */; };
		CED80C2624F2ADA30063F3DE /* Assets.xcassets in Resources */ = {isa = PBXBuildFile; fileRef = CED80C2524F2ADA30063F3DE /* Assets.xcassets */; };
		CED80C2C24F2ADA30063F3DE /* main.m in Sources */ = {isa = PBXBuildFile; fileRef = CED80C2B24F2ADA30063F3DE /* main.m */; };
		CEE8D8382545539500AD308C /* nunicode.c in Sources */ = {isa = PBXBuildFile; fileRef = CEE8D8362545539500AD308C /* nunicode.c */; };
/* End PBXBuildFile section */

/* Begin PBXFileReference section */
		CE0B3EE524F2AF360038E58A /* uidev.h */ = {isa = PBXFileReference; fileEncoding = 4; lastKnownFileType = sourcecode.c.h; path = uidev.h; sourceTree = "<group>"; };
		CE0B3EE624F2AF360038E58A /* uidev.c */ = {isa = PBXFileReference; fileEncoding = 4; lastKnownFileType = sourcecode.c.c; path = uidev.c; sourceTree = "<group>"; };
		CE0B3EE824F2AF360038E58A /* NMAppDelegate.m */ = {isa = PBXFileReference; fileEncoding = 4; lastKnownFileType = sourcecode.c.objc; path = NMAppDelegate.m; sourceTree = "<group>"; };
		CE0B3EE924F2AF360038E58A /* NMViewController.m */ = {isa = PBXFileReference; fileEncoding = 4; lastKnownFileType = sourcecode.c.objc; path = NMViewController.m; sourceTree = "<group>"; };
		CE0B3EEA24F2AF360038E58A /* NMWindowController.m */ = {isa = PBXFileReference; fileEncoding = 4; lastKnownFileType = sourcecode.c.objc; path = NMWindowController.m; sourceTree = "<group>"; };
		CE0B3EEB24F2AF360038E58A /* NMViewController.h */ = {isa = PBXFileReference; fileEncoding = 4; lastKnownFileType = sourcecode.c.h; path = NMViewController.h; sourceTree = "<group>"; };
		CE0B3EEC24F2AF360038E58A /* NMAppDelegate.h */ = {isa = PBXFileReference; fileEncoding = 4; lastKnownFileType = sourcecode.c.h; path = NMAppDelegate.h; sourceTree = "<group>"; };
		CE0B3EED24F2AF360038E58A /* NMWindowController.h */ = {isa = PBXFileReference; fileEncoding = 4; lastKnownFileType = sourcecode.c.h; path = NMWindowController.h; sourceTree = "<group>"; };
		CE0FE383254085F20005F381 /* launch.h */ = {isa = PBXFileReference; fileEncoding = 4; lastKnownFileType = sourcecode.c.h; path = launch.h; sourceTree = "<group>"; };
		CE0FE384254085F20005F381 /* launch.cpp */ = {isa = PBXFileReference; fileEncoding = 4; lastKnownFileType = sourcecode.cpp.cpp; path = launch.cpp; sourceTree = "<group>"; };
		CE0FE387254085FC0005F381 /* nlaunch.c */ = {isa = PBXFileReference; fileEncoding = 4; lastKnownFileType = sourcecode.c.c; path = nlaunch.c; sourceTree = "<group>"; };
		CE0FE388254085FC0005F381 /* nlaunch.h */ = {isa = PBXFileReference; fileEncoding = 4; lastKnownFileType = sourcecode.c.h; path = nlaunch.h; sourceTree = "<group>"; };
		CECB6479253AE8C1002B766D /* ndef.c */ = {isa = PBXFileReference; fileEncoding = 4; lastKnownFileType = sourcecode.c.c; path = ndef.c; sourceTree = "<group>"; };
		CECB647A253AE8C1002B766D /* ndef.h */ = {isa = PBXFileReference; fileEncoding = 4; lastKnownFileType = sourcecode.c.h; path = ndef.h; sourceTree = "<group>"; };
		CECB647B253AE8C1002B766D /* nmemory.h */ = {isa = PBXFileReference; fileEncoding = 4; lastKnownFileType = sourcecode.c.h; path = nmemory.h; sourceTree = "<group>"; };
		CECB647C253AE8C1002B766D /* nmemory.c */ = {isa = PBXFileReference; fileEncoding = 4; lastKnownFileType = sourcecode.c.c; path = nmemory.c; sourceTree = "<group>"; };
		CECB647D253AE8C1002B766D /* nobject.c */ = {isa = PBXFileReference; fileEncoding = 4; lastKnownFileType = sourcecode.c.c; path = nobject.c; sourceTree = "<group>"; };
		CECB647E253AE8C1002B766D /* nstring.h */ = {isa = PBXFileReference; fileEncoding = 4; lastKnownFileType = sourcecode.c.h; path = nstring.h; sourceTree = "<group>"; };
		CECB647F253AE8C1002B766D /* nobject.h */ = {isa = PBXFileReference; fileEncoding = 4; lastKnownFileType = sourcecode.c.h; path = nobject.h; sourceTree = "<group>"; };
		CECB6481253AE8C1002B766D /* nio.h */ = {isa = PBXFileReference; fileEncoding = 4; lastKnownFileType = sourcecode.c.h; path = nio.h; sourceTree = "<group>"; };
		CECB6482253AE8C1002B766D /* basis.c */ = {isa = PBXFileReference; fileEncoding = 4; lastKnownFileType = sourcecode.c.c; path = basis.c; sourceTree = "<group>"; };
		CECB6484253AE8C1002B766D /* basis.h */ = {isa = PBXFileReference; fileEncoding = 4; lastKnownFileType = sourcecode.c.h; path = basis.h; sourceTree = "<group>"; };
		CECB6486253AE8C1002B766D /* nstring.c */ = {isa = PBXFileReference; fileEncoding = 4; lastKnownFileType = sourcecode.c.c; path = nstring.c; sourceTree = "<group>"; };
		CECB6492253B1BC8002B766D /* nio.c */ = {isa = PBXFileReference; fileEncoding = 4; lastKnownFileType = sourcecode.c.c; path = nio.c; sourceTree = "<group>"; };
		CED80C1C24F2ADA20063F3DE /* program.app */ = {isa = PBXFileReference; explicitFileType = wrapper.application; includeInIndex = 0; path = program.app; sourceTree = BUILT_PRODUCTS_DIR; };
		CED80C2524F2ADA30063F3DE /* Assets.xcassets */ = {isa = PBXFileReference; lastKnownFileType = folder.assetcatalog; path = Assets.xcassets; sourceTree = "<group>"; };
		CED80C2A24F2ADA30063F3DE /* Info.plist */ = {isa = PBXFileReference; lastKnownFileType = text.plist.xml; path = Info.plist; sourceTree = "<group>"; };
		CED80C2B24F2ADA30063F3DE /* main.m */ = {isa = PBXFileReference; lastKnownFileType = sourcecode.c.objc; path = main.m; sourceTree = "<group>"; };
		CED80C2D24F2ADA30063F3DE /* program.entitlements */ = {isa = PBXFileReference; lastKnownFileType = text.plist.entitlements; path = program.entitlements; sourceTree = "<group>"; };
		CEE8D8362545539500AD308C /* nunicode.c */ = {isa = PBXFileReference; fileEncoding = 4; lastKnownFileType = sourcecode.c.c; path = nunicode.c; sourceTree = "<group>"; };
		CEE8D8372545539500AD308C /* nunicode.h */ = {isa = PBXFileReference; fileEncoding = 4; lastKnownFileType = sourcecode.c.h; path = nunicode.h; sourceTree = "<group>"; };
/* End PBXFileReference section */

/* Begin PBXFrameworksBuildPhase section */
		CED80C1924F2ADA20063F3DE /* Frameworks */ = {
			isa = PBXFrameworksBuildPhase;
			buildActionMask = 2147483647;
			files = (
			);
			runOnlyForDeploymentPostprocessing = 0;
		};
/* End PBXFrameworksBuildPhase section */

/* Begin PBXGroup section */
		CE0B3ED524F2AF360038E58A /* mainsrc */ = {
			isa = PBXGroup;
			children = (
				CECB6460253AE16D002B766D /* basis */,
				CE0B3EF624F2AF360038E58A /* main */,
				CE0B3EDA24F2AF360038E58A /* uidev */,
			);
			name = mainsrc;
			path = ../mainsrc;
			sourceTree = "<group>";
		};
		CE0B3EDA24F2AF360038E58A /* uidev */ = {
			isa = PBXGroup;
			children = (
				CE0B3EE424F2AF360038E58A /* uidev */,
				CE0B3EE724F2AF360038E58A /* uidev_osx */,
			);
			path = uidev;
			sourceTree = "<group>";
		};
		CE0B3EE424F2AF360038E58A /* uidev */ = {
			isa = PBXGroup;
			children = (
				CE0FE387254085FC0005F381 /* nlaunch.c */,
				CE0FE388254085FC0005F381 /* nlaunch.h */,
				CE0B3EE624F2AF360038E58A /* uidev.c */,
				CE0B3EE524F2AF360038E58A /* uidev.h */,
			);
			path = uidev;
			sourceTree = "<group>";
		};
		CE0B3EE724F2AF360038E58A /* uidev_osx */ = {
			isa = PBXGroup;
			children = (
				CE0B3EEC24F2AF360038E58A /* NMAppDelegate.h */,
				CE0B3EE824F2AF360038E58A /* NMAppDelegate.m */,
				CE0B3EEB24F2AF360038E58A /* NMViewController.h */,
				CE0B3EE924F2AF360038E58A /* NMViewController.m */,
				CE0B3EED24F2AF360038E58A /* NMWindowController.h */,
				CE0B3EEA24F2AF360038E58A /* NMWindowController.m */,
			);
			path = uidev_osx;
			sourceTree = "<group>";
		};
		CE0B3EF624F2AF360038E58A /* main */ = {
			isa = PBXGroup;
			children = (
				CE0B3EF724F2AF360038E58A /* main */,
			);
			path = main;
			sourceTree = "<group>";
		};
		CE0B3EF724F2AF360038E58A /* main */ = {
			isa = PBXGroup;
			children = (
				CE0FE384254085F20005F381 /* launch.cpp */,
				CE0FE383254085F20005F381 /* launch.h */,
			);
			path = main;
			sourceTree = "<group>";
		};
		CECB6460253AE16D002B766D /* basis */ = {
			isa = PBXGroup;
			children = (
				CECB6461253AE16D002B766D /* basis */,
			);
			path = basis;
			sourceTree = "<group>";
		};
		CECB6461253AE16D002B766D /* basis */ = {
			isa = PBXGroup;
			children = (
				CECB6482253AE8C1002B766D /* basis.c */,
				CECB6484253AE8C1002B766D /* basis.h */,
				CECB6479253AE8C1002B766D /* ndef.c */,
				CECB647A253AE8C1002B766D /* ndef.h */,
				CECB6492253B1BC8002B766D /* nio.c */,
				CECB6481253AE8C1002B766D /* nio.h */,
				CECB647C253AE8C1002B766D /* nmemory.c */,
				CECB647B253AE8C1002B766D /* nmemory.h */,
				CECB647D253AE8C1002B766D /* nobject.c */,
				CECB647F253AE8C1002B766D /* nobject.h */,
				CECB6486253AE8C1002B766D /* nstring.c */,
				CECB647E253AE8C1002B766D /* nstring.h */,
				CEE8D8362545539500AD308C /* nunicode.c */,
				CEE8D8372545539500AD308C /* nunicode.h */,
			);
			path = basis;
			sourceTree = "<group>";
		};
		CED80C1324F2ADA20063F3DE = {
			isa = PBXGroup;
			children = (
				CE0B3ED524F2AF360038E58A /* mainsrc */,
				CED80C1E24F2ADA20063F3DE /* program */,
				CED80C1D24F2ADA20063F3DE /* products */,
			);
			sourceTree = "<group>";
		};
		CED80C1D24F2ADA20063F3DE /* products */ = {
			isa = PBXGroup;
			children = (
				CED80C1C24F2ADA20063F3DE /* program.app */,
			);
			name = products;
			sourceTree = "<group>";
		};
		CED80C1E24F2ADA20063F3DE /* program */ = {
			isa = PBXGroup;
			children = (
				CED80C2524F2ADA30063F3DE /* Assets.xcassets */,
				CED80C2A24F2ADA30063F3DE /* Info.plist */,
				CED80C2B24F2ADA30063F3DE /* main.m */,
				CED80C2D24F2ADA30063F3DE /* program.entitlements */,
			);
			path = program;
			sourceTree = "<group>";
		};
/* End PBXGroup section */

/* Begin PBXNativeTarget section */
		CED80C1B24F2ADA20063F3DE /* program */ = {
			isa = PBXNativeTarget;
			buildConfigurationList = CED80C3024F2ADA30063F3DE /* Build configuration list for PBXNativeTarget "program" */;
			buildPhases = (
				CED80C1824F2ADA20063F3DE /* Sources */,
				CED80C1924F2ADA20063F3DE /* Frameworks */,
				CED80C1A24F2ADA20063F3DE /* Resources */,
			);
			buildRules = (
			);
			dependencies = (
			);
			name = program;
			productName = program;
			productReference = CED80C1C24F2ADA20063F3DE /* program.app */;
			productType = "com.apple.product-type.application";
		};
/* End PBXNativeTarget section */

/* Begin PBXProject section */
		CED80C1424F2ADA20063F3DE /* Project object */ = {
			isa = PBXProject;
			attributes = {
				LastUpgradeCheck = 1200;
				ORGANIZATIONNAME = wzsayiie;
				TargetAttributes = {
					CED80C1B24F2ADA20063F3DE = {
						CreatedOnToolsVersion = 11.6;
					};
				};
			};
			buildConfigurationList = CED80C1724F2ADA20063F3DE /* Build configuration list for PBXProject "program_osx" */;
			compatibilityVersion = "Xcode 9.3";
			developmentRegion = en;
			hasScannedForEncodings = 0;
			knownRegions = (
				en,
				Base,
			);
			mainGroup = CED80C1324F2ADA20063F3DE;
			productRefGroup = CED80C1D24F2ADA20063F3DE /* products */;
			projectDirPath = "";
			projectRoot = "";
			targets = (
				CED80C1B24F2ADA20063F3DE /* program */,
			);
		};
/* End PBXProject section */

/* Begin PBXResourcesBuildPhase section */
		CED80C1A24F2ADA20063F3DE /* Resources */ = {
			isa = PBXResourcesBuildPhase;
			buildActionMask = 2147483647;
			files = (
				CED80C2624F2ADA30063F3DE /* Assets.xcassets in Resources */,
			);
			runOnlyForDeploymentPostprocessing = 0;
		};
/* End PBXResourcesBuildPhase section */

/* Begin PBXSourcesBuildPhase section */
		CED80C1824F2ADA20063F3DE /* Sources */ = {
			isa = PBXSourcesBuildPhase;
			buildActionMask = 2147483647;
			files = (
				CECB6488253AE8C1002B766D /* nmemory.c in Sources */,
				CE0B3EFD24F2AF360038E58A /* NMAppDelegate.m in Sources */,
				CEE8D8382545539500AD308C /* nunicode.c in Sources */,
				CECB648C253AE8C1002B766D /* nstring.c in Sources */,
				CE0B3EFC24F2AF360038E58A /* uidev.c in Sources */,
				CE0B3EFF24F2AF360038E58A /* NMWindowController.m in Sources */,
				CECB648B253AE8C1002B766D /* basis.c in Sources */,
				CE0FE389254085FC0005F381 /* nlaunch.c in Sources */,
				CE0FE385254085F20005F381 /* launch.cpp in Sources */,
				CECB6493253B1BC8002B766D /* nio.c in Sources */,
				CECB6487253AE8C1002B766D /* ndef.c in Sources */,
				CECB6489253AE8C1002B766D /* nobject.c in Sources */,
				CE0B3EFE24F2AF360038E58A /* NMViewController.m in Sources */,
				CED80C2C24F2ADA30063F3DE /* main.m in Sources */,
			);
			runOnlyForDeploymentPostprocessing = 0;
		};
/* End PBXSourcesBuildPhase section */

/* Begin XCBuildConfiguration section */
		CED80C2E24F2ADA30063F3DE /* Debug */ = {
			isa = XCBuildConfiguration;
			buildSettings = {
				ALWAYS_SEARCH_USER_PATHS = NO;
				CLANG_ANALYZER_NONNULL = YES;
				CLANG_ANALYZER_NUMBER_OBJECT_CONVERSION = YES_AGGRESSIVE;
				CLANG_CXX_LANGUAGE_STANDARD = "gnu++14";
				CLANG_CXX_LIBRARY = "libc++";
				CLANG_ENABLE_MODULES = YES;
				CLANG_ENABLE_OBJC_ARC = YES;
				CLANG_ENABLE_OBJC_WEAK = YES;
				CLANG_WARN_BLOCK_CAPTURE_AUTORELEASING = YES;
				CLANG_WARN_BOOL_CONVERSION = YES;
				CLANG_WARN_COMMA = YES;
				CLANG_WARN_CONSTANT_CONVERSION = YES;
				CLANG_WARN_DEPRECATED_OBJC_IMPLEMENTATIONS = YES;
				CLANG_WARN_DIRECT_OBJC_ISA_USAGE = YES_ERROR;
				CLANG_WARN_DOCUMENTATION_COMMENTS = YES;
				CLANG_WARN_EMPTY_BODY = YES;
				CLANG_WARN_ENUM_CONVERSION = YES;
				CLANG_WARN_INFINITE_RECURSION = YES;
				CLANG_WARN_INT_CONVERSION = YES;
				CLANG_WARN_NON_LITERAL_NULL_CONVERSION = YES;
				CLANG_WARN_OBJC_IMPLICIT_RETAIN_SELF = YES;
				CLANG_WARN_OBJC_LITERAL_CONVERSION = YES;
				CLANG_WARN_OBJC_ROOT_CLASS = YES_ERROR;
				CLANG_WARN_QUOTED_INCLUDE_IN_FRAMEWORK_HEADER = YES;
				CLANG_WARN_RANGE_LOOP_ANALYSIS = YES;
				CLANG_WARN_STRICT_PROTOTYPES = YES;
				CLANG_WARN_SUSPICIOUS_MOVE = YES;
				CLANG_WARN_UNGUARDED_AVAILABILITY = YES_AGGRESSIVE;
				CLANG_WARN_UNREACHABLE_CODE = YES;
				CLANG_WARN__DUPLICATE_METHOD_MATCH = YES;
				COPY_PHASE_STRIP = NO;
				DEBUG_INFORMATION_FORMAT = dwarf;
				ENABLE_STRICT_OBJC_MSGSEND = YES;
				ENABLE_TESTABILITY = YES;
				GCC_C_LANGUAGE_STANDARD = gnu11;
				GCC_DYNAMIC_NO_PIC = NO;
				GCC_NO_COMMON_BLOCKS = YES;
				GCC_OPTIMIZATION_LEVEL = 0;
				GCC_PREPROCESSOR_DEFINITIONS = (
					"DEBUG=1",
					"$(inherited)",
				);
				GCC_WARN_64_TO_32_BIT_CONVERSION = YES;
				GCC_WARN_ABOUT_RETURN_TYPE = YES_ERROR;
				GCC_WARN_UNDECLARED_SELECTOR = YES;
				GCC_WARN_UNINITIALIZED_AUTOS = YES_AGGRESSIVE;
				GCC_WARN_UNUSED_FUNCTION = YES;
				GCC_WARN_UNUSED_VARIABLE = YES;
				MACOSX_DEPLOYMENT_TARGET = 10.15;
				MTL_ENABLE_DEBUG_INFO = INCLUDE_SOURCE;
				MTL_FAST_MATH = YES;
				ONLY_ACTIVE_ARCH = YES;
				SDKROOT = macosx;
			};
			name = Debug;
		};
		CED80C2F24F2ADA30063F3DE /* Release */ = {
			isa = XCBuildConfiguration;
			buildSettings = {
				ALWAYS_SEARCH_USER_PATHS = NO;
				CLANG_ANALYZER_NONNULL = YES;
				CLANG_ANALYZER_NUMBER_OBJECT_CONVERSION = YES_AGGRESSIVE;
				CLANG_CXX_LANGUAGE_STANDARD = "gnu++14";
				CLANG_CXX_LIBRARY = "libc++";
				CLANG_ENABLE_MODULES = YES;
				CLANG_ENABLE_OBJC_ARC = YES;
				CLANG_ENABLE_OBJC_WEAK = YES;
				CLANG_WARN_BLOCK_CAPTURE_AUTORELEASING = YES;
				CLANG_WARN_BOOL_CONVERSION = YES;
				CLANG_WARN_COMMA = YES;
				CLANG_WARN_CONSTANT_CONVERSION = YES;
				CLANG_WARN_DEPRECATED_OBJC_IMPLEMENTATIONS = YES;
				CLANG_WARN_DIRECT_OBJC_ISA_USAGE = YES_ERROR;
				CLANG_WARN_DOCUMENTATION_COMMENTS = YES;
				CLANG_WARN_EMPTY_BODY = YES;
				CLANG_WARN_ENUM_CONVERSION = YES;
				CLANG_WARN_INFINITE_RECURSION = YES;
				CLANG_WARN_INT_CONVERSION = YES;
				CLANG_WARN_NON_LITERAL_NULL_CONVERSION = YES;
				CLANG_WARN_OBJC_IMPLICIT_RETAIN_SELF = YES;
				CLANG_WARN_OBJC_LITERAL_CONVERSION = YES;
				CLANG_WARN_OBJC_ROOT_CLASS = YES_ERROR;
				CLANG_WARN_QUOTED_INCLUDE_IN_FRAMEWORK_HEADER = YES;
				CLANG_WARN_RANGE_LOOP_ANALYSIS = YES;
				CLANG_WARN_STRICT_PROTOTYPES = YES;
				CLANG_WARN_SUSPICIOUS_MOVE = YES;
				CLANG_WARN_UNGUARDED_AVAILABILITY = YES_AGGRESSIVE;
				CLANG_WARN_UNREACHABLE_CODE = YES;
				CLANG_WARN__DUPLICATE_METHOD_MATCH = YES;
				COPY_PHASE_STRIP = NO;
				DEBUG_INFORMATION_FORMAT = "dwarf-with-dsym";
				ENABLE_NS_ASSERTIONS = NO;
				ENABLE_STRICT_OBJC_MSGSEND = YES;
				GCC_C_LANGUAGE_STANDARD = gnu11;
				GCC_NO_COMMON_BLOCKS = YES;
				GCC_WARN_64_TO_32_BIT_CONVERSION = YES;
				GCC_WARN_ABOUT_RETURN_TYPE = YES_ERROR;
				GCC_WARN_UNDECLARED_SELECTOR = YES;
				GCC_WARN_UNINITIALIZED_AUTOS = YES_AGGRESSIVE;
				GCC_WARN_UNUSED_FUNCTION = YES;
				GCC_WARN_UNUSED_VARIABLE = YES;
				MACOSX_DEPLOYMENT_TARGET = 10.15;
				MTL_ENABLE_DEBUG_INFO = NO;
				MTL_FAST_MATH = YES;
				SDKROOT = macosx;
			};
			name = Release;
		};
		CED80C3124F2ADA30063F3DE /* Debug */ = {
			isa = XCBuildConfiguration;
			buildSettings = {
				ASSETCATALOG_COMPILER_APPICON_NAME = AppIcon;
				CODE_SIGN_ENTITLEMENTS = program/program.entitlements;
				CODE_SIGN_IDENTITY = "-";
				CODE_SIGN_STYLE = Automatic;
				COMBINE_HIDPI_IMAGES = YES;
				INFOPLIST_FILE = program/Info.plist;
				LD_RUNPATH_SEARCH_PATHS = (
					"$(inherited)",
					"@executable_path/../Frameworks",
				);
				PRODUCT_BUNDLE_IDENTIFIER = me.wzsayiie.app.osx;
				PRODUCT_NAME = "$(TARGET_NAME)";
			};
			name = Debug;
		};
		CED80C3224F2ADA30063F3DE /* Release */ = {
			isa = XCBuildConfiguration;
			buildSettings = {
				ASSETCATALOG_COMPILER_APPICON_NAME = AppIcon;
				CODE_SIGN_ENTITLEMENTS = program/program.entitlements;
				CODE_SIGN_IDENTITY = "-";
				CODE_SIGN_STYLE = Automatic;
				COMBINE_HIDPI_IMAGES = YES;
				INFOPLIST_FILE = program/Info.plist;
				LD_RUNPATH_SEARCH_PATHS = (
					"$(inherited)",
					"@executable_path/../Frameworks",
				);
				PRODUCT_BUNDLE_IDENTIFIER = me.wzsayiie.app.osx;
				PRODUCT_NAME = "$(TARGET_NAME)";
			};
			name = Release;
		};
/* End XCBuildConfiguration section */

/* Begin XCConfigurationList section */
		CED80C1724F2ADA20063F3DE /* Build configuration list for PBXProject "program_osx" */ = {
			isa = XCConfigurationList;
			buildConfigurations = (
				CED80C2E24F2ADA30063F3DE /* Debug */,
				CED80C2F24F2ADA30063F3DE /* Release */,
			);
			defaultConfigurationIsVisible = 0;
			defaultConfigurationName = Release;
		};
		CED80C3024F2ADA30063F3DE /* Build configuration list for PBXNativeTarget "program" */ = {
			isa = XCConfigurationList;
			buildConfigurations = (
				CED80C3124F2ADA30063F3DE /* Debug */,
				CED80C3224F2ADA30063F3DE /* Release */,
			);
			defaultConfigurationIsVisible = 0;
			defaultConfigurationName = Release;
		};
/* End XCConfigurationList section */
	};
	rootObject = CED80C1424F2ADA20063F3DE /* Project object */;
}
