// !$*UTF8*$!
{
	archiveVersion = 1;
	classes = {
	};
	objectVersion = 50;
	objects = {

/* Begin PBXBuildFile section */
		CE00E6E4266A772C003A3A2F /* nnumber32.c in Sources */ = {isa = PBXBuildFile; fileRef = CE00E6E2266A772C003A3A2F /* nnumber32.c */; };
		CE00E6E5266A772C003A3A2F /* nnumber64.c in Sources */ = {isa = PBXBuildFile; fileRef = CE00E6E3266A772C003A3A2F /* nnumber64.c */; };
		CE26FEF7264FA9E70089898A /* ntextfield.c in Sources */ = {isa = PBXBuildFile; fileRef = CE26FEF3264FA9E70089898A /* ntextfield.c */; };
		CE26FEF8264FA9E70089898A /* nbrush.c in Sources */ = {isa = PBXBuildFile; fileRef = CE26FEF5264FA9E70089898A /* nbrush.c */; };
		CE26FEF9264FA9E70089898A /* nimage.c in Sources */ = {isa = PBXBuildFile; fileRef = CE26FEF6264FA9E70089898A /* nimage.c */; };
		CE37F6FA25D0364D00C8302C /* nsocket_posix.c in Sources */ = {isa = PBXBuildFile; fileRef = CE37F67025D0364D00C8302C /* nsocket_posix.c */; };
		CE37F6FB25D0364D00C8302C /* nsocket.c in Sources */ = {isa = PBXBuildFile; fileRef = CE37F67325D0364D00C8302C /* nsocket.c */; };
		CE37F6FD25D0364D00C8302C /* nsocket_win32.c in Sources */ = {isa = PBXBuildFile; fileRef = CE37F67625D0364D00C8302C /* nsocket_win32.c */; };
		CE37F70525D0364D00C8302C /* osbind.c in Sources */ = {isa = PBXBuildFile; fileRef = CE37F68925D0364D00C8302C /* osbind.c */; };
		CE37F70625D0364D00C8302C /* NOBJCBind.c in Sources */ = {isa = PBXBuildFile; fileRef = CE37F68B25D0364D00C8302C /* NOBJCBind.c */; };
		CE37F70A25D0364D00C8302C /* NOSXViewController.m in Sources */ = {isa = PBXBuildFile; fileRef = CE37F69C25D0364D00C8302C /* NOSXViewController.m */; };
		CE37F70B25D0364D00C8302C /* NOSXAppDelegate.m in Sources */ = {isa = PBXBuildFile; fileRef = CE37F69E25D0364D00C8302C /* NOSXAppDelegate.m */; };
		CE37F70C25D0364D00C8302C /* NOSXWindowController.m in Sources */ = {isa = PBXBuildFile; fileRef = CE37F6A025D0364D00C8302C /* NOSXWindowController.m */; };
		CE37F71125D0364D00C8302C /* NMACBundle.m in Sources */ = {isa = PBXBuildFile; fileRef = CE37F6B025D0364D00C8302C /* NMACBundle.m */; };
		CE37F71225D0364D00C8302C /* NMACThread.m in Sources */ = {isa = PBXBuildFile; fileRef = CE37F6B125D0364D00C8302C /* NMACThread.m */; };
		CE37F71325D0364D00C8302C /* NMACRunloop.m in Sources */ = {isa = PBXBuildFile; fileRef = CE37F6B225D0364D00C8302C /* NMACRunloop.m */; };
		CE37F71425D0364D00C8302C /* NMACFiles.m in Sources */ = {isa = PBXBuildFile; fileRef = CE37F6B325D0364D00C8302C /* NMACFiles.m */; };
		CE37F71D25D0364D00C8302C /* osplat.c in Sources */ = {isa = PBXBuildFile; fileRef = CE37F6C125D0364D00C8302C /* osplat.c */; };
		CE37F72025D0364D00C8302C /* nstring.c in Sources */ = {isa = PBXBuildFile; fileRef = CE37F6CF25D0364D00C8302C /* nstring.c */; };
		CE37F72125D0364D00C8302C /* ntable.c in Sources */ = {isa = PBXBuildFile; fileRef = CE37F6D025D0364D00C8302C /* ntable.c */; };
		CE37F72225D0364D00C8302C /* nprint.c in Sources */ = {isa = PBXBuildFile; fileRef = CE37F6D325D0364D00C8302C /* nprint.c */; };
		CE37F72325D0364D00C8302C /* narray.c in Sources */ = {isa = PBXBuildFile; fileRef = CE37F6D425D0364D00C8302C /* narray.c */; };
		CE37F72425D0364D00C8302C /* nunicode.c in Sources */ = {isa = PBXBuildFile; fileRef = CE37F6D525D0364D00C8302C /* nunicode.c */; };
		CE37F72525D0364D00C8302C /* binlist.c in Sources */ = {isa = PBXBuildFile; fileRef = CE37F6D725D0364D00C8302C /* binlist.c */; };
		CE37F72625D0364D00C8302C /* scalist.c in Sources */ = {isa = PBXBuildFile; fileRef = CE37F6D825D0364D00C8302C /* scalist.c */; };
		CE37F72725D0364D00C8302C /* def.c in Sources */ = {isa = PBXBuildFile; fileRef = CE37F6D925D0364D00C8302C /* def.c */; };
		CE37F72825D0364D00C8302C /* avltree.c in Sources */ = {isa = PBXBuildFile; fileRef = CE37F6DA25D0364D00C8302C /* avltree.c */; };
		CE37F72925D0364D00C8302C /* cstr.c in Sources */ = {isa = PBXBuildFile; fileRef = CE37F6DB25D0364D00C8302C /* cstr.c */; };
		CE37F72A25D0364D00C8302C /* cerpool.c in Sources */ = {isa = PBXBuildFile; fileRef = CE37F6E025D0364D00C8302C /* cerpool.c */; };
		CE37F72B25D0364D00C8302C /* nmemory.c in Sources */ = {isa = PBXBuildFile; fileRef = CE37F6E325D0364D00C8302C /* nmemory.c */; };
		CE37F72E25D0364D00C8302C /* ndata.c in Sources */ = {isa = PBXBuildFile; fileRef = CE37F6EC25D0364D00C8302C /* ndata.c */; };
		CE37F72F25D0364D00C8302C /* nlock.c in Sources */ = {isa = PBXBuildFile; fileRef = CE37F6EE25D0364D00C8302C /* nlock.c */; };
		CE474A40263AC6A400E3F49F /* nwindow.c in Sources */ = {isa = PBXBuildFile; fileRef = CE474A2E263AC6A400E3F49F /* nwindow.c */; };
		CE60F86F260632480077AE18 /* ntypemeta_p.cpp in Sources */ = {isa = PBXBuildFile; fileRef = CE60F862260632480077AE18 /* ntypemeta_p.cpp */; };
		CE60F870260632480077AE18 /* ntypes.cpp in Sources */ = {isa = PBXBuildFile; fileRef = CE60F865260632480077AE18 /* ntypes.cpp */; };
		CE60F871260632480077AE18 /* nfunccall_p.cpp in Sources */ = {isa = PBXBuildFile; fileRef = CE60F866260632480077AE18 /* nfunccall_p.cpp */; };
		CE60F872260632480077AE18 /* nfuncmeta_p.cpp in Sources */ = {isa = PBXBuildFile; fileRef = CE60F868260632480077AE18 /* nfuncmeta_p.cpp */; };
		CE60F873260632480077AE18 /* nfuncs.cpp in Sources */ = {isa = PBXBuildFile; fileRef = CE60F86A260632480077AE18 /* nfuncs.cpp */; };
		CE60F874260632480077AE18 /* NGEN.cpp in Sources */ = {isa = PBXBuildFile; fileRef = CE60F86D260632480077AE18 /* NGEN.cpp */; };
		CEA0184225FF8874000064C2 /* osjs.c in Sources */ = {isa = PBXBuildFile; fileRef = CEA0183225FF8874000064C2 /* osjs.c */; };
		CEA0184725FF8874000064C2 /* NMACJavaScriptCore.m in Sources */ = {isa = PBXBuildFile; fileRef = CEA0184125FF8874000064C2 /* NMACJavaScriptCore.m */; };
		CED80C2624F2ADA30063F3DE /* Assets.xcassets in Resources */ = {isa = PBXBuildFile; fileRef = CED80C2524F2ADA30063F3DE /* Assets.xcassets */; };
		CED80C2C24F2ADA30063F3DE /* main.m in Sources */ = {isa = PBXBuildFile; fileRef = CED80C2B24F2ADA30063F3DE /* main.m */; };
		CEE73238265E7ACF0099B366 /* ndictionary.c in Sources */ = {isa = PBXBuildFile; fileRef = CEE73237265E7ACF0099B366 /* ndictionary.c */; };
		CEF62B6425F10D6D0050F57C /* jslaunch.c in Sources */ = {isa = PBXBuildFile; fileRef = CEF62B5D25F10D6D0050F57C /* jslaunch.c */; };
		CEF62B6525F10D6D0050F57C /* launch.c in Sources */ = {isa = PBXBuildFile; fileRef = CEF62B6025F10D6D0050F57C /* launch.c */; };
		CEF62B6625F10D6D0050F57C /* claunch.cpp in Sources */ = {isa = PBXBuildFile; fileRef = CEF62B6325F10D6D0050F57C /* claunch.cpp */; };
/* End PBXBuildFile section */

/* Begin PBXFileReference section */
		CE00E6E2266A772C003A3A2F /* nnumber32.c */ = {isa = PBXFileReference; fileEncoding = 4; lastKnownFileType = sourcecode.c.c; path = nnumber32.c; sourceTree = "<group>"; };
		CE00E6E3266A772C003A3A2F /* nnumber64.c */ = {isa = PBXFileReference; fileEncoding = 4; lastKnownFileType = sourcecode.c.c; path = nnumber64.c; sourceTree = "<group>"; };
		CE26FEF0264FA9E60089898A /* ntextfield.h */ = {isa = PBXFileReference; fileEncoding = 4; lastKnownFileType = sourcecode.c.h; path = ntextfield.h; sourceTree = "<group>"; };
		CE26FEF1264FA9E70089898A /* nbrush.h */ = {isa = PBXFileReference; fileEncoding = 4; lastKnownFileType = sourcecode.c.h; path = nbrush.h; sourceTree = "<group>"; };
		CE26FEF2264FA9E70089898A /* nlaunch.h */ = {isa = PBXFileReference; fileEncoding = 4; lastKnownFileType = sourcecode.c.h; path = nlaunch.h; sourceTree = "<group>"; };
		CE26FEF3264FA9E70089898A /* ntextfield.c */ = {isa = PBXFileReference; fileEncoding = 4; lastKnownFileType = sourcecode.c.c; path = ntextfield.c; sourceTree = "<group>"; };
		CE26FEF4264FA9E70089898A /* nimage.h */ = {isa = PBXFileReference; fileEncoding = 4; lastKnownFileType = sourcecode.c.h; path = nimage.h; sourceTree = "<group>"; };
		CE26FEF5264FA9E70089898A /* nbrush.c */ = {isa = PBXFileReference; fileEncoding = 4; lastKnownFileType = sourcecode.c.c; path = nbrush.c; sourceTree = "<group>"; };
		CE26FEF6264FA9E70089898A /* nimage.c */ = {isa = PBXFileReference; fileEncoding = 4; lastKnownFileType = sourcecode.c.c; path = nimage.c; sourceTree = "<group>"; };
		CE37F67025D0364D00C8302C /* nsocket_posix.c */ = {isa = PBXFileReference; fileEncoding = 4; lastKnownFileType = sourcecode.c.c; path = nsocket_posix.c; sourceTree = "<group>"; };
		CE37F67225D0364D00C8302C /* net.h */ = {isa = PBXFileReference; fileEncoding = 4; lastKnownFileType = sourcecode.c.h; path = net.h; sourceTree = "<group>"; };
		CE37F67325D0364D00C8302C /* nsocket.c */ = {isa = PBXFileReference; fileEncoding = 4; lastKnownFileType = sourcecode.c.c; path = nsocket.c; sourceTree = "<group>"; };
		CE37F67425D0364D00C8302C /* nsocket.h */ = {isa = PBXFileReference; fileEncoding = 4; lastKnownFileType = sourcecode.c.h; path = nsocket.h; sourceTree = "<group>"; };
		CE37F67625D0364D00C8302C /* nsocket_win32.c */ = {isa = PBXFileReference; fileEncoding = 4; lastKnownFileType = sourcecode.c.c; path = nsocket_win32.c; sourceTree = "<group>"; };
		CE37F68825D0364D00C8302C /* osbind.h */ = {isa = PBXFileReference; fileEncoding = 4; lastKnownFileType = sourcecode.c.h; path = osbind.h; sourceTree = "<group>"; };
		CE37F68925D0364D00C8302C /* osbind.c */ = {isa = PBXFileReference; fileEncoding = 4; lastKnownFileType = sourcecode.c.c; path = osbind.c; sourceTree = "<group>"; };
		CE37F68B25D0364D00C8302C /* NOBJCBind.c */ = {isa = PBXFileReference; fileEncoding = 4; lastKnownFileType = sourcecode.c.c; path = NOBJCBind.c; sourceTree = "<group>"; };
		CE37F68C25D0364D00C8302C /* NOBJCBind.h */ = {isa = PBXFileReference; fileEncoding = 4; lastKnownFileType = sourcecode.c.h; path = NOBJCBind.h; sourceTree = "<group>"; };
		CE37F69A25D0364D00C8302C /* osui.h */ = {isa = PBXFileReference; fileEncoding = 4; lastKnownFileType = sourcecode.c.h; path = osui.h; sourceTree = "<group>"; };
		CE37F69C25D0364D00C8302C /* NOSXViewController.m */ = {isa = PBXFileReference; fileEncoding = 4; lastKnownFileType = sourcecode.c.objc; path = NOSXViewController.m; sourceTree = "<group>"; };
		CE37F69D25D0364D00C8302C /* NOSXWindowController.h */ = {isa = PBXFileReference; fileEncoding = 4; lastKnownFileType = sourcecode.c.h; path = NOSXWindowController.h; sourceTree = "<group>"; };
		CE37F69E25D0364D00C8302C /* NOSXAppDelegate.m */ = {isa = PBXFileReference; fileEncoding = 4; lastKnownFileType = sourcecode.c.objc; path = NOSXAppDelegate.m; sourceTree = "<group>"; };
		CE37F69F25D0364D00C8302C /* NOSXViewController.h */ = {isa = PBXFileReference; fileEncoding = 4; lastKnownFileType = sourcecode.c.h; path = NOSXViewController.h; sourceTree = "<group>"; };
		CE37F6A025D0364D00C8302C /* NOSXWindowController.m */ = {isa = PBXFileReference; fileEncoding = 4; lastKnownFileType = sourcecode.c.objc; path = NOSXWindowController.m; sourceTree = "<group>"; };
		CE37F6A125D0364D00C8302C /* NOSXAppDelegate.h */ = {isa = PBXFileReference; fileEncoding = 4; lastKnownFileType = sourcecode.c.h; path = NOSXAppDelegate.h; sourceTree = "<group>"; };
		CE37F6B025D0364D00C8302C /* NMACBundle.m */ = {isa = PBXFileReference; fileEncoding = 4; lastKnownFileType = sourcecode.c.objc; path = NMACBundle.m; sourceTree = "<group>"; };
		CE37F6B125D0364D00C8302C /* NMACThread.m */ = {isa = PBXFileReference; fileEncoding = 4; lastKnownFileType = sourcecode.c.objc; path = NMACThread.m; sourceTree = "<group>"; };
		CE37F6B225D0364D00C8302C /* NMACRunloop.m */ = {isa = PBXFileReference; fileEncoding = 4; lastKnownFileType = sourcecode.c.objc; path = NMACRunloop.m; sourceTree = "<group>"; };
		CE37F6B325D0364D00C8302C /* NMACFiles.m */ = {isa = PBXFileReference; fileEncoding = 4; lastKnownFileType = sourcecode.c.objc; path = NMACFiles.m; sourceTree = "<group>"; };
		CE37F6C125D0364D00C8302C /* osplat.c */ = {isa = PBXFileReference; fileEncoding = 4; lastKnownFileType = sourcecode.c.c; path = osplat.c; sourceTree = "<group>"; };
		CE37F6C225D0364D00C8302C /* nbundle.h */ = {isa = PBXFileReference; fileEncoding = 4; lastKnownFileType = sourcecode.c.h; path = nbundle.h; sourceTree = "<group>"; };
		CE37F6C325D0364D00C8302C /* nrunloop.h */ = {isa = PBXFileReference; fileEncoding = 4; lastKnownFileType = sourcecode.c.h; path = nrunloop.h; sourceTree = "<group>"; };
		CE37F6C425D0364D00C8302C /* osplat.h */ = {isa = PBXFileReference; fileEncoding = 4; lastKnownFileType = sourcecode.c.h; path = osplat.h; sourceTree = "<group>"; };
		CE37F6C525D0364D00C8302C /* nfiles.h */ = {isa = PBXFileReference; fileEncoding = 4; lastKnownFileType = sourcecode.c.h; path = nfiles.h; sourceTree = "<group>"; };
		CE37F6C625D0364D00C8302C /* nthread.h */ = {isa = PBXFileReference; fileEncoding = 4; lastKnownFileType = sourcecode.c.h; path = nthread.h; sourceTree = "<group>"; };
		CE37F6CC25D0364D00C8302C /* basis.h */ = {isa = PBXFileReference; fileEncoding = 4; lastKnownFileType = sourcecode.c.h; path = basis.h; sourceTree = "<group>"; };
		CE37F6CE25D0364D00C8302C /* nenviron.h */ = {isa = PBXFileReference; fileEncoding = 4; lastKnownFileType = sourcecode.c.h; path = nenviron.h; sourceTree = "<group>"; };
		CE37F6CF25D0364D00C8302C /* nstring.c */ = {isa = PBXFileReference; fileEncoding = 4; lastKnownFileType = sourcecode.c.c; path = nstring.c; sourceTree = "<group>"; };
		CE37F6D025D0364D00C8302C /* ntable.c */ = {isa = PBXFileReference; fileEncoding = 4; lastKnownFileType = sourcecode.c.c; path = ntable.c; sourceTree = "<group>"; };
		CE37F6D125D0364D00C8302C /* nlock.h */ = {isa = PBXFileReference; fileEncoding = 4; lastKnownFileType = sourcecode.c.h; path = nlock.h; sourceTree = "<group>"; };
		CE37F6D225D0364D00C8302C /* ndata.h */ = {isa = PBXFileReference; fileEncoding = 4; lastKnownFileType = sourcecode.c.h; path = ndata.h; sourceTree = "<group>"; };
		CE37F6D325D0364D00C8302C /* nprint.c */ = {isa = PBXFileReference; fileEncoding = 4; lastKnownFileType = sourcecode.c.c; path = nprint.c; sourceTree = "<group>"; };
		CE37F6D425D0364D00C8302C /* narray.c */ = {isa = PBXFileReference; fileEncoding = 4; lastKnownFileType = sourcecode.c.c; path = narray.c; sourceTree = "<group>"; };
		CE37F6D525D0364D00C8302C /* nunicode.c */ = {isa = PBXFileReference; fileEncoding = 4; lastKnownFileType = sourcecode.c.c; path = nunicode.c; sourceTree = "<group>"; };
		CE37F6D725D0364D00C8302C /* binlist.c */ = {isa = PBXFileReference; fileEncoding = 4; lastKnownFileType = sourcecode.c.c; path = binlist.c; sourceTree = "<group>"; };
		CE37F6D825D0364D00C8302C /* scalist.c */ = {isa = PBXFileReference; fileEncoding = 4; lastKnownFileType = sourcecode.c.c; path = scalist.c; sourceTree = "<group>"; };
		CE37F6D925D0364D00C8302C /* def.c */ = {isa = PBXFileReference; fileEncoding = 4; lastKnownFileType = sourcecode.c.c; path = def.c; sourceTree = "<group>"; };
		CE37F6DA25D0364D00C8302C /* avltree.c */ = {isa = PBXFileReference; fileEncoding = 4; lastKnownFileType = sourcecode.c.c; path = avltree.c; sourceTree = "<group>"; };
		CE37F6DB25D0364D00C8302C /* cstr.c */ = {isa = PBXFileReference; fileEncoding = 4; lastKnownFileType = sourcecode.c.c; path = cstr.c; sourceTree = "<group>"; };
		CE37F6DC25D0364D00C8302C /* cerpool.h */ = {isa = PBXFileReference; fileEncoding = 4; lastKnownFileType = sourcecode.c.h; path = cerpool.h; sourceTree = "<group>"; };
		CE37F6DD25D0364D00C8302C /* binlist.h */ = {isa = PBXFileReference; fileEncoding = 4; lastKnownFileType = sourcecode.c.h; path = binlist.h; sourceTree = "<group>"; };
		CE37F6DE25D0364D00C8302C /* scalist.h */ = {isa = PBXFileReference; fileEncoding = 4; lastKnownFileType = sourcecode.c.h; path = scalist.h; sourceTree = "<group>"; };
		CE37F6DF25D0364D00C8302C /* def.h */ = {isa = PBXFileReference; fileEncoding = 4; lastKnownFileType = sourcecode.c.h; path = def.h; sourceTree = "<group>"; };
		CE37F6E025D0364D00C8302C /* cerpool.c */ = {isa = PBXFileReference; fileEncoding = 4; lastKnownFileType = sourcecode.c.c; path = cerpool.c; sourceTree = "<group>"; };
		CE37F6E125D0364D00C8302C /* cstr.h */ = {isa = PBXFileReference; fileEncoding = 4; lastKnownFileType = sourcecode.c.h; path = cstr.h; sourceTree = "<group>"; };
		CE37F6E225D0364D00C8302C /* avltree.h */ = {isa = PBXFileReference; fileEncoding = 4; lastKnownFileType = sourcecode.c.h; path = avltree.h; sourceTree = "<group>"; };
		CE37F6E325D0364D00C8302C /* nmemory.c */ = {isa = PBXFileReference; fileEncoding = 4; lastKnownFileType = sourcecode.c.c; path = nmemory.c; sourceTree = "<group>"; };
		CE37F6E625D0364D00C8302C /* nnumber.h */ = {isa = PBXFileReference; fileEncoding = 4; lastKnownFileType = sourcecode.c.h; path = nnumber.h; sourceTree = "<group>"; };
		CE37F6E725D0364D00C8302C /* nstring.h */ = {isa = PBXFileReference; fileEncoding = 4; lastKnownFileType = sourcecode.c.h; path = nstring.h; sourceTree = "<group>"; };
		CE37F6E925D0364D00C8302C /* nunicode.h */ = {isa = PBXFileReference; fileEncoding = 4; lastKnownFileType = sourcecode.c.h; path = nunicode.h; sourceTree = "<group>"; };
		CE37F6EA25D0364D00C8302C /* nprint.h */ = {isa = PBXFileReference; fileEncoding = 4; lastKnownFileType = sourcecode.c.h; path = nprint.h; sourceTree = "<group>"; };
		CE37F6EB25D0364D00C8302C /* narray.h */ = {isa = PBXFileReference; fileEncoding = 4; lastKnownFileType = sourcecode.c.h; path = narray.h; sourceTree = "<group>"; };
		CE37F6EC25D0364D00C8302C /* ndata.c */ = {isa = PBXFileReference; fileEncoding = 4; lastKnownFileType = sourcecode.c.c; path = ndata.c; sourceTree = "<group>"; };
		CE37F6ED25D0364D00C8302C /* ntable.h */ = {isa = PBXFileReference; fileEncoding = 4; lastKnownFileType = sourcecode.c.h; path = ntable.h; sourceTree = "<group>"; };
		CE37F6EE25D0364D00C8302C /* nlock.c */ = {isa = PBXFileReference; fileEncoding = 4; lastKnownFileType = sourcecode.c.c; path = nlock.c; sourceTree = "<group>"; };
		CE37F6EF25D0364D00C8302C /* nmemory.h */ = {isa = PBXFileReference; fileEncoding = 4; lastKnownFileType = sourcecode.c.h; path = nmemory.h; sourceTree = "<group>"; };
		CE474A2E263AC6A400E3F49F /* nwindow.c */ = {isa = PBXFileReference; fileEncoding = 4; lastKnownFileType = sourcecode.c.c; path = nwindow.c; sourceTree = "<group>"; };
		CE474A33263AC6A400E3F49F /* nwindow.h */ = {isa = PBXFileReference; fileEncoding = 4; lastKnownFileType = sourcecode.c.h; path = nwindow.h; sourceTree = "<group>"; };
		CE60F861260632480077AE18 /* ntypes.h */ = {isa = PBXFileReference; fileEncoding = 4; lastKnownFileType = sourcecode.c.h; path = ntypes.h; sourceTree = "<group>"; };
		CE60F862260632480077AE18 /* ntypemeta_p.cpp */ = {isa = PBXFileReference; fileEncoding = 4; lastKnownFileType = sourcecode.cpp.cpp; path = ntypemeta_p.cpp; sourceTree = "<group>"; };
		CE60F863260632480077AE18 /* nfunccall_p.h */ = {isa = PBXFileReference; fileEncoding = 4; lastKnownFileType = sourcecode.c.h; path = nfunccall_p.h; sourceTree = "<group>"; };
		CE60F864260632480077AE18 /* nfuncmeta_p.h */ = {isa = PBXFileReference; fileEncoding = 4; lastKnownFileType = sourcecode.c.h; path = nfuncmeta_p.h; sourceTree = "<group>"; };
		CE60F865260632480077AE18 /* ntypes.cpp */ = {isa = PBXFileReference; fileEncoding = 4; lastKnownFileType = sourcecode.cpp.cpp; path = ntypes.cpp; sourceTree = "<group>"; };
		CE60F866260632480077AE18 /* nfunccall_p.cpp */ = {isa = PBXFileReference; fileEncoding = 4; lastKnownFileType = sourcecode.cpp.cpp; path = nfunccall_p.cpp; sourceTree = "<group>"; };
		CE60F867260632480077AE18 /* NGEN.h */ = {isa = PBXFileReference; fileEncoding = 4; lastKnownFileType = sourcecode.c.h; path = NGEN.h; sourceTree = "<group>"; };
		CE60F868260632480077AE18 /* nfuncmeta_p.cpp */ = {isa = PBXFileReference; fileEncoding = 4; lastKnownFileType = sourcecode.cpp.cpp; path = nfuncmeta_p.cpp; sourceTree = "<group>"; };
		CE60F869260632480077AE18 /* ntypemeta_p.h */ = {isa = PBXFileReference; fileEncoding = 4; lastKnownFileType = sourcecode.c.h; path = ntypemeta_p.h; sourceTree = "<group>"; };
		CE60F86A260632480077AE18 /* nfuncs.cpp */ = {isa = PBXFileReference; fileEncoding = 4; lastKnownFileType = sourcecode.cpp.cpp; path = nfuncs.cpp; sourceTree = "<group>"; };
		CE60F86B260632480077AE18 /* ntrait_p.h */ = {isa = PBXFileReference; fileEncoding = 4; lastKnownFileType = sourcecode.c.h; path = ntrait_p.h; sourceTree = "<group>"; };
		CE60F86C260632480077AE18 /* cmeta.h */ = {isa = PBXFileReference; fileEncoding = 4; lastKnownFileType = sourcecode.c.h; path = cmeta.h; sourceTree = "<group>"; };
		CE60F86D260632480077AE18 /* NGEN.cpp */ = {isa = PBXFileReference; fileEncoding = 4; lastKnownFileType = sourcecode.cpp.cpp; path = NGEN.cpp; sourceTree = "<group>"; };
		CE60F86E260632480077AE18 /* nfuncs.h */ = {isa = PBXFileReference; fileEncoding = 4; lastKnownFileType = sourcecode.c.h; path = nfuncs.h; sourceTree = "<group>"; };
		CEA0183225FF8874000064C2 /* osjs.c */ = {isa = PBXFileReference; fileEncoding = 4; lastKnownFileType = sourcecode.c.c; path = osjs.c; sourceTree = "<group>"; };
		CEA0183325FF8874000064C2 /* osjs.h */ = {isa = PBXFileReference; fileEncoding = 4; lastKnownFileType = sourcecode.c.h; path = osjs.h; sourceTree = "<group>"; };
		CEA0184125FF8874000064C2 /* NMACJavaScriptCore.m */ = {isa = PBXFileReference; fileEncoding = 4; lastKnownFileType = sourcecode.c.objc; path = NMACJavaScriptCore.m; sourceTree = "<group>"; };
		CED80C1C24F2ADA20063F3DE /* program.app */ = {isa = PBXFileReference; explicitFileType = wrapper.application; includeInIndex = 0; path = program.app; sourceTree = BUILT_PRODUCTS_DIR; };
		CED80C2524F2ADA30063F3DE /* Assets.xcassets */ = {isa = PBXFileReference; lastKnownFileType = folder.assetcatalog; path = Assets.xcassets; sourceTree = "<group>"; };
		CED80C2A24F2ADA30063F3DE /* Info.plist */ = {isa = PBXFileReference; lastKnownFileType = text.plist.xml; path = Info.plist; sourceTree = "<group>"; };
		CED80C2B24F2ADA30063F3DE /* main.m */ = {isa = PBXFileReference; lastKnownFileType = sourcecode.c.objc; path = main.m; sourceTree = "<group>"; };
		CED80C2D24F2ADA30063F3DE /* program.entitlements */ = {isa = PBXFileReference; lastKnownFileType = text.plist.entitlements; path = program.entitlements; sourceTree = "<group>"; };
		CEE73236265E7ACF0099B366 /* ndictionary.h */ = {isa = PBXFileReference; fileEncoding = 4; lastKnownFileType = sourcecode.c.h; path = ndictionary.h; sourceTree = "<group>"; };
		CEE73237265E7ACF0099B366 /* ndictionary.c */ = {isa = PBXFileReference; fileEncoding = 4; lastKnownFileType = sourcecode.c.c; path = ndictionary.c; sourceTree = "<group>"; };
		CEF62B5D25F10D6D0050F57C /* jslaunch.c */ = {isa = PBXFileReference; fileEncoding = 4; lastKnownFileType = sourcecode.c.c; path = jslaunch.c; sourceTree = "<group>"; };
		CEF62B6025F10D6D0050F57C /* launch.c */ = {isa = PBXFileReference; fileEncoding = 4; lastKnownFileType = sourcecode.c.c; path = launch.c; sourceTree = "<group>"; };
		CEF62B6325F10D6D0050F57C /* claunch.cpp */ = {isa = PBXFileReference; fileEncoding = 4; lastKnownFileType = sourcecode.cpp.cpp; path = claunch.cpp; sourceTree = "<group>"; };
/* End PBXFileReference section */

/* Begin PBXFrameworksBuildPhase section */
		CED80C1924F2ADA20063F3DE /* Frameworks */ = {
			isa = PBXFrameworksBuildPhase;
			buildActionMask = 2147483647;
			files = (
			);
			runOnlyForDeploymentPostprocessing = 0;
		};
/* End PBXFrameworksBuildPhase section */

/* Begin PBXGroup section */
		CE37F66725D0363D00C8302C /* appsrc */ = {
			isa = PBXGroup;
			children = (
				CEF62B6125F10D6D0050F57C /* cmain */,
				CEF62B5B25F10D6D0050F57C /* jsmain */,
				CEF62B5E25F10D6D0050F57C /* main */,
			);
			name = appsrc;
			path = ../appsrc;
			sourceTree = "<group>";
		};
		CE37F66D25D0364D00C8302C /* sharedsrc */ = {
			isa = PBXGroup;
			children = (
				CE37F6C725D0364D00C8302C /* basis */,
				CE37F6F025D0364D00C8302C /* cmeta */,
				CE37F66E25D0364D00C8302C /* net */,
				CE37F67725D0364D00C8302C /* osbind */,
				CEA0183025FF8874000064C2 /* osjs */,
				CE37F6AE25D0364D00C8302C /* osplat */,
				CE37F68D25D0364D00C8302C /* osui */,
			);
			name = sharedsrc;
			path = ../sharedsrc;
			sourceTree = "<group>";
		};
		CE37F66E25D0364D00C8302C /* net */ = {
			isa = PBXGroup;
			children = (
				CE37F66F25D0364D00C8302C /* net */,
			);
			path = net;
			sourceTree = "<group>";
		};
		CE37F66F25D0364D00C8302C /* net */ = {
			isa = PBXGroup;
			children = (
				CE37F67225D0364D00C8302C /* net.h */,
				CE37F67025D0364D00C8302C /* nsocket_posix.c */,
				CE37F67625D0364D00C8302C /* nsocket_win32.c */,
				CE37F67325D0364D00C8302C /* nsocket.c */,
				CE37F67425D0364D00C8302C /* nsocket.h */,
			);
			path = net;
			sourceTree = "<group>";
		};
		CE37F67725D0364D00C8302C /* osbind */ = {
			isa = PBXGroup;
			children = (
				CE37F68725D0364D00C8302C /* osbind */,
				CE37F68A25D0364D00C8302C /* osbind_mac */,
			);
			path = osbind;
			sourceTree = "<group>";
		};
		CE37F68725D0364D00C8302C /* osbind */ = {
			isa = PBXGroup;
			children = (
				CE37F68925D0364D00C8302C /* osbind.c */,
				CE37F68825D0364D00C8302C /* osbind.h */,
			);
			path = osbind;
			sourceTree = "<group>";
		};
		CE37F68A25D0364D00C8302C /* osbind_mac */ = {
			isa = PBXGroup;
			children = (
				CE37F68B25D0364D00C8302C /* NOBJCBind.c */,
				CE37F68C25D0364D00C8302C /* NOBJCBind.h */,
			);
			path = osbind_mac;
			sourceTree = "<group>";
		};
		CE37F68D25D0364D00C8302C /* osui */ = {
			isa = PBXGroup;
			children = (
				CE37F69725D0364D00C8302C /* osui */,
				CE37F69B25D0364D00C8302C /* osui_osx */,
			);
			path = osui;
			sourceTree = "<group>";
		};
		CE37F69725D0364D00C8302C /* osui */ = {
			isa = PBXGroup;
			children = (
				CE26FEF5264FA9E70089898A /* nbrush.c */,
				CE26FEF1264FA9E70089898A /* nbrush.h */,
				CE26FEF6264FA9E70089898A /* nimage.c */,
				CE26FEF4264FA9E70089898A /* nimage.h */,
				CE26FEF2264FA9E70089898A /* nlaunch.h */,
				CE26FEF3264FA9E70089898A /* ntextfield.c */,
				CE26FEF0264FA9E60089898A /* ntextfield.h */,
				CE474A2E263AC6A400E3F49F /* nwindow.c */,
				CE474A33263AC6A400E3F49F /* nwindow.h */,
				CE37F69A25D0364D00C8302C /* osui.h */,
			);
			path = osui;
			sourceTree = "<group>";
		};
		CE37F69B25D0364D00C8302C /* osui_osx */ = {
			isa = PBXGroup;
			children = (
				CE37F6A125D0364D00C8302C /* NOSXAppDelegate.h */,
				CE37F69E25D0364D00C8302C /* NOSXAppDelegate.m */,
				CE37F69F25D0364D00C8302C /* NOSXViewController.h */,
				CE37F69C25D0364D00C8302C /* NOSXViewController.m */,
				CE37F69D25D0364D00C8302C /* NOSXWindowController.h */,
				CE37F6A025D0364D00C8302C /* NOSXWindowController.m */,
			);
			path = osui_osx;
			sourceTree = "<group>";
		};
		CE37F6AE25D0364D00C8302C /* osplat */ = {
			isa = PBXGroup;
			children = (
				CE37F6C025D0364D00C8302C /* osplat */,
				CE37F6AF25D0364D00C8302C /* osplat_mac */,
			);
			path = osplat;
			sourceTree = "<group>";
		};
		CE37F6AF25D0364D00C8302C /* osplat_mac */ = {
			isa = PBXGroup;
			children = (
				CE37F6B025D0364D00C8302C /* NMACBundle.m */,
				CE37F6B325D0364D00C8302C /* NMACFiles.m */,
				CE37F6B225D0364D00C8302C /* NMACRunloop.m */,
				CE37F6B125D0364D00C8302C /* NMACThread.m */,
			);
			path = osplat_mac;
			sourceTree = "<group>";
		};
		CE37F6C025D0364D00C8302C /* osplat */ = {
			isa = PBXGroup;
			children = (
				CE37F6C225D0364D00C8302C /* nbundle.h */,
				CE37F6C525D0364D00C8302C /* nfiles.h */,
				CE37F6C325D0364D00C8302C /* nrunloop.h */,
				CE37F6C625D0364D00C8302C /* nthread.h */,
				CE37F6C125D0364D00C8302C /* osplat.c */,
				CE37F6C425D0364D00C8302C /* osplat.h */,
			);
			path = osplat;
			sourceTree = "<group>";
		};
		CE37F6C725D0364D00C8302C /* basis */ = {
			isa = PBXGroup;
			children = (
				CE37F6C825D0364D00C8302C /* basis */,
			);
			path = basis;
			sourceTree = "<group>";
		};
		CE37F6C825D0364D00C8302C /* basis */ = {
			isa = PBXGroup;
			children = (
				CE37F6D625D0364D00C8302C /* algorithm */,
				CE37F6CC25D0364D00C8302C /* basis.h */,
				CE37F6D425D0364D00C8302C /* narray.c */,
				CE37F6EB25D0364D00C8302C /* narray.h */,
				CE37F6EC25D0364D00C8302C /* ndata.c */,
				CE37F6D225D0364D00C8302C /* ndata.h */,
				CEE73237265E7ACF0099B366 /* ndictionary.c */,
				CEE73236265E7ACF0099B366 /* ndictionary.h */,
				CE37F6CE25D0364D00C8302C /* nenviron.h */,
				CE37F6EE25D0364D00C8302C /* nlock.c */,
				CE37F6D125D0364D00C8302C /* nlock.h */,
				CE37F6E325D0364D00C8302C /* nmemory.c */,
				CE37F6EF25D0364D00C8302C /* nmemory.h */,
				CE37F6E625D0364D00C8302C /* nnumber.h */,
				CE00E6E2266A772C003A3A2F /* nnumber32.c */,
				CE00E6E3266A772C003A3A2F /* nnumber64.c */,
				CE37F6D325D0364D00C8302C /* nprint.c */,
				CE37F6EA25D0364D00C8302C /* nprint.h */,
				CE37F6CF25D0364D00C8302C /* nstring.c */,
				CE37F6E725D0364D00C8302C /* nstring.h */,
				CE37F6D025D0364D00C8302C /* ntable.c */,
				CE37F6ED25D0364D00C8302C /* ntable.h */,
				CE37F6D525D0364D00C8302C /* nunicode.c */,
				CE37F6E925D0364D00C8302C /* nunicode.h */,
			);
			path = basis;
			sourceTree = "<group>";
		};
		CE37F6D625D0364D00C8302C /* algorithm */ = {
			isa = PBXGroup;
			children = (
				CE37F6DA25D0364D00C8302C /* avltree.c */,
				CE37F6E225D0364D00C8302C /* avltree.h */,
				CE37F6D725D0364D00C8302C /* binlist.c */,
				CE37F6DD25D0364D00C8302C /* binlist.h */,
				CE37F6E025D0364D00C8302C /* cerpool.c */,
				CE37F6DC25D0364D00C8302C /* cerpool.h */,
				CE37F6DB25D0364D00C8302C /* cstr.c */,
				CE37F6E125D0364D00C8302C /* cstr.h */,
				CE37F6D925D0364D00C8302C /* def.c */,
				CE37F6DF25D0364D00C8302C /* def.h */,
				CE37F6D825D0364D00C8302C /* scalist.c */,
				CE37F6DE25D0364D00C8302C /* scalist.h */,
			);
			path = algorithm;
			sourceTree = "<group>";
		};
		CE37F6F025D0364D00C8302C /* cmeta */ = {
			isa = PBXGroup;
			children = (
				CE37F6F125D0364D00C8302C /* cmeta */,
			);
			path = cmeta;
			sourceTree = "<group>";
		};
		CE37F6F125D0364D00C8302C /* cmeta */ = {
			isa = PBXGroup;
			children = (
				CE60F86C260632480077AE18 /* cmeta.h */,
				CE60F866260632480077AE18 /* nfunccall_p.cpp */,
				CE60F863260632480077AE18 /* nfunccall_p.h */,
				CE60F868260632480077AE18 /* nfuncmeta_p.cpp */,
				CE60F864260632480077AE18 /* nfuncmeta_p.h */,
				CE60F86A260632480077AE18 /* nfuncs.cpp */,
				CE60F86E260632480077AE18 /* nfuncs.h */,
				CE60F86D260632480077AE18 /* NGEN.cpp */,
				CE60F867260632480077AE18 /* NGEN.h */,
				CE60F86B260632480077AE18 /* ntrait_p.h */,
				CE60F862260632480077AE18 /* ntypemeta_p.cpp */,
				CE60F869260632480077AE18 /* ntypemeta_p.h */,
				CE60F865260632480077AE18 /* ntypes.cpp */,
				CE60F861260632480077AE18 /* ntypes.h */,
			);
			path = cmeta;
			sourceTree = "<group>";
		};
		CEA0183025FF8874000064C2 /* osjs */ = {
			isa = PBXGroup;
			children = (
				CEA0183125FF8874000064C2 /* osjs */,
				CEA0184025FF8874000064C2 /* osjs_mac */,
			);
			path = osjs;
			sourceTree = "<group>";
		};
		CEA0183125FF8874000064C2 /* osjs */ = {
			isa = PBXGroup;
			children = (
				CEA0183225FF8874000064C2 /* osjs.c */,
				CEA0183325FF8874000064C2 /* osjs.h */,
			);
			path = osjs;
			sourceTree = "<group>";
		};
		CEA0184025FF8874000064C2 /* osjs_mac */ = {
			isa = PBXGroup;
			children = (
				CEA0184125FF8874000064C2 /* NMACJavaScriptCore.m */,
			);
			path = osjs_mac;
			sourceTree = "<group>";
		};
		CED80C1324F2ADA20063F3DE = {
			isa = PBXGroup;
			children = (
				CE37F66725D0363D00C8302C /* appsrc */,
				CE37F66D25D0364D00C8302C /* sharedsrc */,
				CED80C1E24F2ADA20063F3DE /* program */,
				CED80C1D24F2ADA20063F3DE /* products */,
			);
			sourceTree = "<group>";
		};
		CED80C1D24F2ADA20063F3DE /* products */ = {
			isa = PBXGroup;
			children = (
				CED80C1C24F2ADA20063F3DE /* program.app */,
			);
			name = products;
			sourceTree = "<group>";
		};
		CED80C1E24F2ADA20063F3DE /* program */ = {
			isa = PBXGroup;
			children = (
				CED80C2524F2ADA30063F3DE /* Assets.xcassets */,
				CED80C2A24F2ADA30063F3DE /* Info.plist */,
				CED80C2B24F2ADA30063F3DE /* main.m */,
				CED80C2D24F2ADA30063F3DE /* program.entitlements */,
			);
			path = program;
			sourceTree = "<group>";
		};
		CEF62B5B25F10D6D0050F57C /* jsmain */ = {
			isa = PBXGroup;
			children = (
				CEF62B5C25F10D6D0050F57C /* jsmain */,
			);
			path = jsmain;
			sourceTree = "<group>";
		};
		CEF62B5C25F10D6D0050F57C /* jsmain */ = {
			isa = PBXGroup;
			children = (
				CEF62B5D25F10D6D0050F57C /* jslaunch.c */,
			);
			path = jsmain;
			sourceTree = "<group>";
		};
		CEF62B5E25F10D6D0050F57C /* main */ = {
			isa = PBXGroup;
			children = (
				CEF62B5F25F10D6D0050F57C /* main */,
			);
			path = main;
			sourceTree = "<group>";
		};
		CEF62B5F25F10D6D0050F57C /* main */ = {
			isa = PBXGroup;
			children = (
				CEF62B6025F10D6D0050F57C /* launch.c */,
			);
			path = main;
			sourceTree = "<group>";
		};
		CEF62B6125F10D6D0050F57C /* cmain */ = {
			isa = PBXGroup;
			children = (
				CEF62B6225F10D6D0050F57C /* cmain */,
			);
			path = cmain;
			sourceTree = "<group>";
		};
		CEF62B6225F10D6D0050F57C /* cmain */ = {
			isa = PBXGroup;
			children = (
				CEF62B6325F10D6D0050F57C /* claunch.cpp */,
			);
			path = cmain;
			sourceTree = "<group>";
		};
/* End PBXGroup section */

/* Begin PBXNativeTarget section */
		CED80C1B24F2ADA20063F3DE /* program */ = {
			isa = PBXNativeTarget;
			buildConfigurationList = CED80C3024F2ADA30063F3DE /* Build configuration list for PBXNativeTarget "program" */;
			buildPhases = (
				CED80C1824F2ADA20063F3DE /* Sources */,
				CED80C1924F2ADA20063F3DE /* Frameworks */,
				CED80C1A24F2ADA20063F3DE /* Resources */,
			);
			buildRules = (
			);
			dependencies = (
			);
			name = program;
			productName = program;
			productReference = CED80C1C24F2ADA20063F3DE /* program.app */;
			productType = "com.apple.product-type.application";
		};
/* End PBXNativeTarget section */

/* Begin PBXProject section */
		CED80C1424F2ADA20063F3DE /* Project object */ = {
			isa = PBXProject;
			attributes = {
				LastUpgradeCheck = 1200;
				ORGANIZATIONNAME = wzsayiie;
				TargetAttributes = {
					CED80C1B24F2ADA20063F3DE = {
						CreatedOnToolsVersion = 11.6;
					};
				};
			};
			buildConfigurationList = CED80C1724F2ADA20063F3DE /* Build configuration list for PBXProject "program_osx" */;
			compatibilityVersion = "Xcode 9.3";
			developmentRegion = en;
			hasScannedForEncodings = 0;
			knownRegions = (
				en,
				Base,
			);
			mainGroup = CED80C1324F2ADA20063F3DE;
			productRefGroup = CED80C1D24F2ADA20063F3DE /* products */;
			projectDirPath = "";
			projectRoot = "";
			targets = (
				CED80C1B24F2ADA20063F3DE /* program */,
			);
		};
/* End PBXProject section */

/* Begin PBXResourcesBuildPhase section */
		CED80C1A24F2ADA20063F3DE /* Resources */ = {
			isa = PBXResourcesBuildPhase;
			buildActionMask = 2147483647;
			files = (
				CED80C2624F2ADA30063F3DE /* Assets.xcassets in Resources */,
			);
			runOnlyForDeploymentPostprocessing = 0;
		};
/* End PBXResourcesBuildPhase section */

/* Begin PBXSourcesBuildPhase section */
		CED80C1824F2ADA20063F3DE /* Sources */ = {
			isa = PBXSourcesBuildPhase;
			buildActionMask = 2147483647;
			files = (
				CE474A40263AC6A400E3F49F /* nwindow.c in Sources */,
				CE37F72625D0364D00C8302C /* scalist.c in Sources */,
				CE37F70625D0364D00C8302C /* NOBJCBind.c in Sources */,
				CE37F70C25D0364D00C8302C /* NOSXWindowController.m in Sources */,
				CE26FEF9264FA9E70089898A /* nimage.c in Sources */,
				CE37F72525D0364D00C8302C /* binlist.c in Sources */,
				CE00E6E4266A772C003A3A2F /* nnumber32.c in Sources */,
				CE37F71D25D0364D00C8302C /* osplat.c in Sources */,
				CE37F71125D0364D00C8302C /* NMACBundle.m in Sources */,
				CE37F71225D0364D00C8302C /* NMACThread.m in Sources */,
				CE37F72225D0364D00C8302C /* nprint.c in Sources */,
				CE37F72F25D0364D00C8302C /* nlock.c in Sources */,
				CE60F86F260632480077AE18 /* ntypemeta_p.cpp in Sources */,
				CE37F72125D0364D00C8302C /* ntable.c in Sources */,
				CEF62B6625F10D6D0050F57C /* claunch.cpp in Sources */,
				CE26FEF7264FA9E70089898A /* ntextfield.c in Sources */,
				CE37F70525D0364D00C8302C /* osbind.c in Sources */,
				CE37F6FB25D0364D00C8302C /* nsocket.c in Sources */,
				CEF62B6425F10D6D0050F57C /* jslaunch.c in Sources */,
				CE37F72725D0364D00C8302C /* def.c in Sources */,
				CE37F72A25D0364D00C8302C /* cerpool.c in Sources */,
				CE37F72E25D0364D00C8302C /* ndata.c in Sources */,
				CE37F6FA25D0364D00C8302C /* nsocket_posix.c in Sources */,
				CE37F72825D0364D00C8302C /* avltree.c in Sources */,
				CE60F872260632480077AE18 /* nfuncmeta_p.cpp in Sources */,
				CE37F72425D0364D00C8302C /* nunicode.c in Sources */,
				CE37F70B25D0364D00C8302C /* NOSXAppDelegate.m in Sources */,
				CE60F871260632480077AE18 /* nfunccall_p.cpp in Sources */,
				CE60F873260632480077AE18 /* nfuncs.cpp in Sources */,
				CE37F71325D0364D00C8302C /* NMACRunloop.m in Sources */,
				CE60F870260632480077AE18 /* ntypes.cpp in Sources */,
				CE00E6E5266A772C003A3A2F /* nnumber64.c in Sources */,
				CE37F6FD25D0364D00C8302C /* nsocket_win32.c in Sources */,
				CED80C2C24F2ADA30063F3DE /* main.m in Sources */,
				CEE73238265E7ACF0099B366 /* ndictionary.c in Sources */,
				CEA0184225FF8874000064C2 /* osjs.c in Sources */,
				CE60F874260632480077AE18 /* NGEN.cpp in Sources */,
				CE26FEF8264FA9E70089898A /* nbrush.c in Sources */,
				CE37F72325D0364D00C8302C /* narray.c in Sources */,
				CEA0184725FF8874000064C2 /* NMACJavaScriptCore.m in Sources */,
				CE37F72B25D0364D00C8302C /* nmemory.c in Sources */,
				CE37F70A25D0364D00C8302C /* NOSXViewController.m in Sources */,
				CEF62B6525F10D6D0050F57C /* launch.c in Sources */,
				CE37F72925D0364D00C8302C /* cstr.c in Sources */,
				CE37F72025D0364D00C8302C /* nstring.c in Sources */,
				CE37F71425D0364D00C8302C /* NMACFiles.m in Sources */,
			);
			runOnlyForDeploymentPostprocessing = 0;
		};
/* End PBXSourcesBuildPhase section */

/* Begin XCBuildConfiguration section */
		CED80C2E24F2ADA30063F3DE /* Debug */ = {
			isa = XCBuildConfiguration;
			buildSettings = {
				ALWAYS_SEARCH_USER_PATHS = NO;
				CLANG_ANALYZER_NONNULL = YES;
				CLANG_ANALYZER_NUMBER_OBJECT_CONVERSION = YES_AGGRESSIVE;
				CLANG_CXX_LANGUAGE_STANDARD = "gnu++14";
				CLANG_CXX_LIBRARY = "libc++";
				CLANG_ENABLE_MODULES = YES;
				CLANG_ENABLE_OBJC_ARC = YES;
				CLANG_ENABLE_OBJC_WEAK = YES;
				CLANG_WARN_BLOCK_CAPTURE_AUTORELEASING = YES;
				CLANG_WARN_BOOL_CONVERSION = YES;
				CLANG_WARN_COMMA = YES;
				CLANG_WARN_CONSTANT_CONVERSION = YES;
				CLANG_WARN_DEPRECATED_OBJC_IMPLEMENTATIONS = YES;
				CLANG_WARN_DIRECT_OBJC_ISA_USAGE = YES_ERROR;
				CLANG_WARN_DOCUMENTATION_COMMENTS = YES;
				CLANG_WARN_EMPTY_BODY = YES;
				CLANG_WARN_ENUM_CONVERSION = YES;
				CLANG_WARN_INFINITE_RECURSION = YES;
				CLANG_WARN_INT_CONVERSION = YES;
				CLANG_WARN_NON_LITERAL_NULL_CONVERSION = YES;
				CLANG_WARN_OBJC_IMPLICIT_RETAIN_SELF = YES;
				CLANG_WARN_OBJC_LITERAL_CONVERSION = YES;
				CLANG_WARN_OBJC_ROOT_CLASS = YES_ERROR;
				CLANG_WARN_QUOTED_INCLUDE_IN_FRAMEWORK_HEADER = YES;
				CLANG_WARN_RANGE_LOOP_ANALYSIS = YES;
				CLANG_WARN_STRICT_PROTOTYPES = YES;
				CLANG_WARN_SUSPICIOUS_MOVE = YES;
				CLANG_WARN_UNGUARDED_AVAILABILITY = YES_AGGRESSIVE;
				CLANG_WARN_UNREACHABLE_CODE = YES;
				CLANG_WARN__DUPLICATE_METHOD_MATCH = YES;
				COPY_PHASE_STRIP = NO;
				DEBUG_INFORMATION_FORMAT = dwarf;
				ENABLE_STRICT_OBJC_MSGSEND = YES;
				ENABLE_TESTABILITY = YES;
				GCC_C_LANGUAGE_STANDARD = gnu11;
				GCC_DYNAMIC_NO_PIC = NO;
				GCC_NO_COMMON_BLOCKS = YES;
				GCC_OPTIMIZATION_LEVEL = 0;
				GCC_PREPROCESSOR_DEFINITIONS = (
					"DEBUG=1",
					"$(inherited)",
				);
				GCC_WARN_64_TO_32_BIT_CONVERSION = YES;
				GCC_WARN_ABOUT_RETURN_TYPE = YES_ERROR;
				GCC_WARN_UNDECLARED_SELECTOR = YES;
				GCC_WARN_UNINITIALIZED_AUTOS = YES_AGGRESSIVE;
				GCC_WARN_UNUSED_FUNCTION = YES;
				GCC_WARN_UNUSED_VARIABLE = YES;
				MACOSX_DEPLOYMENT_TARGET = 10.15;
				MTL_ENABLE_DEBUG_INFO = INCLUDE_SOURCE;
				MTL_FAST_MATH = YES;
				ONLY_ACTIVE_ARCH = YES;
				SDKROOT = macosx;
			};
			name = Debug;
		};
		CED80C2F24F2ADA30063F3DE /* Release */ = {
			isa = XCBuildConfiguration;
			buildSettings = {
				ALWAYS_SEARCH_USER_PATHS = NO;
				CLANG_ANALYZER_NONNULL = YES;
				CLANG_ANALYZER_NUMBER_OBJECT_CONVERSION = YES_AGGRESSIVE;
				CLANG_CXX_LANGUAGE_STANDARD = "gnu++14";
				CLANG_CXX_LIBRARY = "libc++";
				CLANG_ENABLE_MODULES = YES;
				CLANG_ENABLE_OBJC_ARC = YES;
				CLANG_ENABLE_OBJC_WEAK = YES;
				CLANG_WARN_BLOCK_CAPTURE_AUTORELEASING = YES;
				CLANG_WARN_BOOL_CONVERSION = YES;
				CLANG_WARN_COMMA = YES;
				CLANG_WARN_CONSTANT_CONVERSION = YES;
				CLANG_WARN_DEPRECATED_OBJC_IMPLEMENTATIONS = YES;
				CLANG_WARN_DIRECT_OBJC_ISA_USAGE = YES_ERROR;
				CLANG_WARN_DOCUMENTATION_COMMENTS = YES;
				CLANG_WARN_EMPTY_BODY = YES;
				CLANG_WARN_ENUM_CONVERSION = YES;
				CLANG_WARN_INFINITE_RECURSION = YES;
				CLANG_WARN_INT_CONVERSION = YES;
				CLANG_WARN_NON_LITERAL_NULL_CONVERSION = YES;
				CLANG_WARN_OBJC_IMPLICIT_RETAIN_SELF = YES;
				CLANG_WARN_OBJC_LITERAL_CONVERSION = YES;
				CLANG_WARN_OBJC_ROOT_CLASS = YES_ERROR;
				CLANG_WARN_QUOTED_INCLUDE_IN_FRAMEWORK_HEADER = YES;
				CLANG_WARN_RANGE_LOOP_ANALYSIS = YES;
				CLANG_WARN_STRICT_PROTOTYPES = YES;
				CLANG_WARN_SUSPICIOUS_MOVE = YES;
				CLANG_WARN_UNGUARDED_AVAILABILITY = YES_AGGRESSIVE;
				CLANG_WARN_UNREACHABLE_CODE = YES;
				CLANG_WARN__DUPLICATE_METHOD_MATCH = YES;
				COPY_PHASE_STRIP = NO;
				DEBUG_INFORMATION_FORMAT = "dwarf-with-dsym";
				ENABLE_NS_ASSERTIONS = NO;
				ENABLE_STRICT_OBJC_MSGSEND = YES;
				GCC_C_LANGUAGE_STANDARD = gnu11;
				GCC_NO_COMMON_BLOCKS = YES;
				GCC_WARN_64_TO_32_BIT_CONVERSION = YES;
				GCC_WARN_ABOUT_RETURN_TYPE = YES_ERROR;
				GCC_WARN_UNDECLARED_SELECTOR = YES;
				GCC_WARN_UNINITIALIZED_AUTOS = YES_AGGRESSIVE;
				GCC_WARN_UNUSED_FUNCTION = YES;
				GCC_WARN_UNUSED_VARIABLE = YES;
				MACOSX_DEPLOYMENT_TARGET = 10.15;
				MTL_ENABLE_DEBUG_INFO = NO;
				MTL_FAST_MATH = YES;
				SDKROOT = macosx;
			};
			name = Release;
		};
		CED80C3124F2ADA30063F3DE /* Debug */ = {
			isa = XCBuildConfiguration;
			buildSettings = {
				ASSETCATALOG_COMPILER_APPICON_NAME = AppIcon;
				CODE_SIGN_ENTITLEMENTS = program/program.entitlements;
				CODE_SIGN_IDENTITY = "-";
				CODE_SIGN_STYLE = Automatic;
				COMBINE_HIDPI_IMAGES = YES;
				HEADER_SEARCH_PATHS = "$(SRCROOT)/../HEADERS";
				INFOPLIST_FILE = program/Info.plist;
				LD_RUNPATH_SEARCH_PATHS = (
					"$(inherited)",
					"@executable_path/../Frameworks",
				);
				PRODUCT_BUNDLE_IDENTIFIER = me.wzsayiie.app.osx;
				PRODUCT_NAME = "$(TARGET_NAME)";
			};
			name = Debug;
		};
		CED80C3224F2ADA30063F3DE /* Release */ = {
			isa = XCBuildConfiguration;
			buildSettings = {
				ASSETCATALOG_COMPILER_APPICON_NAME = AppIcon;
				CODE_SIGN_ENTITLEMENTS = program/program.entitlements;
				CODE_SIGN_IDENTITY = "-";
				CODE_SIGN_STYLE = Automatic;
				COMBINE_HIDPI_IMAGES = YES;
				HEADER_SEARCH_PATHS = "$(SRCROOT)/../HEADERS";
				INFOPLIST_FILE = program/Info.plist;
				LD_RUNPATH_SEARCH_PATHS = (
					"$(inherited)",
					"@executable_path/../Frameworks",
				);
				PRODUCT_BUNDLE_IDENTIFIER = me.wzsayiie.app.osx;
				PRODUCT_NAME = "$(TARGET_NAME)";
			};
			name = Release;
		};
/* End XCBuildConfiguration section */

/* Begin XCConfigurationList section */
		CED80C1724F2ADA20063F3DE /* Build configuration list for PBXProject "program_osx" */ = {
			isa = XCConfigurationList;
			buildConfigurations = (
				CED80C2E24F2ADA30063F3DE /* Debug */,
				CED80C2F24F2ADA30063F3DE /* Release */,
			);
			defaultConfigurationIsVisible = 0;
			defaultConfigurationName = Release;
		};
		CED80C3024F2ADA30063F3DE /* Build configuration list for PBXNativeTarget "program" */ = {
			isa = XCConfigurationList;
			buildConfigurations = (
				CED80C3124F2ADA30063F3DE /* Debug */,
				CED80C3224F2ADA30063F3DE /* Release */,
			);
			defaultConfigurationIsVisible = 0;
			defaultConfigurationName = Release;
		};
/* End XCConfigurationList section */
	};
	rootObject = CED80C1424F2ADA20063F3DE /* Project object */;
}
