// !$*UTF8*$!
{
	archiveVersion = 1;
	classes = {
	};
	objectVersion = 50;
	objects = {

/* Begin PBXBuildFile section */
		CED2DD7A25879D0E00810596 /* nref.cpp in Sources */ = {isa = PBXBuildFile; fileRef = CED2DD2925879D0D00810596 /* nref.cpp */; };
		CED2DD7B25879D0E00810596 /* nwidget.cpp in Sources */ = {isa = PBXBuildFile; fileRef = CED2DD2B25879D0D00810596 /* nwidget.cpp */; };
		CED2DD7E25879D0E00810596 /* nlaunch.c in Sources */ = {isa = PBXBuildFile; fileRef = CED2DD3925879D0D00810596 /* nlaunch.c */; };
		CED2DD7F25879D0E00810596 /* NOSXViewController.m in Sources */ = {isa = PBXBuildFile; fileRef = CED2DD3C25879D0D00810596 /* NOSXViewController.m */; };
		CED2DD8025879D0E00810596 /* NOSXAppDelegate.m in Sources */ = {isa = PBXBuildFile; fileRef = CED2DD3E25879D0D00810596 /* NOSXAppDelegate.m */; };
		CED2DD8125879D0E00810596 /* NOSXWindowController.m in Sources */ = {isa = PBXBuildFile; fileRef = CED2DD4025879D0D00810596 /* NOSXWindowController.m */; };
		CED2DD8725879D0E00810596 /* launch.cpp in Sources */ = {isa = PBXBuildFile; fileRef = CED2DD5625879D0D00810596 /* launch.cpp */; };
		CED2DD8825879D0E00810596 /* nnumber.c in Sources */ = {isa = PBXBuildFile; fileRef = CED2DD5925879D0D00810596 /* nnumber.c */; };
		CED2DD8925879D0E00810596 /* niterator.c in Sources */ = {isa = PBXBuildFile; fileRef = CED2DD5A25879D0D00810596 /* niterator.c */; };
		CED2DD8A25879D0E00810596 /* nstring.c in Sources */ = {isa = PBXBuildFile; fileRef = CED2DD5E25879D0D00810596 /* nstring.c */; };
		CED2DD8B25879D0E00810596 /* ntable.c in Sources */ = {isa = PBXBuildFile; fileRef = CED2DD5F25879D0D00810596 /* ntable.c */; };
		CED2DD8C25879D0E00810596 /* nio.c in Sources */ = {isa = PBXBuildFile; fileRef = CED2DD6225879D0D00810596 /* nio.c */; };
		CED2DD8D25879D0E00810596 /* narray.c in Sources */ = {isa = PBXBuildFile; fileRef = CED2DD6325879D0D00810596 /* narray.c */; };
		CED2DD8E25879D0E00810596 /* nunicode.c in Sources */ = {isa = PBXBuildFile; fileRef = CED2DD6525879D0E00810596 /* nunicode.c */; };
		CED2DD8F25879D0E00810596 /* nmemory.c in Sources */ = {isa = PBXBuildFile; fileRef = CED2DD6625879D0E00810596 /* nmemory.c */; };
		CED2DD9025879D0E00810596 /* naction.c in Sources */ = {isa = PBXBuildFile; fileRef = CED2DD6A25879D0E00810596 /* naction.c */; };
		CED2DD9125879D0E00810596 /* nenviron.c in Sources */ = {isa = PBXBuildFile; fileRef = CED2DD6B25879D0E00810596 /* nenviron.c */; };
		CED2DD9225879D0E00810596 /* ntypes.c in Sources */ = {isa = PBXBuildFile; fileRef = CED2DD6C25879D0E00810596 /* ntypes.c */; };
		CED2DD9325879D0E00810596 /* ndata.c in Sources */ = {isa = PBXBuildFile; fileRef = CED2DD7025879D0E00810596 /* ndata.c */; };
		CED2DD9425879D0E00810596 /* nlock.c in Sources */ = {isa = PBXBuildFile; fileRef = CED2DD7225879D0E00810596 /* nlock.c */; };
		CED2DD9525879D0E00810596 /* nfuncs.cpp in Sources */ = {isa = PBXBuildFile; fileRef = CED2DD7925879D0E00810596 /* nfuncs.cpp */; };
		CED80C2624F2ADA30063F3DE /* Assets.xcassets in Resources */ = {isa = PBXBuildFile; fileRef = CED80C2524F2ADA30063F3DE /* Assets.xcassets */; };
		CED80C2C24F2ADA30063F3DE /* main.m in Sources */ = {isa = PBXBuildFile; fileRef = CED80C2B24F2ADA30063F3DE /* main.m */; };
/* End PBXBuildFile section */

/* Begin PBXFileReference section */
		CED2DD2825879D0D00810596 /* cplus.h */ = {isa = PBXFileReference; fileEncoding = 4; lastKnownFileType = sourcecode.c.h; path = cplus.h; sourceTree = "<group>"; };
		CED2DD2925879D0D00810596 /* nref.cpp */ = {isa = PBXFileReference; fileEncoding = 4; lastKnownFileType = sourcecode.cpp.cpp; path = nref.cpp; sourceTree = "<group>"; };
		CED2DD2A25879D0D00810596 /* nwidget.h */ = {isa = PBXFileReference; fileEncoding = 4; lastKnownFileType = sourcecode.c.h; path = nwidget.h; sourceTree = "<group>"; };
		CED2DD2B25879D0D00810596 /* nwidget.cpp */ = {isa = PBXFileReference; fileEncoding = 4; lastKnownFileType = sourcecode.cpp.cpp; path = nwidget.cpp; sourceTree = "<group>"; };
		CED2DD2C25879D0D00810596 /* nref.h */ = {isa = PBXFileReference; fileEncoding = 4; lastKnownFileType = sourcecode.c.h; path = nref.h; sourceTree = "<group>"; };
		CED2DD3825879D0D00810596 /* uidev.h */ = {isa = PBXFileReference; fileEncoding = 4; lastKnownFileType = sourcecode.c.h; path = uidev.h; sourceTree = "<group>"; };
		CED2DD3925879D0D00810596 /* nlaunch.c */ = {isa = PBXFileReference; fileEncoding = 4; lastKnownFileType = sourcecode.c.c; path = nlaunch.c; sourceTree = "<group>"; };
		CED2DD3A25879D0D00810596 /* nlaunch.h */ = {isa = PBXFileReference; fileEncoding = 4; lastKnownFileType = sourcecode.c.h; path = nlaunch.h; sourceTree = "<group>"; };
		CED2DD3C25879D0D00810596 /* NOSXViewController.m */ = {isa = PBXFileReference; fileEncoding = 4; lastKnownFileType = sourcecode.c.objc; path = NOSXViewController.m; sourceTree = "<group>"; };
		CED2DD3D25879D0D00810596 /* NOSXWindowController.h */ = {isa = PBXFileReference; fileEncoding = 4; lastKnownFileType = sourcecode.c.h; path = NOSXWindowController.h; sourceTree = "<group>"; };
		CED2DD3E25879D0D00810596 /* NOSXAppDelegate.m */ = {isa = PBXFileReference; fileEncoding = 4; lastKnownFileType = sourcecode.c.objc; path = NOSXAppDelegate.m; sourceTree = "<group>"; };
		CED2DD3F25879D0D00810596 /* NOSXViewController.h */ = {isa = PBXFileReference; fileEncoding = 4; lastKnownFileType = sourcecode.c.h; path = NOSXViewController.h; sourceTree = "<group>"; };
		CED2DD4025879D0D00810596 /* NOSXWindowController.m */ = {isa = PBXFileReference; fileEncoding = 4; lastKnownFileType = sourcecode.c.objc; path = NOSXWindowController.m; sourceTree = "<group>"; };
		CED2DD4125879D0D00810596 /* NOSXAppDelegate.h */ = {isa = PBXFileReference; fileEncoding = 4; lastKnownFileType = sourcecode.c.h; path = NOSXAppDelegate.h; sourceTree = "<group>"; };
		CED2DD5625879D0D00810596 /* launch.cpp */ = {isa = PBXFileReference; fileEncoding = 4; lastKnownFileType = sourcecode.cpp.cpp; path = launch.cpp; sourceTree = "<group>"; };
		CED2DD5925879D0D00810596 /* nnumber.c */ = {isa = PBXFileReference; fileEncoding = 4; lastKnownFileType = sourcecode.c.c; path = nnumber.c; sourceTree = "<group>"; };
		CED2DD5A25879D0D00810596 /* niterator.c */ = {isa = PBXFileReference; fileEncoding = 4; lastKnownFileType = sourcecode.c.c; path = niterator.c; sourceTree = "<group>"; };
		CED2DD5B25879D0D00810596 /* basis.h */ = {isa = PBXFileReference; fileEncoding = 4; lastKnownFileType = sourcecode.c.h; path = basis.h; sourceTree = "<group>"; };
		CED2DD5C25879D0D00810596 /* naction.h */ = {isa = PBXFileReference; fileEncoding = 4; lastKnownFileType = sourcecode.c.h; path = naction.h; sourceTree = "<group>"; };
		CED2DD5D25879D0D00810596 /* nenviron.h */ = {isa = PBXFileReference; fileEncoding = 4; lastKnownFileType = sourcecode.c.h; path = nenviron.h; sourceTree = "<group>"; };
		CED2DD5E25879D0D00810596 /* nstring.c */ = {isa = PBXFileReference; fileEncoding = 4; lastKnownFileType = sourcecode.c.c; path = nstring.c; sourceTree = "<group>"; };
		CED2DD5F25879D0D00810596 /* ntable.c */ = {isa = PBXFileReference; fileEncoding = 4; lastKnownFileType = sourcecode.c.c; path = ntable.c; sourceTree = "<group>"; };
		CED2DD6025879D0D00810596 /* nlock.h */ = {isa = PBXFileReference; fileEncoding = 4; lastKnownFileType = sourcecode.c.h; path = nlock.h; sourceTree = "<group>"; };
		CED2DD6125879D0D00810596 /* ndata.h */ = {isa = PBXFileReference; fileEncoding = 4; lastKnownFileType = sourcecode.c.h; path = ndata.h; sourceTree = "<group>"; };
		CED2DD6225879D0D00810596 /* nio.c */ = {isa = PBXFileReference; fileEncoding = 4; lastKnownFileType = sourcecode.c.c; path = nio.c; sourceTree = "<group>"; };
		CED2DD6325879D0D00810596 /* narray.c */ = {isa = PBXFileReference; fileEncoding = 4; lastKnownFileType = sourcecode.c.c; path = narray.c; sourceTree = "<group>"; };
		CED2DD6425879D0D00810596 /* ntypes.h */ = {isa = PBXFileReference; fileEncoding = 4; lastKnownFileType = sourcecode.c.h; path = ntypes.h; sourceTree = "<group>"; };
		CED2DD6525879D0E00810596 /* nunicode.c */ = {isa = PBXFileReference; fileEncoding = 4; lastKnownFileType = sourcecode.c.c; path = nunicode.c; sourceTree = "<group>"; };
		CED2DD6625879D0E00810596 /* nmemory.c */ = {isa = PBXFileReference; fileEncoding = 4; lastKnownFileType = sourcecode.c.c; path = nmemory.c; sourceTree = "<group>"; };
		CED2DD6725879D0E00810596 /* niterator.h */ = {isa = PBXFileReference; fileEncoding = 4; lastKnownFileType = sourcecode.c.h; path = niterator.h; sourceTree = "<group>"; };
		CED2DD6825879D0E00810596 /* nnumber.h */ = {isa = PBXFileReference; fileEncoding = 4; lastKnownFileType = sourcecode.c.h; path = nnumber.h; sourceTree = "<group>"; };
		CED2DD6925879D0E00810596 /* nstring.h */ = {isa = PBXFileReference; fileEncoding = 4; lastKnownFileType = sourcecode.c.h; path = nstring.h; sourceTree = "<group>"; };
		CED2DD6A25879D0E00810596 /* naction.c */ = {isa = PBXFileReference; fileEncoding = 4; lastKnownFileType = sourcecode.c.c; path = naction.c; sourceTree = "<group>"; };
		CED2DD6B25879D0E00810596 /* nenviron.c */ = {isa = PBXFileReference; fileEncoding = 4; lastKnownFileType = sourcecode.c.c; path = nenviron.c; sourceTree = "<group>"; };
		CED2DD6C25879D0E00810596 /* ntypes.c */ = {isa = PBXFileReference; fileEncoding = 4; lastKnownFileType = sourcecode.c.c; path = ntypes.c; sourceTree = "<group>"; };
		CED2DD6D25879D0E00810596 /* nunicode.h */ = {isa = PBXFileReference; fileEncoding = 4; lastKnownFileType = sourcecode.c.h; path = nunicode.h; sourceTree = "<group>"; };
		CED2DD6E25879D0E00810596 /* nio.h */ = {isa = PBXFileReference; fileEncoding = 4; lastKnownFileType = sourcecode.c.h; path = nio.h; sourceTree = "<group>"; };
		CED2DD6F25879D0E00810596 /* narray.h */ = {isa = PBXFileReference; fileEncoding = 4; lastKnownFileType = sourcecode.c.h; path = narray.h; sourceTree = "<group>"; };
		CED2DD7025879D0E00810596 /* ndata.c */ = {isa = PBXFileReference; fileEncoding = 4; lastKnownFileType = sourcecode.c.c; path = ndata.c; sourceTree = "<group>"; };
		CED2DD7125879D0E00810596 /* ntable.h */ = {isa = PBXFileReference; fileEncoding = 4; lastKnownFileType = sourcecode.c.h; path = ntable.h; sourceTree = "<group>"; };
		CED2DD7225879D0E00810596 /* nlock.c */ = {isa = PBXFileReference; fileEncoding = 4; lastKnownFileType = sourcecode.c.c; path = nlock.c; sourceTree = "<group>"; };
		CED2DD7325879D0E00810596 /* nmemory.h */ = {isa = PBXFileReference; fileEncoding = 4; lastKnownFileType = sourcecode.c.h; path = nmemory.h; sourceTree = "<group>"; };
		CED2DD7625879D0E00810596 /* cmeta.h */ = {isa = PBXFileReference; fileEncoding = 4; lastKnownFileType = sourcecode.c.h; path = cmeta.h; sourceTree = "<group>"; };
		CED2DD7725879D0E00810596 /* NEXPORT.h */ = {isa = PBXFileReference; fileEncoding = 4; lastKnownFileType = sourcecode.c.h; path = NEXPORT.h; sourceTree = "<group>"; };
		CED2DD7825879D0E00810596 /* nfuncs.h */ = {isa = PBXFileReference; fileEncoding = 4; lastKnownFileType = sourcecode.c.h; path = nfuncs.h; sourceTree = "<group>"; };
		CED2DD7925879D0E00810596 /* nfuncs.cpp */ = {isa = PBXFileReference; fileEncoding = 4; lastKnownFileType = sourcecode.cpp.cpp; path = nfuncs.cpp; sourceTree = "<group>"; };
		CED80C1C24F2ADA20063F3DE /* program.app */ = {isa = PBXFileReference; explicitFileType = wrapper.application; includeInIndex = 0; path = program.app; sourceTree = BUILT_PRODUCTS_DIR; };
		CED80C2524F2ADA30063F3DE /* Assets.xcassets */ = {isa = PBXFileReference; lastKnownFileType = folder.assetcatalog; path = Assets.xcassets; sourceTree = "<group>"; };
		CED80C2A24F2ADA30063F3DE /* Info.plist */ = {isa = PBXFileReference; lastKnownFileType = text.plist.xml; path = Info.plist; sourceTree = "<group>"; };
		CED80C2B24F2ADA30063F3DE /* main.m */ = {isa = PBXFileReference; lastKnownFileType = sourcecode.c.objc; path = main.m; sourceTree = "<group>"; };
		CED80C2D24F2ADA30063F3DE /* program.entitlements */ = {isa = PBXFileReference; lastKnownFileType = text.plist.entitlements; path = program.entitlements; sourceTree = "<group>"; };
/* End PBXFileReference section */

/* Begin PBXFrameworksBuildPhase section */
		CED80C1924F2ADA20063F3DE /* Frameworks */ = {
			isa = PBXFrameworksBuildPhase;
			buildActionMask = 2147483647;
			files = (
			);
			runOnlyForDeploymentPostprocessing = 0;
		};
/* End PBXFrameworksBuildPhase section */

/* Begin PBXGroup section */
		CED2DD2525879D0D00810596 /* appsrc */ = {
			isa = PBXGroup;
			children = (
				CED2DD5725879D0D00810596 /* basis */,
				CED2DD7425879D0E00810596 /* cmeta */,
				CED2DD2625879D0D00810596 /* cplus */,
				CED2DD5425879D0D00810596 /* main */,
				CED2DD2D25879D0D00810596 /* uidev */,
			);
			name = appsrc;
			path = ../appsrc;
			sourceTree = "<group>";
		};
		CED2DD2625879D0D00810596 /* cplus */ = {
			isa = PBXGroup;
			children = (
				CED2DD2725879D0D00810596 /* cplus */,
			);
			path = cplus;
			sourceTree = "<group>";
		};
		CED2DD2725879D0D00810596 /* cplus */ = {
			isa = PBXGroup;
			children = (
				CED2DD2825879D0D00810596 /* cplus.h */,
				CED2DD2925879D0D00810596 /* nref.cpp */,
				CED2DD2C25879D0D00810596 /* nref.h */,
				CED2DD2B25879D0D00810596 /* nwidget.cpp */,
				CED2DD2A25879D0D00810596 /* nwidget.h */,
			);
			path = cplus;
			sourceTree = "<group>";
		};
		CED2DD2D25879D0D00810596 /* uidev */ = {
			isa = PBXGroup;
			children = (
				CED2DD3725879D0D00810596 /* uidev */,
				CED2DD3B25879D0D00810596 /* uidev_osx */,
			);
			path = uidev;
			sourceTree = "<group>";
		};
		CED2DD3725879D0D00810596 /* uidev */ = {
			isa = PBXGroup;
			children = (
				CED2DD3925879D0D00810596 /* nlaunch.c */,
				CED2DD3A25879D0D00810596 /* nlaunch.h */,
				CED2DD3825879D0D00810596 /* uidev.h */,
			);
			path = uidev;
			sourceTree = "<group>";
		};
		CED2DD3B25879D0D00810596 /* uidev_osx */ = {
			isa = PBXGroup;
			children = (
				CED2DD4125879D0D00810596 /* NOSXAppDelegate.h */,
				CED2DD3E25879D0D00810596 /* NOSXAppDelegate.m */,
				CED2DD3F25879D0D00810596 /* NOSXViewController.h */,
				CED2DD3C25879D0D00810596 /* NOSXViewController.m */,
				CED2DD3D25879D0D00810596 /* NOSXWindowController.h */,
				CED2DD4025879D0D00810596 /* NOSXWindowController.m */,
			);
			path = uidev_osx;
			sourceTree = "<group>";
		};
		CED2DD5425879D0D00810596 /* main */ = {
			isa = PBXGroup;
			children = (
				CED2DD5525879D0D00810596 /* main */,
			);
			path = main;
			sourceTree = "<group>";
		};
		CED2DD5525879D0D00810596 /* main */ = {
			isa = PBXGroup;
			children = (
				CED2DD5625879D0D00810596 /* launch.cpp */,
			);
			path = main;
			sourceTree = "<group>";
		};
		CED2DD5725879D0D00810596 /* basis */ = {
			isa = PBXGroup;
			children = (
				CED2DD5825879D0D00810596 /* basis */,
			);
			path = basis;
			sourceTree = "<group>";
		};
		CED2DD5825879D0D00810596 /* basis */ = {
			isa = PBXGroup;
			children = (
				CED2DD5B25879D0D00810596 /* basis.h */,
				CED2DD6A25879D0E00810596 /* naction.c */,
				CED2DD5C25879D0D00810596 /* naction.h */,
				CED2DD6325879D0D00810596 /* narray.c */,
				CED2DD6F25879D0E00810596 /* narray.h */,
				CED2DD7025879D0E00810596 /* ndata.c */,
				CED2DD6125879D0D00810596 /* ndata.h */,
				CED2DD6B25879D0E00810596 /* nenviron.c */,
				CED2DD5D25879D0D00810596 /* nenviron.h */,
				CED2DD6225879D0D00810596 /* nio.c */,
				CED2DD6E25879D0E00810596 /* nio.h */,
				CED2DD5A25879D0D00810596 /* niterator.c */,
				CED2DD6725879D0E00810596 /* niterator.h */,
				CED2DD7225879D0E00810596 /* nlock.c */,
				CED2DD6025879D0D00810596 /* nlock.h */,
				CED2DD6625879D0E00810596 /* nmemory.c */,
				CED2DD7325879D0E00810596 /* nmemory.h */,
				CED2DD5925879D0D00810596 /* nnumber.c */,
				CED2DD6825879D0E00810596 /* nnumber.h */,
				CED2DD5E25879D0D00810596 /* nstring.c */,
				CED2DD6925879D0E00810596 /* nstring.h */,
				CED2DD5F25879D0D00810596 /* ntable.c */,
				CED2DD7125879D0E00810596 /* ntable.h */,
				CED2DD6C25879D0E00810596 /* ntypes.c */,
				CED2DD6425879D0D00810596 /* ntypes.h */,
				CED2DD6525879D0E00810596 /* nunicode.c */,
				CED2DD6D25879D0E00810596 /* nunicode.h */,
			);
			path = basis;
			sourceTree = "<group>";
		};
		CED2DD7425879D0E00810596 /* cmeta */ = {
			isa = PBXGroup;
			children = (
				CED2DD7525879D0E00810596 /* cmeta */,
			);
			path = cmeta;
			sourceTree = "<group>";
		};
		CED2DD7525879D0E00810596 /* cmeta */ = {
			isa = PBXGroup;
			children = (
				CED2DD7625879D0E00810596 /* cmeta.h */,
				CED2DD7725879D0E00810596 /* NEXPORT.h */,
				CED2DD7925879D0E00810596 /* nfuncs.cpp */,
				CED2DD7825879D0E00810596 /* nfuncs.h */,
			);
			path = cmeta;
			sourceTree = "<group>";
		};
		CED80C1324F2ADA20063F3DE = {
			isa = PBXGroup;
			children = (
				CED2DD2525879D0D00810596 /* appsrc */,
				CED80C1E24F2ADA20063F3DE /* program */,
				CED80C1D24F2ADA20063F3DE /* products */,
			);
			sourceTree = "<group>";
		};
		CED80C1D24F2ADA20063F3DE /* products */ = {
			isa = PBXGroup;
			children = (
				CED80C1C24F2ADA20063F3DE /* program.app */,
			);
			name = products;
			sourceTree = "<group>";
		};
		CED80C1E24F2ADA20063F3DE /* program */ = {
			isa = PBXGroup;
			children = (
				CED80C2524F2ADA30063F3DE /* Assets.xcassets */,
				CED80C2A24F2ADA30063F3DE /* Info.plist */,
				CED80C2B24F2ADA30063F3DE /* main.m */,
				CED80C2D24F2ADA30063F3DE /* program.entitlements */,
			);
			path = program;
			sourceTree = "<group>";
		};
/* End PBXGroup section */

/* Begin PBXNativeTarget section */
		CED80C1B24F2ADA20063F3DE /* program */ = {
			isa = PBXNativeTarget;
			buildConfigurationList = CED80C3024F2ADA30063F3DE /* Build configuration list for PBXNativeTarget "program" */;
			buildPhases = (
				CED80C1824F2ADA20063F3DE /* Sources */,
				CED80C1924F2ADA20063F3DE /* Frameworks */,
				CED80C1A24F2ADA20063F3DE /* Resources */,
			);
			buildRules = (
			);
			dependencies = (
			);
			name = program;
			productName = program;
			productReference = CED80C1C24F2ADA20063F3DE /* program.app */;
			productType = "com.apple.product-type.application";
		};
/* End PBXNativeTarget section */

/* Begin PBXProject section */
		CED80C1424F2ADA20063F3DE /* Project object */ = {
			isa = PBXProject;
			attributes = {
				LastUpgradeCheck = 1200;
				ORGANIZATIONNAME = wzsayiie;
				TargetAttributes = {
					CED80C1B24F2ADA20063F3DE = {
						CreatedOnToolsVersion = 11.6;
					};
				};
			};
			buildConfigurationList = CED80C1724F2ADA20063F3DE /* Build configuration list for PBXProject "program_osx" */;
			compatibilityVersion = "Xcode 9.3";
			developmentRegion = en;
			hasScannedForEncodings = 0;
			knownRegions = (
				en,
				Base,
			);
			mainGroup = CED80C1324F2ADA20063F3DE;
			productRefGroup = CED80C1D24F2ADA20063F3DE /* products */;
			projectDirPath = "";
			projectRoot = "";
			targets = (
				CED80C1B24F2ADA20063F3DE /* program */,
			);
		};
/* End PBXProject section */

/* Begin PBXResourcesBuildPhase section */
		CED80C1A24F2ADA20063F3DE /* Resources */ = {
			isa = PBXResourcesBuildPhase;
			buildActionMask = 2147483647;
			files = (
				CED80C2624F2ADA30063F3DE /* Assets.xcassets in Resources */,
			);
			runOnlyForDeploymentPostprocessing = 0;
		};
/* End PBXResourcesBuildPhase section */

/* Begin PBXSourcesBuildPhase section */
		CED80C1824F2ADA20063F3DE /* Sources */ = {
			isa = PBXSourcesBuildPhase;
			buildActionMask = 2147483647;
			files = (
				CED2DD8C25879D0E00810596 /* nio.c in Sources */,
				CED2DD8825879D0E00810596 /* nnumber.c in Sources */,
				CED2DD8025879D0E00810596 /* NOSXAppDelegate.m in Sources */,
				CED2DD8E25879D0E00810596 /* nunicode.c in Sources */,
				CED2DD9125879D0E00810596 /* nenviron.c in Sources */,
				CED2DD9025879D0E00810596 /* naction.c in Sources */,
				CED2DD7B25879D0E00810596 /* nwidget.cpp in Sources */,
				CED2DD7F25879D0E00810596 /* NOSXViewController.m in Sources */,
				CED2DD8B25879D0E00810596 /* ntable.c in Sources */,
				CED2DD8725879D0E00810596 /* launch.cpp in Sources */,
				CED2DD9525879D0E00810596 /* nfuncs.cpp in Sources */,
				CED2DD7A25879D0E00810596 /* nref.cpp in Sources */,
				CED2DD8A25879D0E00810596 /* nstring.c in Sources */,
				CED2DD9425879D0E00810596 /* nlock.c in Sources */,
				CED2DD7E25879D0E00810596 /* nlaunch.c in Sources */,
				CED2DD9225879D0E00810596 /* ntypes.c in Sources */,
				CED80C2C24F2ADA30063F3DE /* main.m in Sources */,
				CED2DD9325879D0E00810596 /* ndata.c in Sources */,
				CED2DD8F25879D0E00810596 /* nmemory.c in Sources */,
				CED2DD8D25879D0E00810596 /* narray.c in Sources */,
				CED2DD8925879D0E00810596 /* niterator.c in Sources */,
				CED2DD8125879D0E00810596 /* NOSXWindowController.m in Sources */,
			);
			runOnlyForDeploymentPostprocessing = 0;
		};
/* End PBXSourcesBuildPhase section */

/* Begin XCBuildConfiguration section */
		CED80C2E24F2ADA30063F3DE /* Debug */ = {
			isa = XCBuildConfiguration;
			buildSettings = {
				ALWAYS_SEARCH_USER_PATHS = NO;
				CLANG_ANALYZER_NONNULL = YES;
				CLANG_ANALYZER_NUMBER_OBJECT_CONVERSION = YES_AGGRESSIVE;
				CLANG_CXX_LANGUAGE_STANDARD = "gnu++14";
				CLANG_CXX_LIBRARY = "libc++";
				CLANG_ENABLE_MODULES = YES;
				CLANG_ENABLE_OBJC_ARC = YES;
				CLANG_ENABLE_OBJC_WEAK = YES;
				CLANG_WARN_BLOCK_CAPTURE_AUTORELEASING = YES;
				CLANG_WARN_BOOL_CONVERSION = YES;
				CLANG_WARN_COMMA = YES;
				CLANG_WARN_CONSTANT_CONVERSION = YES;
				CLANG_WARN_DEPRECATED_OBJC_IMPLEMENTATIONS = YES;
				CLANG_WARN_DIRECT_OBJC_ISA_USAGE = YES_ERROR;
				CLANG_WARN_DOCUMENTATION_COMMENTS = YES;
				CLANG_WARN_EMPTY_BODY = YES;
				CLANG_WARN_ENUM_CONVERSION = YES;
				CLANG_WARN_INFINITE_RECURSION = YES;
				CLANG_WARN_INT_CONVERSION = YES;
				CLANG_WARN_NON_LITERAL_NULL_CONVERSION = YES;
				CLANG_WARN_OBJC_IMPLICIT_RETAIN_SELF = YES;
				CLANG_WARN_OBJC_LITERAL_CONVERSION = YES;
				CLANG_WARN_OBJC_ROOT_CLASS = YES_ERROR;
				CLANG_WARN_QUOTED_INCLUDE_IN_FRAMEWORK_HEADER = YES;
				CLANG_WARN_RANGE_LOOP_ANALYSIS = YES;
				CLANG_WARN_STRICT_PROTOTYPES = YES;
				CLANG_WARN_SUSPICIOUS_MOVE = YES;
				CLANG_WARN_UNGUARDED_AVAILABILITY = YES_AGGRESSIVE;
				CLANG_WARN_UNREACHABLE_CODE = YES;
				CLANG_WARN__DUPLICATE_METHOD_MATCH = YES;
				COPY_PHASE_STRIP = NO;
				DEBUG_INFORMATION_FORMAT = dwarf;
				ENABLE_STRICT_OBJC_MSGSEND = YES;
				ENABLE_TESTABILITY = YES;
				GCC_C_LANGUAGE_STANDARD = gnu11;
				GCC_DYNAMIC_NO_PIC = NO;
				GCC_NO_COMMON_BLOCKS = YES;
				GCC_OPTIMIZATION_LEVEL = 0;
				GCC_PREPROCESSOR_DEFINITIONS = (
					"DEBUG=1",
					"$(inherited)",
				);
				GCC_WARN_64_TO_32_BIT_CONVERSION = YES;
				GCC_WARN_ABOUT_RETURN_TYPE = YES_ERROR;
				GCC_WARN_UNDECLARED_SELECTOR = YES;
				GCC_WARN_UNINITIALIZED_AUTOS = YES_AGGRESSIVE;
				GCC_WARN_UNUSED_FUNCTION = YES;
				GCC_WARN_UNUSED_VARIABLE = YES;
				MACOSX_DEPLOYMENT_TARGET = 10.15;
				MTL_ENABLE_DEBUG_INFO = INCLUDE_SOURCE;
				MTL_FAST_MATH = YES;
				ONLY_ACTIVE_ARCH = YES;
				SDKROOT = macosx;
			};
			name = Debug;
		};
		CED80C2F24F2ADA30063F3DE /* Release */ = {
			isa = XCBuildConfiguration;
			buildSettings = {
				ALWAYS_SEARCH_USER_PATHS = NO;
				CLANG_ANALYZER_NONNULL = YES;
				CLANG_ANALYZER_NUMBER_OBJECT_CONVERSION = YES_AGGRESSIVE;
				CLANG_CXX_LANGUAGE_STANDARD = "gnu++14";
				CLANG_CXX_LIBRARY = "libc++";
				CLANG_ENABLE_MODULES = YES;
				CLANG_ENABLE_OBJC_ARC = YES;
				CLANG_ENABLE_OBJC_WEAK = YES;
				CLANG_WARN_BLOCK_CAPTURE_AUTORELEASING = YES;
				CLANG_WARN_BOOL_CONVERSION = YES;
				CLANG_WARN_COMMA = YES;
				CLANG_WARN_CONSTANT_CONVERSION = YES;
				CLANG_WARN_DEPRECATED_OBJC_IMPLEMENTATIONS = YES;
				CLANG_WARN_DIRECT_OBJC_ISA_USAGE = YES_ERROR;
				CLANG_WARN_DOCUMENTATION_COMMENTS = YES;
				CLANG_WARN_EMPTY_BODY = YES;
				CLANG_WARN_ENUM_CONVERSION = YES;
				CLANG_WARN_INFINITE_RECURSION = YES;
				CLANG_WARN_INT_CONVERSION = YES;
				CLANG_WARN_NON_LITERAL_NULL_CONVERSION = YES;
				CLANG_WARN_OBJC_IMPLICIT_RETAIN_SELF = YES;
				CLANG_WARN_OBJC_LITERAL_CONVERSION = YES;
				CLANG_WARN_OBJC_ROOT_CLASS = YES_ERROR;
				CLANG_WARN_QUOTED_INCLUDE_IN_FRAMEWORK_HEADER = YES;
				CLANG_WARN_RANGE_LOOP_ANALYSIS = YES;
				CLANG_WARN_STRICT_PROTOTYPES = YES;
				CLANG_WARN_SUSPICIOUS_MOVE = YES;
				CLANG_WARN_UNGUARDED_AVAILABILITY = YES_AGGRESSIVE;
				CLANG_WARN_UNREACHABLE_CODE = YES;
				CLANG_WARN__DUPLICATE_METHOD_MATCH = YES;
				COPY_PHASE_STRIP = NO;
				DEBUG_INFORMATION_FORMAT = "dwarf-with-dsym";
				ENABLE_NS_ASSERTIONS = NO;
				ENABLE_STRICT_OBJC_MSGSEND = YES;
				GCC_C_LANGUAGE_STANDARD = gnu11;
				GCC_NO_COMMON_BLOCKS = YES;
				GCC_WARN_64_TO_32_BIT_CONVERSION = YES;
				GCC_WARN_ABOUT_RETURN_TYPE = YES_ERROR;
				GCC_WARN_UNDECLARED_SELECTOR = YES;
				GCC_WARN_UNINITIALIZED_AUTOS = YES_AGGRESSIVE;
				GCC_WARN_UNUSED_FUNCTION = YES;
				GCC_WARN_UNUSED_VARIABLE = YES;
				MACOSX_DEPLOYMENT_TARGET = 10.15;
				MTL_ENABLE_DEBUG_INFO = NO;
				MTL_FAST_MATH = YES;
				SDKROOT = macosx;
			};
			name = Release;
		};
		CED80C3124F2ADA30063F3DE /* Debug */ = {
			isa = XCBuildConfiguration;
			buildSettings = {
				ASSETCATALOG_COMPILER_APPICON_NAME = AppIcon;
				CODE_SIGN_ENTITLEMENTS = program/program.entitlements;
				CODE_SIGN_IDENTITY = "-";
				CODE_SIGN_STYLE = Automatic;
				COMBINE_HIDPI_IMAGES = YES;
				HEADER_SEARCH_PATHS = "$(SRCROOT)/../HEADERS";
				INFOPLIST_FILE = program/Info.plist;
				LD_RUNPATH_SEARCH_PATHS = (
					"$(inherited)",
					"@executable_path/../Frameworks",
				);
				PRODUCT_BUNDLE_IDENTIFIER = me.wzsayiie.app.osx;
				PRODUCT_NAME = "$(TARGET_NAME)";
			};
			name = Debug;
		};
		CED80C3224F2ADA30063F3DE /* Release */ = {
			isa = XCBuildConfiguration;
			buildSettings = {
				ASSETCATALOG_COMPILER_APPICON_NAME = AppIcon;
				CODE_SIGN_ENTITLEMENTS = program/program.entitlements;
				CODE_SIGN_IDENTITY = "-";
				CODE_SIGN_STYLE = Automatic;
				COMBINE_HIDPI_IMAGES = YES;
				HEADER_SEARCH_PATHS = "$(SRCROOT)/../HEADERS";
				INFOPLIST_FILE = program/Info.plist;
				LD_RUNPATH_SEARCH_PATHS = (
					"$(inherited)",
					"@executable_path/../Frameworks",
				);
				PRODUCT_BUNDLE_IDENTIFIER = me.wzsayiie.app.osx;
				PRODUCT_NAME = "$(TARGET_NAME)";
			};
			name = Release;
		};
/* End XCBuildConfiguration section */

/* Begin XCConfigurationList section */
		CED80C1724F2ADA20063F3DE /* Build configuration list for PBXProject "program_osx" */ = {
			isa = XCConfigurationList;
			buildConfigurations = (
				CED80C2E24F2ADA30063F3DE /* Debug */,
				CED80C2F24F2ADA30063F3DE /* Release */,
			);
			defaultConfigurationIsVisible = 0;
			defaultConfigurationName = Release;
		};
		CED80C3024F2ADA30063F3DE /* Build configuration list for PBXNativeTarget "program" */ = {
			isa = XCConfigurationList;
			buildConfigurations = (
				CED80C3124F2ADA30063F3DE /* Debug */,
				CED80C3224F2ADA30063F3DE /* Release */,
			);
			defaultConfigurationIsVisible = 0;
			defaultConfigurationName = Release;
		};
/* End XCConfigurationList section */
	};
	rootObject = CED80C1424F2ADA20063F3DE /* Project object */;
}
